
Microsoft Visual Studio Solution File, Format Version 12.00
# Visual Studio 2012
Project("{FAE04EC0-301F-11D3-BF4B-00C04F79EFBC}") = "MK.Booking.PostSharp", "MK.Booking.PostSharp\MK.Booking.PostSharp.csproj", "{900A116F-10D3-465D-AB3F-22518848D472}"
EndProject
Project("{FAE04EC0-301F-11D3-BF4B-00C04F79EFBC}") = "MK.Booking.IBS.WebServices", "MK.Booking.IBS.WebServices\MK.Booking.IBS.WebServices.csproj", "{7B223D35-2D7D-44B4-9EA9-A64E1AED5C65}"
EndProject
Project("{FAE04EC0-301F-11D3-BF4B-00C04F79EFBC}") = "MK.Booking.IBS.WebServices.Test", "MK.Booking.IBS.WebServices.Test\MK.Booking.IBS.WebServices.Test.csproj", "{5E20ACF6-AC1C-4D2D-9D23-2076A443DB73}"
EndProject
Global
	GlobalSection(SolutionConfigurationPlatforms) = preSolution
		Debug|Any CPU = Debug|Any CPU
		Release|Any CPU = Release|Any CPU
	EndGlobalSection
	GlobalSection(ProjectConfigurationPlatforms) = postSolution
		{900A116F-10D3-465D-AB3F-22518848D472}.Debug|Any CPU.ActiveCfg = Debug|Any CPU
		{900A116F-10D3-465D-AB3F-22518848D472}.Debug|Any CPU.Build.0 = Debug|Any CPU
		{900A116F-10D3-465D-AB3F-22518848D472}.Release|Any CPU.ActiveCfg = Release|Any CPU
		{900A116F-10D3-465D-AB3F-22518848D472}.Release|Any CPU.Build.0 = Release|Any CPU
		{7B223D35-2D7D-44B4-9EA9-A64E1AED5C65}.Debug|Any CPU.ActiveCfg = Debug|Any CPU
		{7B223D35-2D7D-44B4-9EA9-A64E1AED5C65}.Debug|Any CPU.Build.0 = Debug|Any CPU
		{7B223D35-2D7D-44B4-9EA9-A64E1AED5C65}.Release|Any CPU.ActiveCfg = Release|Any CPU
		{7B223D35-2D7D-44B4-9EA9-A64E1AED5C65}.Release|Any CPU.Build.0 = Release|Any CPU
		{5E20ACF6-AC1C-4D2D-9D23-2076A443DB73}.Debug|Any CPU.ActiveCfg = Debug|Any CPU
		{5E20ACF6-AC1C-4D2D-9D23-2076A443DB73}.Debug|Any CPU.Build.0 = Debug|Any CPU
		{5E20ACF6-AC1C-4D2D-9D23-2076A443DB73}.Release|Any CPU.ActiveCfg = Release|Any CPU
		{5E20ACF6-AC1C-4D2D-9D23-2076A443DB73}.Release|Any CPU.Build.0 = Release|Any CPU
	EndGlobalSection
	GlobalSection(SolutionProperties) = preSolution
		HideSolutionNode = FALSE
	EndGlobalSection
EndGlobal
