
Microsoft Visual Studio Solution File, Format Version 11.00
# Visual Studio 2010
Project("{2150E333-8FDC-42A3-9474-1A3956D46DE8}") = "Infrastructure", "Infrastructure", "{14455101-7665-4CD6-A9F7-235BF1C50A6E}"
EndProject
Project("{2150E333-8FDC-42A3-9474-1A3956D46DE8}") = "Azure", "Azure", "{65F8047F-E3E6-4B2E-858C-1BE95C38FDFA}"
	ProjectSection(SolutionItems) = preProject
		Infrastructure\Azure\Settings.Template.xml = Infrastructure\Azure\Settings.Template.xml
	EndProjectSection
EndProject
Project("{2150E333-8FDC-42A3-9474-1A3956D46DE8}") = "Sql", "Sql", "{4C72F685-CBCF-4D77-B44C-5A661A8235AB}"
EndProject
Project("{FAE04EC0-301F-11D3-BF4B-00C04F79EFBC}") = "Infrastructure", "Infrastructure\Infrastructure\Infrastructure.csproj", "{B5786D07-5888-4DF5-B295-3FEA593F3BFE}"
EndProject
Project("{FAE04EC0-301F-11D3-BF4B-00C04F79EFBC}") = "Infrastructure.Azure", "Infrastructure\Azure\Infrastructure.Azure\Infrastructure.Azure.csproj", "{56A53790-2571-4EA6-8742-2FA00E893B21}"
EndProject
Project("{FAE04EC0-301F-11D3-BF4B-00C04F79EFBC}") = "Infrastructure.Azure.Tests", "Infrastructure\Azure\Infrastructure.Azure.Tests\Infrastructure.Azure.Tests.csproj", "{60AF76A9-0891-400F-8F87-A5978D3F3744}"
EndProject
Project("{FAE04EC0-301F-11D3-BF4B-00C04F79EFBC}") = "Infrastructure.Azure.IntegrationTests", "Infrastructure\Azure\Infrastructure.Azure.IntegrationTests\Infrastructure.Azure.IntegrationTests.csproj", "{85C85861-B89C-44E8-94DB-90B5751B3781}"
EndProject
Project("{FAE04EC0-301F-11D3-BF4B-00C04F79EFBC}") = "Infrastructure.Sql", "Infrastructure\Sql\Infrastructure.Sql\Infrastructure.Sql.csproj", "{F038F286-5AEF-4341-83EC-9F72F42D06D6}"
EndProject
Project("{FAE04EC0-301F-11D3-BF4B-00C04F79EFBC}") = "Infrastructure.Sql.IntegrationTests", "Infrastructure\Sql\Infrastructure.Sql.IntegrationTests\Infrastructure.Sql.IntegrationTests.csproj", "{8BE0E22D-C2D7-4E1A-8F6D-7FC7A9CB049D}"
EndProject
Project("{FAE04EC0-301F-11D3-BF4B-00C04F79EFBC}") = "WorkerRoleCommandProcessor", "WorkerRoleCommandProcessor\WorkerRoleCommandProcessor.csproj", "{8D856E0A-17CC-42FC-9F18-32D20EF0C53A}"
EndProject
Project("{2150E333-8FDC-42A3-9474-1A3956D46DE8}") = "MK.Booking", "MK.Booking", "{853645BA-A2C2-4E59-B65E-70A64FB59904}"
EndProject
Project("{FAE04EC0-301F-11D3-BF4B-00C04F79EFBC}") = "MK.Booking.Commands", "MK.Booking\MK.Booking.Commands\MK.Booking.Commands.csproj", "{20AEA350-AD91-4053-A8B5-582E13ED43AA}"
EndProject
Project("{FAE04EC0-301F-11D3-BF4B-00C04F79EFBC}") = "MK.Booking.Events", "MK.Booking\MK.Booking.Events\MK.Booking.Events.csproj", "{1D5CC591-D706-4F4E-B4BD-805A191999D7}"
EndProject
Project("{FAE04EC0-301F-11D3-BF4B-00C04F79EFBC}") = "MK.Booking", "MK.Booking\MK.Booking\MK.Booking.csproj", "{BAF90740-9220-4BB0-B857-1E5927E464E9}"
EndProject
Project("{FAE04EC0-301F-11D3-BF4B-00C04F79EFBC}") = "MK.Booking.Test", "MK.Booking\MK.Booking.Test\MK.Booking.Test.csproj", "{2AD48D85-462D-4763-8016-A2AA10F185A7}"
EndProject
Project("{FAE04EC0-301F-11D3-BF4B-00C04F79EFBC}") = "MK.Common", "MK.Common\MK.Common.csproj", "{65033050-1D55-465A-A772-F3192F9E2428}"
EndProject
Project("{FAE04EC0-301F-11D3-BF4B-00C04F79EFBC}") = "DatabaseInitializer", "DatabaseInitializer\DatabaseInitializer.csproj", "{51717880-85AA-4BCB-AE92-8EDF27E37DFB}"
EndProject
Project("{FAE04EC0-301F-11D3-BF4B-00C04F79EFBC}") = "apcurium.MK.Web", "apcurium.MK.Web\apcurium.MK.Web.csproj", "{F4FEEEC1-E216-406E-A77A-30DD4CEAD773}"
EndProject
Project("{FAE04EC0-301F-11D3-BF4B-00C04F79EFBC}") = "MK.Booking.Api", "MK.Booking.Api\MK.Booking.Api.csproj", "{1A931A36-D855-4A7A-AD0F-1B35D76582F3}"
EndProject
Project("{FAE04EC0-301F-11D3-BF4B-00C04F79EFBC}") = "apcurium.MK.Web.Tests", "apcurium.MK.Web.Tests\apcurium.MK.Web.Tests.csproj", "{9C75BF3A-6A8B-44CA-B010-727ACD40F677}"
EndProject
Project("{FAE04EC0-301F-11D3-BF4B-00C04F79EFBC}") = "MK.Booking.Api.Contract", "MK.Booking.Api.Contract\MK.Booking.Api.Contract.csproj", "{1DD86EC1-75F9-4A57-A8D6-18248048F571}"
EndProject
Project("{FAE04EC0-301F-11D3-BF4B-00C04F79EFBC}") = "MK.Booking.Api.Client", "MK.Booking.Api.Client\MK.Booking.Api.Client.csproj", "{304F8E9E-0E9C-40F4-81FB-E7558286C5C1}"
EndProject
Project("{FAE04EC0-301F-11D3-BF4B-00C04F79EFBC}") = "MK.Booking.IBS", "MK.Booking.IBS\MK.Booking.IBS.csproj", "{7B615EA9-4232-4FFB-B66C-AC7B833973C9}"
EndProject
Project("{FAE04EC0-301F-11D3-BF4B-00C04F79EFBC}") = "apcurium.MK.Web.SelfHost", "apcurium.MK.Web.SelfHost\apcurium.MK.Web.SelfHost.csproj", "{26C054F2-4984-4FE5-811C-4D94EF7EAE15}"
EndProject
Project("{2150E333-8FDC-42A3-9474-1A3956D46DE8}") = "MK.Booking.Api", "MK.Booking.Api", "{93E0C6A9-6CE1-4A23-92FB-BAEF00EC15C2}"
EndProject
Project("{2150E333-8FDC-42A3-9474-1A3956D46DE8}") = "MK.Booking.Tests", "MK.Booking.Tests", "{E0F34126-87A5-46FA-AE8A-6EEEC29C7B79}"
EndProject
Global
	GlobalSection(SolutionConfigurationPlatforms) = preSolution
		Debug|Any CPU = Debug|Any CPU
		Debug|Mixed Platforms = Debug|Mixed Platforms
		Debug|x86 = Debug|x86
		DebugLocal|Any CPU = DebugLocal|Any CPU
		DebugLocal|Mixed Platforms = DebugLocal|Mixed Platforms
		DebugLocal|x86 = DebugLocal|x86
		Release|Any CPU = Release|Any CPU
		Release|Mixed Platforms = Release|Mixed Platforms
		Release|x86 = Release|x86
	EndGlobalSection
	GlobalSection(ProjectConfigurationPlatforms) = postSolution
		{B5786D07-5888-4DF5-B295-3FEA593F3BFE}.Debug|Any CPU.ActiveCfg = Debug|Any CPU
		{B5786D07-5888-4DF5-B295-3FEA593F3BFE}.Debug|Any CPU.Build.0 = Debug|Any CPU
		{B5786D07-5888-4DF5-B295-3FEA593F3BFE}.Debug|Mixed Platforms.ActiveCfg = Debug|Any CPU
		{B5786D07-5888-4DF5-B295-3FEA593F3BFE}.Debug|Mixed Platforms.Build.0 = Debug|Any CPU
		{B5786D07-5888-4DF5-B295-3FEA593F3BFE}.Debug|x86.ActiveCfg = Debug|Any CPU
		{B5786D07-5888-4DF5-B295-3FEA593F3BFE}.DebugLocal|Any CPU.ActiveCfg = Debug|Any CPU
		{B5786D07-5888-4DF5-B295-3FEA593F3BFE}.DebugLocal|Any CPU.Build.0 = Debug|Any CPU
		{B5786D07-5888-4DF5-B295-3FEA593F3BFE}.DebugLocal|Mixed Platforms.ActiveCfg = Debug|Any CPU
		{B5786D07-5888-4DF5-B295-3FEA593F3BFE}.DebugLocal|Mixed Platforms.Build.0 = Debug|Any CPU
		{B5786D07-5888-4DF5-B295-3FEA593F3BFE}.DebugLocal|x86.ActiveCfg = Debug|Any CPU
		{B5786D07-5888-4DF5-B295-3FEA593F3BFE}.Release|Any CPU.ActiveCfg = Release|Any CPU
		{B5786D07-5888-4DF5-B295-3FEA593F3BFE}.Release|Any CPU.Build.0 = Release|Any CPU
		{B5786D07-5888-4DF5-B295-3FEA593F3BFE}.Release|Mixed Platforms.ActiveCfg = Release|Any CPU
		{B5786D07-5888-4DF5-B295-3FEA593F3BFE}.Release|Mixed Platforms.Build.0 = Release|Any CPU
		{B5786D07-5888-4DF5-B295-3FEA593F3BFE}.Release|x86.ActiveCfg = Release|Any CPU
		{56A53790-2571-4EA6-8742-2FA00E893B21}.Debug|Any CPU.ActiveCfg = Debug|Any CPU
		{56A53790-2571-4EA6-8742-2FA00E893B21}.Debug|Any CPU.Build.0 = Debug|Any CPU
		{56A53790-2571-4EA6-8742-2FA00E893B21}.Debug|Mixed Platforms.ActiveCfg = Debug|Any CPU
		{56A53790-2571-4EA6-8742-2FA00E893B21}.Debug|Mixed Platforms.Build.0 = Debug|Any CPU
		{56A53790-2571-4EA6-8742-2FA00E893B21}.Debug|x86.ActiveCfg = Debug|Any CPU
		{56A53790-2571-4EA6-8742-2FA00E893B21}.DebugLocal|Any CPU.ActiveCfg = Debug|Any CPU
		{56A53790-2571-4EA6-8742-2FA00E893B21}.DebugLocal|Any CPU.Build.0 = Debug|Any CPU
		{56A53790-2571-4EA6-8742-2FA00E893B21}.DebugLocal|Mixed Platforms.ActiveCfg = Debug|Any CPU
		{56A53790-2571-4EA6-8742-2FA00E893B21}.DebugLocal|Mixed Platforms.Build.0 = Debug|Any CPU
		{56A53790-2571-4EA6-8742-2FA00E893B21}.DebugLocal|x86.ActiveCfg = Debug|Any CPU
		{56A53790-2571-4EA6-8742-2FA00E893B21}.Release|Any CPU.ActiveCfg = Release|Any CPU
		{56A53790-2571-4EA6-8742-2FA00E893B21}.Release|Any CPU.Build.0 = Release|Any CPU
		{56A53790-2571-4EA6-8742-2FA00E893B21}.Release|Mixed Platforms.ActiveCfg = Release|Any CPU
		{56A53790-2571-4EA6-8742-2FA00E893B21}.Release|Mixed Platforms.Build.0 = Release|Any CPU
		{56A53790-2571-4EA6-8742-2FA00E893B21}.Release|x86.ActiveCfg = Release|Any CPU
		{60AF76A9-0891-400F-8F87-A5978D3F3744}.Debug|Any CPU.ActiveCfg = Debug|Any CPU
		{60AF76A9-0891-400F-8F87-A5978D3F3744}.Debug|Any CPU.Build.0 = Debug|Any CPU
		{60AF76A9-0891-400F-8F87-A5978D3F3744}.Debug|Mixed Platforms.ActiveCfg = Debug|Any CPU
		{60AF76A9-0891-400F-8F87-A5978D3F3744}.Debug|Mixed Platforms.Build.0 = Debug|Any CPU
		{60AF76A9-0891-400F-8F87-A5978D3F3744}.Debug|x86.ActiveCfg = Debug|Any CPU
		{60AF76A9-0891-400F-8F87-A5978D3F3744}.DebugLocal|Any CPU.ActiveCfg = Debug|Any CPU
		{60AF76A9-0891-400F-8F87-A5978D3F3744}.DebugLocal|Any CPU.Build.0 = Debug|Any CPU
		{60AF76A9-0891-400F-8F87-A5978D3F3744}.DebugLocal|Mixed Platforms.ActiveCfg = Debug|Any CPU
		{60AF76A9-0891-400F-8F87-A5978D3F3744}.DebugLocal|Mixed Platforms.Build.0 = Debug|Any CPU
		{60AF76A9-0891-400F-8F87-A5978D3F3744}.DebugLocal|x86.ActiveCfg = Debug|Any CPU
		{60AF76A9-0891-400F-8F87-A5978D3F3744}.Release|Any CPU.ActiveCfg = Release|Any CPU
		{60AF76A9-0891-400F-8F87-A5978D3F3744}.Release|Any CPU.Build.0 = Release|Any CPU
		{60AF76A9-0891-400F-8F87-A5978D3F3744}.Release|Mixed Platforms.ActiveCfg = Release|Any CPU
		{60AF76A9-0891-400F-8F87-A5978D3F3744}.Release|Mixed Platforms.Build.0 = Release|Any CPU
		{60AF76A9-0891-400F-8F87-A5978D3F3744}.Release|x86.ActiveCfg = Release|Any CPU
		{85C85861-B89C-44E8-94DB-90B5751B3781}.Debug|Any CPU.ActiveCfg = Debug|Any CPU
		{85C85861-B89C-44E8-94DB-90B5751B3781}.Debug|Any CPU.Build.0 = Debug|Any CPU
		{85C85861-B89C-44E8-94DB-90B5751B3781}.Debug|Mixed Platforms.ActiveCfg = Debug|Any CPU
		{85C85861-B89C-44E8-94DB-90B5751B3781}.Debug|Mixed Platforms.Build.0 = Debug|Any CPU
		{85C85861-B89C-44E8-94DB-90B5751B3781}.Debug|x86.ActiveCfg = Debug|Any CPU
		{85C85861-B89C-44E8-94DB-90B5751B3781}.DebugLocal|Any CPU.ActiveCfg = Debug|Any CPU
		{85C85861-B89C-44E8-94DB-90B5751B3781}.DebugLocal|Any CPU.Build.0 = Debug|Any CPU
		{85C85861-B89C-44E8-94DB-90B5751B3781}.DebugLocal|Mixed Platforms.ActiveCfg = Debug|Any CPU
		{85C85861-B89C-44E8-94DB-90B5751B3781}.DebugLocal|Mixed Platforms.Build.0 = Debug|Any CPU
		{85C85861-B89C-44E8-94DB-90B5751B3781}.DebugLocal|x86.ActiveCfg = Debug|Any CPU
		{85C85861-B89C-44E8-94DB-90B5751B3781}.Release|Any CPU.ActiveCfg = Release|Any CPU
		{85C85861-B89C-44E8-94DB-90B5751B3781}.Release|Any CPU.Build.0 = Release|Any CPU
		{85C85861-B89C-44E8-94DB-90B5751B3781}.Release|Mixed Platforms.ActiveCfg = Release|Any CPU
		{85C85861-B89C-44E8-94DB-90B5751B3781}.Release|Mixed Platforms.Build.0 = Release|Any CPU
		{85C85861-B89C-44E8-94DB-90B5751B3781}.Release|x86.ActiveCfg = Release|Any CPU
		{F038F286-5AEF-4341-83EC-9F72F42D06D6}.Debug|Any CPU.ActiveCfg = Debug|Any CPU
		{F038F286-5AEF-4341-83EC-9F72F42D06D6}.Debug|Any CPU.Build.0 = Debug|Any CPU
		{F038F286-5AEF-4341-83EC-9F72F42D06D6}.Debug|Mixed Platforms.ActiveCfg = Debug|Any CPU
		{F038F286-5AEF-4341-83EC-9F72F42D06D6}.Debug|Mixed Platforms.Build.0 = Debug|Any CPU
		{F038F286-5AEF-4341-83EC-9F72F42D06D6}.Debug|x86.ActiveCfg = Debug|Any CPU
		{F038F286-5AEF-4341-83EC-9F72F42D06D6}.DebugLocal|Any CPU.ActiveCfg = Debug|Any CPU
		{F038F286-5AEF-4341-83EC-9F72F42D06D6}.DebugLocal|Any CPU.Build.0 = Debug|Any CPU
		{F038F286-5AEF-4341-83EC-9F72F42D06D6}.DebugLocal|Mixed Platforms.ActiveCfg = Debug|Any CPU
		{F038F286-5AEF-4341-83EC-9F72F42D06D6}.DebugLocal|Mixed Platforms.Build.0 = Debug|Any CPU
		{F038F286-5AEF-4341-83EC-9F72F42D06D6}.DebugLocal|x86.ActiveCfg = Debug|Any CPU
		{F038F286-5AEF-4341-83EC-9F72F42D06D6}.Release|Any CPU.ActiveCfg = Release|Any CPU
		{F038F286-5AEF-4341-83EC-9F72F42D06D6}.Release|Any CPU.Build.0 = Release|Any CPU
		{F038F286-5AEF-4341-83EC-9F72F42D06D6}.Release|Mixed Platforms.ActiveCfg = Release|Any CPU
		{F038F286-5AEF-4341-83EC-9F72F42D06D6}.Release|Mixed Platforms.Build.0 = Release|Any CPU
		{F038F286-5AEF-4341-83EC-9F72F42D06D6}.Release|x86.ActiveCfg = Release|Any CPU
		{8BE0E22D-C2D7-4E1A-8F6D-7FC7A9CB049D}.Debug|Any CPU.ActiveCfg = Debug|Any CPU
		{8BE0E22D-C2D7-4E1A-8F6D-7FC7A9CB049D}.Debug|Any CPU.Build.0 = Debug|Any CPU
		{8BE0E22D-C2D7-4E1A-8F6D-7FC7A9CB049D}.Debug|Mixed Platforms.ActiveCfg = Debug|Any CPU
		{8BE0E22D-C2D7-4E1A-8F6D-7FC7A9CB049D}.Debug|Mixed Platforms.Build.0 = Debug|Any CPU
		{8BE0E22D-C2D7-4E1A-8F6D-7FC7A9CB049D}.Debug|x86.ActiveCfg = Debug|Any CPU
		{8BE0E22D-C2D7-4E1A-8F6D-7FC7A9CB049D}.DebugLocal|Any CPU.ActiveCfg = Debug|Any CPU
		{8BE0E22D-C2D7-4E1A-8F6D-7FC7A9CB049D}.DebugLocal|Any CPU.Build.0 = Debug|Any CPU
		{8BE0E22D-C2D7-4E1A-8F6D-7FC7A9CB049D}.DebugLocal|Mixed Platforms.ActiveCfg = Debug|Any CPU
		{8BE0E22D-C2D7-4E1A-8F6D-7FC7A9CB049D}.DebugLocal|Mixed Platforms.Build.0 = Debug|Any CPU
		{8BE0E22D-C2D7-4E1A-8F6D-7FC7A9CB049D}.DebugLocal|x86.ActiveCfg = Debug|Any CPU
		{8BE0E22D-C2D7-4E1A-8F6D-7FC7A9CB049D}.Release|Any CPU.ActiveCfg = Release|Any CPU
		{8BE0E22D-C2D7-4E1A-8F6D-7FC7A9CB049D}.Release|Any CPU.Build.0 = Release|Any CPU
		{8BE0E22D-C2D7-4E1A-8F6D-7FC7A9CB049D}.Release|Mixed Platforms.ActiveCfg = Release|Any CPU
		{8BE0E22D-C2D7-4E1A-8F6D-7FC7A9CB049D}.Release|Mixed Platforms.Build.0 = Release|Any CPU
		{8BE0E22D-C2D7-4E1A-8F6D-7FC7A9CB049D}.Release|x86.ActiveCfg = Release|Any CPU
		{8D856E0A-17CC-42FC-9F18-32D20EF0C53A}.Debug|Any CPU.ActiveCfg = Debug|Any CPU
		{8D856E0A-17CC-42FC-9F18-32D20EF0C53A}.Debug|Any CPU.Build.0 = Debug|Any CPU
		{8D856E0A-17CC-42FC-9F18-32D20EF0C53A}.Debug|Mixed Platforms.ActiveCfg = Debug|Any CPU
		{8D856E0A-17CC-42FC-9F18-32D20EF0C53A}.Debug|Mixed Platforms.Build.0 = Debug|Any CPU
		{8D856E0A-17CC-42FC-9F18-32D20EF0C53A}.Debug|x86.ActiveCfg = Debug|Any CPU
		{8D856E0A-17CC-42FC-9F18-32D20EF0C53A}.DebugLocal|Any CPU.ActiveCfg = DebugLocal|Any CPU
		{8D856E0A-17CC-42FC-9F18-32D20EF0C53A}.DebugLocal|Any CPU.Build.0 = DebugLocal|Any CPU
		{8D856E0A-17CC-42FC-9F18-32D20EF0C53A}.DebugLocal|Mixed Platforms.ActiveCfg = DebugLocal|Any CPU
		{8D856E0A-17CC-42FC-9F18-32D20EF0C53A}.DebugLocal|Mixed Platforms.Build.0 = DebugLocal|Any CPU
		{8D856E0A-17CC-42FC-9F18-32D20EF0C53A}.DebugLocal|x86.ActiveCfg = DebugLocal|Any CPU
		{8D856E0A-17CC-42FC-9F18-32D20EF0C53A}.Release|Any CPU.ActiveCfg = Release|Any CPU
		{8D856E0A-17CC-42FC-9F18-32D20EF0C53A}.Release|Any CPU.Build.0 = Release|Any CPU
		{8D856E0A-17CC-42FC-9F18-32D20EF0C53A}.Release|Mixed Platforms.ActiveCfg = Release|Any CPU
		{8D856E0A-17CC-42FC-9F18-32D20EF0C53A}.Release|Mixed Platforms.Build.0 = Release|Any CPU
		{8D856E0A-17CC-42FC-9F18-32D20EF0C53A}.Release|x86.ActiveCfg = Release|Any CPU
		{20AEA350-AD91-4053-A8B5-582E13ED43AA}.Debug|Any CPU.ActiveCfg = Debug|Any CPU
		{20AEA350-AD91-4053-A8B5-582E13ED43AA}.Debug|Any CPU.Build.0 = Debug|Any CPU
		{20AEA350-AD91-4053-A8B5-582E13ED43AA}.Debug|Mixed Platforms.ActiveCfg = Debug|Any CPU
		{20AEA350-AD91-4053-A8B5-582E13ED43AA}.Debug|Mixed Platforms.Build.0 = Debug|Any CPU
		{20AEA350-AD91-4053-A8B5-582E13ED43AA}.Debug|x86.ActiveCfg = Debug|Any CPU
		{20AEA350-AD91-4053-A8B5-582E13ED43AA}.DebugLocal|Any CPU.ActiveCfg = Debug|Any CPU
		{20AEA350-AD91-4053-A8B5-582E13ED43AA}.DebugLocal|Any CPU.Build.0 = Debug|Any CPU
		{20AEA350-AD91-4053-A8B5-582E13ED43AA}.DebugLocal|Mixed Platforms.ActiveCfg = Debug|Any CPU
		{20AEA350-AD91-4053-A8B5-582E13ED43AA}.DebugLocal|Mixed Platforms.Build.0 = Debug|Any CPU
		{20AEA350-AD91-4053-A8B5-582E13ED43AA}.DebugLocal|x86.ActiveCfg = Debug|Any CPU
		{20AEA350-AD91-4053-A8B5-582E13ED43AA}.Release|Any CPU.ActiveCfg = Release|Any CPU
		{20AEA350-AD91-4053-A8B5-582E13ED43AA}.Release|Any CPU.Build.0 = Release|Any CPU
		{20AEA350-AD91-4053-A8B5-582E13ED43AA}.Release|Mixed Platforms.ActiveCfg = Release|Any CPU
		{20AEA350-AD91-4053-A8B5-582E13ED43AA}.Release|Mixed Platforms.Build.0 = Release|Any CPU
		{20AEA350-AD91-4053-A8B5-582E13ED43AA}.Release|x86.ActiveCfg = Release|Any CPU
		{1D5CC591-D706-4F4E-B4BD-805A191999D7}.Debug|Any CPU.ActiveCfg = Debug|Any CPU
		{1D5CC591-D706-4F4E-B4BD-805A191999D7}.Debug|Any CPU.Build.0 = Debug|Any CPU
		{1D5CC591-D706-4F4E-B4BD-805A191999D7}.Debug|Mixed Platforms.ActiveCfg = Debug|Any CPU
		{1D5CC591-D706-4F4E-B4BD-805A191999D7}.Debug|Mixed Platforms.Build.0 = Debug|Any CPU
		{1D5CC591-D706-4F4E-B4BD-805A191999D7}.Debug|x86.ActiveCfg = Debug|Any CPU
		{1D5CC591-D706-4F4E-B4BD-805A191999D7}.DebugLocal|Any CPU.ActiveCfg = Debug|Any CPU
		{1D5CC591-D706-4F4E-B4BD-805A191999D7}.DebugLocal|Any CPU.Build.0 = Debug|Any CPU
		{1D5CC591-D706-4F4E-B4BD-805A191999D7}.DebugLocal|Mixed Platforms.ActiveCfg = Debug|Any CPU
		{1D5CC591-D706-4F4E-B4BD-805A191999D7}.DebugLocal|Mixed Platforms.Build.0 = Debug|Any CPU
		{1D5CC591-D706-4F4E-B4BD-805A191999D7}.DebugLocal|x86.ActiveCfg = Debug|Any CPU
		{1D5CC591-D706-4F4E-B4BD-805A191999D7}.Release|Any CPU.ActiveCfg = Release|Any CPU
		{1D5CC591-D706-4F4E-B4BD-805A191999D7}.Release|Any CPU.Build.0 = Release|Any CPU
		{1D5CC591-D706-4F4E-B4BD-805A191999D7}.Release|Mixed Platforms.ActiveCfg = Release|Any CPU
		{1D5CC591-D706-4F4E-B4BD-805A191999D7}.Release|Mixed Platforms.Build.0 = Release|Any CPU
		{1D5CC591-D706-4F4E-B4BD-805A191999D7}.Release|x86.ActiveCfg = Release|Any CPU
		{BAF90740-9220-4BB0-B857-1E5927E464E9}.Debug|Any CPU.ActiveCfg = Debug|Any CPU
		{BAF90740-9220-4BB0-B857-1E5927E464E9}.Debug|Any CPU.Build.0 = Debug|Any CPU
		{BAF90740-9220-4BB0-B857-1E5927E464E9}.Debug|Mixed Platforms.ActiveCfg = Debug|Any CPU
		{BAF90740-9220-4BB0-B857-1E5927E464E9}.Debug|Mixed Platforms.Build.0 = Debug|Any CPU
		{BAF90740-9220-4BB0-B857-1E5927E464E9}.Debug|x86.ActiveCfg = Debug|Any CPU
		{BAF90740-9220-4BB0-B857-1E5927E464E9}.DebugLocal|Any CPU.ActiveCfg = Debug|Any CPU
		{BAF90740-9220-4BB0-B857-1E5927E464E9}.DebugLocal|Any CPU.Build.0 = Debug|Any CPU
		{BAF90740-9220-4BB0-B857-1E5927E464E9}.DebugLocal|Mixed Platforms.ActiveCfg = Debug|Any CPU
		{BAF90740-9220-4BB0-B857-1E5927E464E9}.DebugLocal|Mixed Platforms.Build.0 = Debug|Any CPU
		{BAF90740-9220-4BB0-B857-1E5927E464E9}.DebugLocal|x86.ActiveCfg = Debug|Any CPU
		{BAF90740-9220-4BB0-B857-1E5927E464E9}.Release|Any CPU.ActiveCfg = Release|Any CPU
		{BAF90740-9220-4BB0-B857-1E5927E464E9}.Release|Any CPU.Build.0 = Release|Any CPU
		{BAF90740-9220-4BB0-B857-1E5927E464E9}.Release|Mixed Platforms.ActiveCfg = Release|Any CPU
		{BAF90740-9220-4BB0-B857-1E5927E464E9}.Release|Mixed Platforms.Build.0 = Release|Any CPU
		{BAF90740-9220-4BB0-B857-1E5927E464E9}.Release|x86.ActiveCfg = Release|Any CPU
		{2AD48D85-462D-4763-8016-A2AA10F185A7}.Debug|Any CPU.ActiveCfg = Debug|Any CPU
		{2AD48D85-462D-4763-8016-A2AA10F185A7}.Debug|Any CPU.Build.0 = Debug|Any CPU
		{2AD48D85-462D-4763-8016-A2AA10F185A7}.Debug|Mixed Platforms.ActiveCfg = Debug|Any CPU
		{2AD48D85-462D-4763-8016-A2AA10F185A7}.Debug|Mixed Platforms.Build.0 = Debug|Any CPU
		{2AD48D85-462D-4763-8016-A2AA10F185A7}.Debug|x86.ActiveCfg = Debug|Any CPU
		{2AD48D85-462D-4763-8016-A2AA10F185A7}.DebugLocal|Any CPU.ActiveCfg = Debug|Any CPU
		{2AD48D85-462D-4763-8016-A2AA10F185A7}.DebugLocal|Any CPU.Build.0 = Debug|Any CPU
		{2AD48D85-462D-4763-8016-A2AA10F185A7}.DebugLocal|Mixed Platforms.ActiveCfg = Debug|Any CPU
		{2AD48D85-462D-4763-8016-A2AA10F185A7}.DebugLocal|Mixed Platforms.Build.0 = Debug|Any CPU
		{2AD48D85-462D-4763-8016-A2AA10F185A7}.DebugLocal|x86.ActiveCfg = Debug|Any CPU
		{2AD48D85-462D-4763-8016-A2AA10F185A7}.Release|Any CPU.ActiveCfg = Release|Any CPU
		{2AD48D85-462D-4763-8016-A2AA10F185A7}.Release|Any CPU.Build.0 = Release|Any CPU
		{2AD48D85-462D-4763-8016-A2AA10F185A7}.Release|Mixed Platforms.ActiveCfg = Release|Any CPU
		{2AD48D85-462D-4763-8016-A2AA10F185A7}.Release|Mixed Platforms.Build.0 = Release|Any CPU
		{2AD48D85-462D-4763-8016-A2AA10F185A7}.Release|x86.ActiveCfg = Release|Any CPU
		{65033050-1D55-465A-A772-F3192F9E2428}.Debug|Any CPU.ActiveCfg = Debug|Any CPU
		{65033050-1D55-465A-A772-F3192F9E2428}.Debug|Any CPU.Build.0 = Debug|Any CPU
		{65033050-1D55-465A-A772-F3192F9E2428}.Debug|Mixed Platforms.ActiveCfg = Debug|Any CPU
		{65033050-1D55-465A-A772-F3192F9E2428}.Debug|Mixed Platforms.Build.0 = Debug|Any CPU
		{65033050-1D55-465A-A772-F3192F9E2428}.Debug|x86.ActiveCfg = Debug|Any CPU
		{65033050-1D55-465A-A772-F3192F9E2428}.DebugLocal|Any CPU.ActiveCfg = Debug|Any CPU
		{65033050-1D55-465A-A772-F3192F9E2428}.DebugLocal|Any CPU.Build.0 = Debug|Any CPU
		{65033050-1D55-465A-A772-F3192F9E2428}.DebugLocal|Mixed Platforms.ActiveCfg = Debug|Any CPU
		{65033050-1D55-465A-A772-F3192F9E2428}.DebugLocal|Mixed Platforms.Build.0 = Debug|Any CPU
		{65033050-1D55-465A-A772-F3192F9E2428}.DebugLocal|x86.ActiveCfg = Debug|Any CPU
		{65033050-1D55-465A-A772-F3192F9E2428}.Release|Any CPU.ActiveCfg = Release|Any CPU
		{65033050-1D55-465A-A772-F3192F9E2428}.Release|Any CPU.Build.0 = Release|Any CPU
		{65033050-1D55-465A-A772-F3192F9E2428}.Release|Mixed Platforms.ActiveCfg = Release|Any CPU
		{65033050-1D55-465A-A772-F3192F9E2428}.Release|Mixed Platforms.Build.0 = Release|Any CPU
		{65033050-1D55-465A-A772-F3192F9E2428}.Release|x86.ActiveCfg = Release|Any CPU
		{51717880-85AA-4BCB-AE92-8EDF27E37DFB}.Debug|Any CPU.ActiveCfg = Debug|Any CPU
		{51717880-85AA-4BCB-AE92-8EDF27E37DFB}.Debug|Any CPU.Build.0 = Debug|Any CPU
		{51717880-85AA-4BCB-AE92-8EDF27E37DFB}.Debug|Mixed Platforms.ActiveCfg = Debug|Any CPU
		{51717880-85AA-4BCB-AE92-8EDF27E37DFB}.Debug|Mixed Platforms.Build.0 = Debug|Any CPU
		{51717880-85AA-4BCB-AE92-8EDF27E37DFB}.Debug|x86.ActiveCfg = Debug|Any CPU
		{51717880-85AA-4BCB-AE92-8EDF27E37DFB}.DebugLocal|Any CPU.ActiveCfg = Debug|Any CPU
		{51717880-85AA-4BCB-AE92-8EDF27E37DFB}.DebugLocal|Any CPU.Build.0 = Debug|Any CPU
		{51717880-85AA-4BCB-AE92-8EDF27E37DFB}.DebugLocal|Mixed Platforms.ActiveCfg = Debug|Any CPU
		{51717880-85AA-4BCB-AE92-8EDF27E37DFB}.DebugLocal|Mixed Platforms.Build.0 = Debug|Any CPU
		{51717880-85AA-4BCB-AE92-8EDF27E37DFB}.DebugLocal|x86.ActiveCfg = Debug|Any CPU
		{51717880-85AA-4BCB-AE92-8EDF27E37DFB}.Release|Any CPU.ActiveCfg = Release|Any CPU
		{51717880-85AA-4BCB-AE92-8EDF27E37DFB}.Release|Any CPU.Build.0 = Release|Any CPU
		{51717880-85AA-4BCB-AE92-8EDF27E37DFB}.Release|Mixed Platforms.ActiveCfg = Release|Any CPU
		{51717880-85AA-4BCB-AE92-8EDF27E37DFB}.Release|Mixed Platforms.Build.0 = Release|Any CPU
		{51717880-85AA-4BCB-AE92-8EDF27E37DFB}.Release|x86.ActiveCfg = Release|Any CPU
		{F4FEEEC1-E216-406E-A77A-30DD4CEAD773}.Debug|Any CPU.ActiveCfg = Debug|Any CPU
		{F4FEEEC1-E216-406E-A77A-30DD4CEAD773}.Debug|Any CPU.Build.0 = Debug|Any CPU
		{F4FEEEC1-E216-406E-A77A-30DD4CEAD773}.Debug|Mixed Platforms.ActiveCfg = Debug|Any CPU
		{F4FEEEC1-E216-406E-A77A-30DD4CEAD773}.Debug|Mixed Platforms.Build.0 = Debug|Any CPU
		{F4FEEEC1-E216-406E-A77A-30DD4CEAD773}.Debug|x86.ActiveCfg = Debug|Any CPU
		{F4FEEEC1-E216-406E-A77A-30DD4CEAD773}.DebugLocal|Any CPU.ActiveCfg = Debug|Any CPU
		{F4FEEEC1-E216-406E-A77A-30DD4CEAD773}.DebugLocal|Any CPU.Build.0 = Debug|Any CPU
		{F4FEEEC1-E216-406E-A77A-30DD4CEAD773}.DebugLocal|Mixed Platforms.ActiveCfg = Debug|Any CPU
		{F4FEEEC1-E216-406E-A77A-30DD4CEAD773}.DebugLocal|Mixed Platforms.Build.0 = Debug|Any CPU
		{F4FEEEC1-E216-406E-A77A-30DD4CEAD773}.DebugLocal|x86.ActiveCfg = Debug|Any CPU
		{F4FEEEC1-E216-406E-A77A-30DD4CEAD773}.Release|Any CPU.ActiveCfg = Release|Any CPU
		{F4FEEEC1-E216-406E-A77A-30DD4CEAD773}.Release|Any CPU.Build.0 = Release|Any CPU
		{F4FEEEC1-E216-406E-A77A-30DD4CEAD773}.Release|Mixed Platforms.ActiveCfg = Release|Any CPU
		{F4FEEEC1-E216-406E-A77A-30DD4CEAD773}.Release|Mixed Platforms.Build.0 = Release|Any CPU
		{F4FEEEC1-E216-406E-A77A-30DD4CEAD773}.Release|x86.ActiveCfg = Release|Any CPU
		{1A931A36-D855-4A7A-AD0F-1B35D76582F3}.Debug|Any CPU.ActiveCfg = Debug|Any CPU
		{1A931A36-D855-4A7A-AD0F-1B35D76582F3}.Debug|Any CPU.Build.0 = Debug|Any CPU
		{1A931A36-D855-4A7A-AD0F-1B35D76582F3}.Debug|Mixed Platforms.ActiveCfg = Debug|Any CPU
		{1A931A36-D855-4A7A-AD0F-1B35D76582F3}.Debug|Mixed Platforms.Build.0 = Debug|Any CPU
		{1A931A36-D855-4A7A-AD0F-1B35D76582F3}.Debug|x86.ActiveCfg = Debug|Any CPU
		{1A931A36-D855-4A7A-AD0F-1B35D76582F3}.DebugLocal|Any CPU.ActiveCfg = Debug|Any CPU
		{1A931A36-D855-4A7A-AD0F-1B35D76582F3}.DebugLocal|Any CPU.Build.0 = Debug|Any CPU
		{1A931A36-D855-4A7A-AD0F-1B35D76582F3}.DebugLocal|Mixed Platforms.ActiveCfg = Debug|Any CPU
		{1A931A36-D855-4A7A-AD0F-1B35D76582F3}.DebugLocal|Mixed Platforms.Build.0 = Debug|Any CPU
		{1A931A36-D855-4A7A-AD0F-1B35D76582F3}.DebugLocal|x86.ActiveCfg = Debug|Any CPU
		{1A931A36-D855-4A7A-AD0F-1B35D76582F3}.Release|Any CPU.ActiveCfg = Release|Any CPU
		{1A931A36-D855-4A7A-AD0F-1B35D76582F3}.Release|Any CPU.Build.0 = Release|Any CPU
		{1A931A36-D855-4A7A-AD0F-1B35D76582F3}.Release|Mixed Platforms.ActiveCfg = Release|Any CPU
		{1A931A36-D855-4A7A-AD0F-1B35D76582F3}.Release|Mixed Platforms.Build.0 = Release|Any CPU
		{1A931A36-D855-4A7A-AD0F-1B35D76582F3}.Release|x86.ActiveCfg = Release|Any CPU
		{9C75BF3A-6A8B-44CA-B010-727ACD40F677}.Debug|Any CPU.ActiveCfg = Debug|Any CPU
		{9C75BF3A-6A8B-44CA-B010-727ACD40F677}.Debug|Any CPU.Build.0 = Debug|Any CPU
		{9C75BF3A-6A8B-44CA-B010-727ACD40F677}.Debug|Mixed Platforms.ActiveCfg = Debug|Any CPU
		{9C75BF3A-6A8B-44CA-B010-727ACD40F677}.Debug|Mixed Platforms.Build.0 = Debug|Any CPU
		{9C75BF3A-6A8B-44CA-B010-727ACD40F677}.Debug|x86.ActiveCfg = Debug|Any CPU
		{9C75BF3A-6A8B-44CA-B010-727ACD40F677}.DebugLocal|Any CPU.ActiveCfg = Debug|Any CPU
		{9C75BF3A-6A8B-44CA-B010-727ACD40F677}.DebugLocal|Any CPU.Build.0 = Debug|Any CPU
		{9C75BF3A-6A8B-44CA-B010-727ACD40F677}.DebugLocal|Mixed Platforms.ActiveCfg = Debug|Any CPU
		{9C75BF3A-6A8B-44CA-B010-727ACD40F677}.DebugLocal|Mixed Platforms.Build.0 = Debug|Any CPU
		{9C75BF3A-6A8B-44CA-B010-727ACD40F677}.DebugLocal|x86.ActiveCfg = Debug|Any CPU
		{9C75BF3A-6A8B-44CA-B010-727ACD40F677}.Release|Any CPU.ActiveCfg = Release|Any CPU
		{9C75BF3A-6A8B-44CA-B010-727ACD40F677}.Release|Any CPU.Build.0 = Release|Any CPU
		{9C75BF3A-6A8B-44CA-B010-727ACD40F677}.Release|Mixed Platforms.ActiveCfg = Release|Any CPU
		{9C75BF3A-6A8B-44CA-B010-727ACD40F677}.Release|Mixed Platforms.Build.0 = Release|Any CPU
		{9C75BF3A-6A8B-44CA-B010-727ACD40F677}.Release|x86.ActiveCfg = Release|Any CPU
		{1DD86EC1-75F9-4A57-A8D6-18248048F571}.Debug|Any CPU.ActiveCfg = Debug|Any CPU
		{1DD86EC1-75F9-4A57-A8D6-18248048F571}.Debug|Any CPU.Build.0 = Debug|Any CPU
		{1DD86EC1-75F9-4A57-A8D6-18248048F571}.Debug|Mixed Platforms.ActiveCfg = Debug|Any CPU
		{1DD86EC1-75F9-4A57-A8D6-18248048F571}.Debug|Mixed Platforms.Build.0 = Debug|Any CPU
		{1DD86EC1-75F9-4A57-A8D6-18248048F571}.Debug|x86.ActiveCfg = Debug|Any CPU
		{1DD86EC1-75F9-4A57-A8D6-18248048F571}.DebugLocal|Any CPU.ActiveCfg = Debug|Any CPU
		{1DD86EC1-75F9-4A57-A8D6-18248048F571}.DebugLocal|Any CPU.Build.0 = Debug|Any CPU
		{1DD86EC1-75F9-4A57-A8D6-18248048F571}.DebugLocal|Mixed Platforms.ActiveCfg = Debug|Any CPU
		{1DD86EC1-75F9-4A57-A8D6-18248048F571}.DebugLocal|Mixed Platforms.Build.0 = Debug|Any CPU
		{1DD86EC1-75F9-4A57-A8D6-18248048F571}.DebugLocal|x86.ActiveCfg = Debug|Any CPU
		{1DD86EC1-75F9-4A57-A8D6-18248048F571}.Release|Any CPU.ActiveCfg = Release|Any CPU
		{1DD86EC1-75F9-4A57-A8D6-18248048F571}.Release|Any CPU.Build.0 = Release|Any CPU
		{1DD86EC1-75F9-4A57-A8D6-18248048F571}.Release|Mixed Platforms.ActiveCfg = Release|Any CPU
		{1DD86EC1-75F9-4A57-A8D6-18248048F571}.Release|Mixed Platforms.Build.0 = Release|Any CPU
		{1DD86EC1-75F9-4A57-A8D6-18248048F571}.Release|x86.ActiveCfg = Release|Any CPU
		{304F8E9E-0E9C-40F4-81FB-E7558286C5C1}.Debug|Any CPU.ActiveCfg = Debug|Any CPU
		{304F8E9E-0E9C-40F4-81FB-E7558286C5C1}.Debug|Any CPU.Build.0 = Debug|Any CPU
		{304F8E9E-0E9C-40F4-81FB-E7558286C5C1}.Debug|Mixed Platforms.ActiveCfg = Debug|Any CPU
		{304F8E9E-0E9C-40F4-81FB-E7558286C5C1}.Debug|Mixed Platforms.Build.0 = Debug|Any CPU
		{304F8E9E-0E9C-40F4-81FB-E7558286C5C1}.Debug|x86.ActiveCfg = Debug|Any CPU
		{304F8E9E-0E9C-40F4-81FB-E7558286C5C1}.DebugLocal|Any CPU.ActiveCfg = Debug|Any CPU
		{304F8E9E-0E9C-40F4-81FB-E7558286C5C1}.DebugLocal|Any CPU.Build.0 = Debug|Any CPU
		{304F8E9E-0E9C-40F4-81FB-E7558286C5C1}.DebugLocal|Mixed Platforms.ActiveCfg = Debug|Any CPU
		{304F8E9E-0E9C-40F4-81FB-E7558286C5C1}.DebugLocal|Mixed Platforms.Build.0 = Debug|Any CPU
		{304F8E9E-0E9C-40F4-81FB-E7558286C5C1}.DebugLocal|x86.ActiveCfg = Debug|Any CPU
		{304F8E9E-0E9C-40F4-81FB-E7558286C5C1}.Release|Any CPU.ActiveCfg = Release|Any CPU
		{304F8E9E-0E9C-40F4-81FB-E7558286C5C1}.Release|Any CPU.Build.0 = Release|Any CPU
		{304F8E9E-0E9C-40F4-81FB-E7558286C5C1}.Release|Mixed Platforms.ActiveCfg = Release|Any CPU
		{304F8E9E-0E9C-40F4-81FB-E7558286C5C1}.Release|Mixed Platforms.Build.0 = Release|Any CPU
		{304F8E9E-0E9C-40F4-81FB-E7558286C5C1}.Release|x86.ActiveCfg = Release|Any CPU
		{7B615EA9-4232-4FFB-B66C-AC7B833973C9}.Debug|Any CPU.ActiveCfg = Debug|Any CPU
		{7B615EA9-4232-4FFB-B66C-AC7B833973C9}.Debug|Any CPU.Build.0 = Debug|Any CPU
		{7B615EA9-4232-4FFB-B66C-AC7B833973C9}.Debug|Mixed Platforms.ActiveCfg = Debug|Any CPU
		{7B615EA9-4232-4FFB-B66C-AC7B833973C9}.Debug|Mixed Platforms.Build.0 = Debug|Any CPU
		{7B615EA9-4232-4FFB-B66C-AC7B833973C9}.Debug|x86.ActiveCfg = Debug|Any CPU
		{7B615EA9-4232-4FFB-B66C-AC7B833973C9}.DebugLocal|Any CPU.ActiveCfg = Debug|Any CPU
		{7B615EA9-4232-4FFB-B66C-AC7B833973C9}.DebugLocal|Any CPU.Build.0 = Debug|Any CPU
		{7B615EA9-4232-4FFB-B66C-AC7B833973C9}.DebugLocal|Mixed Platforms.ActiveCfg = Debug|Any CPU
		{7B615EA9-4232-4FFB-B66C-AC7B833973C9}.DebugLocal|Mixed Platforms.Build.0 = Debug|Any CPU
		{7B615EA9-4232-4FFB-B66C-AC7B833973C9}.DebugLocal|x86.ActiveCfg = Debug|Any CPU
		{7B615EA9-4232-4FFB-B66C-AC7B833973C9}.Release|Any CPU.ActiveCfg = Release|Any CPU
		{7B615EA9-4232-4FFB-B66C-AC7B833973C9}.Release|Any CPU.Build.0 = Release|Any CPU
		{7B615EA9-4232-4FFB-B66C-AC7B833973C9}.Release|Mixed Platforms.ActiveCfg = Release|Any CPU
		{7B615EA9-4232-4FFB-B66C-AC7B833973C9}.Release|Mixed Platforms.Build.0 = Release|Any CPU
		{7B615EA9-4232-4FFB-B66C-AC7B833973C9}.Release|x86.ActiveCfg = Release|Any CPU
		{26C054F2-4984-4FE5-811C-4D94EF7EAE15}.Debug|Any CPU.ActiveCfg = Debug|x86
		{26C054F2-4984-4FE5-811C-4D94EF7EAE15}.Debug|Mixed Platforms.ActiveCfg = Debug|x86
		{26C054F2-4984-4FE5-811C-4D94EF7EAE15}.Debug|Mixed Platforms.Build.0 = Debug|x86
		{26C054F2-4984-4FE5-811C-4D94EF7EAE15}.Debug|x86.ActiveCfg = Debug|x86
		{26C054F2-4984-4FE5-811C-4D94EF7EAE15}.Debug|x86.Build.0 = Debug|x86
		{26C054F2-4984-4FE5-811C-4D94EF7EAE15}.DebugLocal|Any CPU.ActiveCfg = Debug|x86
		{26C054F2-4984-4FE5-811C-4D94EF7EAE15}.DebugLocal|Mixed Platforms.ActiveCfg = Debug|x86
		{26C054F2-4984-4FE5-811C-4D94EF7EAE15}.DebugLocal|Mixed Platforms.Build.0 = Debug|x86
		{26C054F2-4984-4FE5-811C-4D94EF7EAE15}.DebugLocal|x86.ActiveCfg = Debug|x86
		{26C054F2-4984-4FE5-811C-4D94EF7EAE15}.DebugLocal|x86.Build.0 = Debug|x86
		{26C054F2-4984-4FE5-811C-4D94EF7EAE15}.Release|Any CPU.ActiveCfg = Release|x86
		{26C054F2-4984-4FE5-811C-4D94EF7EAE15}.Release|Mixed Platforms.ActiveCfg = Release|x86
		{26C054F2-4984-4FE5-811C-4D94EF7EAE15}.Release|Mixed Platforms.Build.0 = Release|x86
		{26C054F2-4984-4FE5-811C-4D94EF7EAE15}.Release|x86.ActiveCfg = Release|x86
		{26C054F2-4984-4FE5-811C-4D94EF7EAE15}.Release|x86.Build.0 = Release|x86
	EndGlobalSection
	GlobalSection(SolutionProperties) = preSolution
		HideSolutionNode = FALSE
	EndGlobalSection
	GlobalSection(NestedProjects) = preSolution
		{65F8047F-E3E6-4B2E-858C-1BE95C38FDFA} = {14455101-7665-4CD6-A9F7-235BF1C50A6E}
		{4C72F685-CBCF-4D77-B44C-5A661A8235AB} = {14455101-7665-4CD6-A9F7-235BF1C50A6E}
		{B5786D07-5888-4DF5-B295-3FEA593F3BFE} = {14455101-7665-4CD6-A9F7-235BF1C50A6E}
		{56A53790-2571-4EA6-8742-2FA00E893B21} = {65F8047F-E3E6-4B2E-858C-1BE95C38FDFA}
		{60AF76A9-0891-400F-8F87-A5978D3F3744} = {65F8047F-E3E6-4B2E-858C-1BE95C38FDFA}
		{85C85861-B89C-44E8-94DB-90B5751B3781} = {65F8047F-E3E6-4B2E-858C-1BE95C38FDFA}
		{F038F286-5AEF-4341-83EC-9F72F42D06D6} = {4C72F685-CBCF-4D77-B44C-5A661A8235AB}
		{8BE0E22D-C2D7-4E1A-8F6D-7FC7A9CB049D} = {4C72F685-CBCF-4D77-B44C-5A661A8235AB}
		{20AEA350-AD91-4053-A8B5-582E13ED43AA} = {853645BA-A2C2-4E59-B65E-70A64FB59904}
		{1D5CC591-D706-4F4E-B4BD-805A191999D7} = {853645BA-A2C2-4E59-B65E-70A64FB59904}
		{BAF90740-9220-4BB0-B857-1E5927E464E9} = {853645BA-A2C2-4E59-B65E-70A64FB59904}
		{7B615EA9-4232-4FFB-B66C-AC7B833973C9} = {853645BA-A2C2-4E59-B65E-70A64FB59904}
		{9C75BF3A-6A8B-44CA-B010-727ACD40F677} = {E0F34126-87A5-46FA-AE8A-6EEEC29C7B79}
		{26C054F2-4984-4FE5-811C-4D94EF7EAE15} = {E0F34126-87A5-46FA-AE8A-6EEEC29C7B79}
		{2AD48D85-462D-4763-8016-A2AA10F185A7} = {E0F34126-87A5-46FA-AE8A-6EEEC29C7B79}
		{1DD86EC1-75F9-4A57-A8D6-18248048F571} = {93E0C6A9-6CE1-4A23-92FB-BAEF00EC15C2}
		{304F8E9E-0E9C-40F4-81FB-E7558286C5C1} = {93E0C6A9-6CE1-4A23-92FB-BAEF00EC15C2}
		{1A931A36-D855-4A7A-AD0F-1B35D76582F3} = {93E0C6A9-6CE1-4A23-92FB-BAEF00EC15C2}
	EndGlobalSection
	GlobalSection(ExtensibilityGlobals) = postSolution
		EnterpriseLibraryConfigurationToolBinariesPath = packages\Unity.2.1.505.0\lib\NET35;packages\Unity.Interception.2.1.505.0\lib\NET35;packages\EnterpriseLibrary.Common.5.0.505.0\lib\NET35;packages\TransientFaultHandling.Core.5.0.1118.2\lib\NET35;packages\EnterpriseLibrary.WindowsAzure.TransientFaultHandling.5.0.1118.2\lib\NET4;packages\EnterpriseLibrary.WindowsAzure.TransientFaultHandling.5.0.1118.2\DesignTime
	EndGlobalSection
EndGlobal
