
Microsoft Visual Studio Solution File, Format Version 12.00
# Visual Studio 2013
VisualStudioVersion = 12.0.21005.1
MinimumVisualStudioVersion = 10.0.40219.1
Project("{2150E333-8FDC-42A3-9474-1A3956D46DE8}") = "Infrastructure", "Infrastructure", "{14455101-7665-4CD6-A9F7-235BF1C50A6E}"
EndProject
Project("{2150E333-8FDC-42A3-9474-1A3956D46DE8}") = "MK.Booking", "MK.Booking", "{853645BA-A2C2-4E59-B65E-70A64FB59904}"
EndProject
Project("{2150E333-8FDC-42A3-9474-1A3956D46DE8}") = "MK.Booking.Api", "MK.Booking.Api", "{93E0C6A9-6CE1-4A23-92FB-BAEF00EC15C2}"
EndProject
Project("{2150E333-8FDC-42A3-9474-1A3956D46DE8}") = "MK.Booking.Tests", "MK.Booking.Tests", "{E0F34126-87A5-46FA-AE8A-6EEEC29C7B79}"
EndProject
Project("{2150E333-8FDC-42A3-9474-1A3956D46DE8}") = ".nuget", ".nuget", "{831E66EB-E70A-432E-B250-1BB43B562752}"
	ProjectSection(SolutionItems) = preProject
		.nuget\NuGet.Config = .nuget\NuGet.Config
		.nuget\nuget.exe = .nuget\nuget.exe
		.nuget\NuGet.targets = .nuget\NuGet.targets
	EndProjectSection
EndProject
Project("{FAE04EC0-301F-11D3-BF4B-00C04F79EFBC}") = "Infrastructure", "Infrastructure\Infrastructure\Infrastructure.csproj", "{B5786D07-5888-4DF5-B295-3FEA593F3BFE}"
EndProject
Project("{FAE04EC0-301F-11D3-BF4B-00C04F79EFBC}") = "Infrastructure.Sql", "Infrastructure\Sql\Infrastructure.Sql\Infrastructure.Sql.csproj", "{F038F286-5AEF-4341-83EC-9F72F42D06D6}"
EndProject
Project("{FAE04EC0-301F-11D3-BF4B-00C04F79EFBC}") = "MK.Booking.Commands", "MK.Booking\MK.Booking.Commands\MK.Booking.Commands.csproj", "{20AEA350-AD91-4053-A8B5-582E13ED43AA}"
EndProject
Project("{FAE04EC0-301F-11D3-BF4B-00C04F79EFBC}") = "MK.Booking.Events", "MK.Booking\MK.Booking.Events\MK.Booking.Events.csproj", "{1D5CC591-D706-4F4E-B4BD-805A191999D7}"
EndProject
Project("{FAE04EC0-301F-11D3-BF4B-00C04F79EFBC}") = "MK.Booking", "MK.Booking\MK.Booking\MK.Booking.csproj", "{BAF90740-9220-4BB0-B857-1E5927E464E9}"
EndProject
Project("{FAE04EC0-301F-11D3-BF4B-00C04F79EFBC}") = "MK.Booking.Test", "MK.Booking\MK.Booking.Test\MK.Booking.Test.csproj", "{2AD48D85-462D-4763-8016-A2AA10F185A7}"
EndProject
Project("{FAE04EC0-301F-11D3-BF4B-00C04F79EFBC}") = "MK.Common", "MK.Common\MK.Common.csproj", "{65033050-1D55-465A-A772-F3192F9E2428}"
EndProject
Project("{FAE04EC0-301F-11D3-BF4B-00C04F79EFBC}") = "DatabaseInitializer", "DatabaseInitializer\DatabaseInitializer.csproj", "{51717880-85AA-4BCB-AE92-8EDF27E37DFB}"
EndProject
Project("{FAE04EC0-301F-11D3-BF4B-00C04F79EFBC}") = "apcurium.MK.Web", "apcurium.MK.Web\apcurium.MK.Web.csproj", "{F4FEEEC1-E216-406E-A77A-30DD4CEAD773}"
EndProject
Project("{FAE04EC0-301F-11D3-BF4B-00C04F79EFBC}") = "MK.Booking.Api", "MK.Booking.Api\MK.Booking.Api.csproj", "{1A931A36-D855-4A7A-AD0F-1B35D76582F3}"
EndProject
Project("{FAE04EC0-301F-11D3-BF4B-00C04F79EFBC}") = "apcurium.MK.Web.Tests", "apcurium.MK.Web.Tests\apcurium.MK.Web.Tests.csproj", "{9C75BF3A-6A8B-44CA-B010-727ACD40F677}"
EndProject
Project("{FAE04EC0-301F-11D3-BF4B-00C04F79EFBC}") = "MK.Booking.Api.Contract", "MK.Booking.Api.Contract\MK.Booking.Api.Contract.csproj", "{1DD86EC1-75F9-4A57-A8D6-18248048F571}"
EndProject
Project("{FAE04EC0-301F-11D3-BF4B-00C04F79EFBC}") = "MK.Booking.Api.Client", "MK.Booking.Api.Client\MK.Booking.Api.Client.csproj", "{304F8E9E-0E9C-40F4-81FB-E7558286C5C1}"
EndProject
Project("{FAE04EC0-301F-11D3-BF4B-00C04F79EFBC}") = "MK.Booking.IBS", "MK.Booking.IBS\MK.Booking.IBS.csproj", "{7B615EA9-4232-4FFB-B66C-AC7B833973C9}"
EndProject
Project("{FAE04EC0-301F-11D3-BF4B-00C04F79EFBC}") = "apcurium.MK.Web.SelfHost", "apcurium.MK.Web.SelfHost\apcurium.MK.Web.SelfHost.csproj", "{26C054F2-4984-4FE5-811C-4D94EF7EAE15}"
EndProject
Project("{FAE04EC0-301F-11D3-BF4B-00C04F79EFBC}") = "MK.Common.Tests", "MK.Common.Tests\MK.Common.Tests.csproj", "{EAD58094-9B43-4FF6-90D3-F721B00033CF}"
EndProject
Project("{FAE04EC0-301F-11D3-BF4B-00C04F79EFBC}") = "MK.Booking.Google.Tests", "MK.Booking.Google.Tests\MK.Booking.Google.Tests.csproj", "{0933E3FC-6332-43C0-B133-16299DF47B2D}"
EndProject
Project("{FAE04EC0-301F-11D3-BF4B-00C04F79EFBC}") = "MK.Booking.Maps", "MK.Booking.Maps\MK.Booking.Maps.csproj", "{C41EA1B3-0E19-41AE-8EFC-AE242532B248}"
EndProject
Project("{2150E333-8FDC-42A3-9474-1A3956D46DE8}") = "Tools", "Tools", "{9B51688D-9CE2-4AF9-8859-1FA3ABF80CBF}"
EndProject
Project("{FAE04EC0-301F-11D3-BF4B-00C04F79EFBC}") = "MK.DeploymentService", "MK.DeploymentService\MK.DeploymentService.csproj", "{5F1A8169-BD43-48D8-AB4E-E6B3E97D8454}"
EndProject
Project("{FAE04EC0-301F-11D3-BF4B-00C04F79EFBC}") = "MK.Booking.PayPal", "MK.Booking.PayPal\MK.Booking.PayPal.csproj", "{910BC792-5EC8-4E56-82C9-95B1D6F4E84A}"
EndProject
Project("{FAE04EC0-301F-11D3-BF4B-00C04F79EFBC}") = "MK.Booking.PayPal.Test", "MK.Booking.PayPal.Test\MK.Booking.PayPal.Test.csproj", "{9B7899D1-3D82-4359-B062-12828A96A29B}"
EndProject
Project("{FAE04EC0-301F-11D3-BF4B-00C04F79EFBC}") = "DeploymentServiceTools", "DeploymentServiceTools\DeploymentServiceTools.csproj", "{78A8B275-4004-4586-893B-607EC1F98F26}"
EndProject
Project("{FAE04EC0-301F-11D3-BF4B-00C04F79EFBC}") = "MK.Booking.IBS.Test", "MK.Booking.IBS.Test\MK.Booking.IBS.Test.csproj", "{CB2AF07A-7C69-4BA1-8B05-3CD1C10061B4}"
EndProject
Project("{FAE04EC0-301F-11D3-BF4B-00C04F79EFBC}") = "BrainTreeEncryption.Library.net", "..\Mobile\Libraries\SourceCode\BrainTreeEncryption.Library\BrainTreeEncryption.Library.net.csproj", "{62593C52-2D25-4345-ACDD-27124CDEA6DB}"
EndProject
Project("{FAE04EC0-301F-11D3-BF4B-00C04F79EFBC}") = "MK.Booking.MapDataProvider", "MK.Booking.MapDataProvider\MK.Booking.MapDataProvider.csproj", "{AD0BC4AD-6BAC-4E02-8202-D7B3BF64D0F1}"
EndProject
Project("{FAE04EC0-301F-11D3-BF4B-00C04F79EFBC}") = "ExportOrders", "ExportOrders\ExportOrders.csproj", "{AE2AF28C-1F23-4137-BBED-B26C00D445DD}"
EndProject
Global
	GlobalSection(SolutionConfigurationPlatforms) = preSolution
		Debug|Any CPU = Debug|Any CPU
		Debug|Mixed Platforms = Debug|Mixed Platforms
		Debug|x86 = Debug|x86
		Release|Any CPU = Release|Any CPU
		Release|Mixed Platforms = Release|Mixed Platforms
		Release|x86 = Release|x86
	EndGlobalSection
	GlobalSection(ProjectConfigurationPlatforms) = postSolution
		{B5786D07-5888-4DF5-B295-3FEA593F3BFE}.Debug|Any CPU.ActiveCfg = Debug|Any CPU
		{B5786D07-5888-4DF5-B295-3FEA593F3BFE}.Debug|Any CPU.Build.0 = Debug|Any CPU
		{B5786D07-5888-4DF5-B295-3FEA593F3BFE}.Debug|Mixed Platforms.ActiveCfg = Debug|Any CPU
		{B5786D07-5888-4DF5-B295-3FEA593F3BFE}.Debug|Mixed Platforms.Build.0 = Debug|Any CPU
		{B5786D07-5888-4DF5-B295-3FEA593F3BFE}.Debug|x86.ActiveCfg = Debug|Any CPU
		{B5786D07-5888-4DF5-B295-3FEA593F3BFE}.Debug|x86.Build.0 = Debug|Any CPU
		{B5786D07-5888-4DF5-B295-3FEA593F3BFE}.Release|Any CPU.ActiveCfg = Release|Any CPU
		{B5786D07-5888-4DF5-B295-3FEA593F3BFE}.Release|Any CPU.Build.0 = Release|Any CPU
		{B5786D07-5888-4DF5-B295-3FEA593F3BFE}.Release|Mixed Platforms.ActiveCfg = Release|Any CPU
		{B5786D07-5888-4DF5-B295-3FEA593F3BFE}.Release|Mixed Platforms.Build.0 = Release|Any CPU
		{B5786D07-5888-4DF5-B295-3FEA593F3BFE}.Release|x86.ActiveCfg = Release|Any CPU
		{F038F286-5AEF-4341-83EC-9F72F42D06D6}.Debug|Any CPU.ActiveCfg = Debug|Any CPU
		{F038F286-5AEF-4341-83EC-9F72F42D06D6}.Debug|Any CPU.Build.0 = Debug|Any CPU
		{F038F286-5AEF-4341-83EC-9F72F42D06D6}.Debug|Mixed Platforms.ActiveCfg = Debug|Any CPU
		{F038F286-5AEF-4341-83EC-9F72F42D06D6}.Debug|Mixed Platforms.Build.0 = Debug|Any CPU
		{F038F286-5AEF-4341-83EC-9F72F42D06D6}.Debug|x86.ActiveCfg = Debug|Any CPU
		{F038F286-5AEF-4341-83EC-9F72F42D06D6}.Debug|x86.Build.0 = Debug|Any CPU
		{F038F286-5AEF-4341-83EC-9F72F42D06D6}.Release|Any CPU.ActiveCfg = Release|Any CPU
		{F038F286-5AEF-4341-83EC-9F72F42D06D6}.Release|Any CPU.Build.0 = Release|Any CPU
		{F038F286-5AEF-4341-83EC-9F72F42D06D6}.Release|Mixed Platforms.ActiveCfg = Release|Any CPU
		{F038F286-5AEF-4341-83EC-9F72F42D06D6}.Release|Mixed Platforms.Build.0 = Release|Any CPU
		{F038F286-5AEF-4341-83EC-9F72F42D06D6}.Release|x86.ActiveCfg = Release|Any CPU
		{20AEA350-AD91-4053-A8B5-582E13ED43AA}.Debug|Any CPU.ActiveCfg = Debug|Any CPU
		{20AEA350-AD91-4053-A8B5-582E13ED43AA}.Debug|Any CPU.Build.0 = Debug|Any CPU
		{20AEA350-AD91-4053-A8B5-582E13ED43AA}.Debug|Mixed Platforms.ActiveCfg = Debug|Any CPU
		{20AEA350-AD91-4053-A8B5-582E13ED43AA}.Debug|Mixed Platforms.Build.0 = Debug|Any CPU
		{20AEA350-AD91-4053-A8B5-582E13ED43AA}.Debug|x86.ActiveCfg = Debug|Any CPU
		{20AEA350-AD91-4053-A8B5-582E13ED43AA}.Debug|x86.Build.0 = Debug|Any CPU
		{20AEA350-AD91-4053-A8B5-582E13ED43AA}.Release|Any CPU.ActiveCfg = Release|Any CPU
		{20AEA350-AD91-4053-A8B5-582E13ED43AA}.Release|Any CPU.Build.0 = Release|Any CPU
		{20AEA350-AD91-4053-A8B5-582E13ED43AA}.Release|Mixed Platforms.ActiveCfg = Release|Any CPU
		{20AEA350-AD91-4053-A8B5-582E13ED43AA}.Release|Mixed Platforms.Build.0 = Release|Any CPU
		{20AEA350-AD91-4053-A8B5-582E13ED43AA}.Release|x86.ActiveCfg = Release|Any CPU
		{1D5CC591-D706-4F4E-B4BD-805A191999D7}.Debug|Any CPU.ActiveCfg = Debug|Any CPU
		{1D5CC591-D706-4F4E-B4BD-805A191999D7}.Debug|Any CPU.Build.0 = Debug|Any CPU
		{1D5CC591-D706-4F4E-B4BD-805A191999D7}.Debug|Mixed Platforms.ActiveCfg = Debug|Any CPU
		{1D5CC591-D706-4F4E-B4BD-805A191999D7}.Debug|Mixed Platforms.Build.0 = Debug|Any CPU
		{1D5CC591-D706-4F4E-B4BD-805A191999D7}.Debug|x86.ActiveCfg = Debug|Any CPU
		{1D5CC591-D706-4F4E-B4BD-805A191999D7}.Debug|x86.Build.0 = Debug|Any CPU
		{1D5CC591-D706-4F4E-B4BD-805A191999D7}.Release|Any CPU.ActiveCfg = Release|Any CPU
		{1D5CC591-D706-4F4E-B4BD-805A191999D7}.Release|Any CPU.Build.0 = Release|Any CPU
		{1D5CC591-D706-4F4E-B4BD-805A191999D7}.Release|Mixed Platforms.ActiveCfg = Release|Any CPU
		{1D5CC591-D706-4F4E-B4BD-805A191999D7}.Release|Mixed Platforms.Build.0 = Release|Any CPU
		{1D5CC591-D706-4F4E-B4BD-805A191999D7}.Release|x86.ActiveCfg = Release|Any CPU
		{BAF90740-9220-4BB0-B857-1E5927E464E9}.Debug|Any CPU.ActiveCfg = Debug|Any CPU
		{BAF90740-9220-4BB0-B857-1E5927E464E9}.Debug|Any CPU.Build.0 = Debug|Any CPU
		{BAF90740-9220-4BB0-B857-1E5927E464E9}.Debug|Mixed Platforms.ActiveCfg = Debug|Any CPU
		{BAF90740-9220-4BB0-B857-1E5927E464E9}.Debug|Mixed Platforms.Build.0 = Debug|Any CPU
		{BAF90740-9220-4BB0-B857-1E5927E464E9}.Debug|x86.ActiveCfg = Debug|Any CPU
		{BAF90740-9220-4BB0-B857-1E5927E464E9}.Debug|x86.Build.0 = Debug|Any CPU
		{BAF90740-9220-4BB0-B857-1E5927E464E9}.Release|Any CPU.ActiveCfg = Release|Any CPU
		{BAF90740-9220-4BB0-B857-1E5927E464E9}.Release|Any CPU.Build.0 = Release|Any CPU
		{BAF90740-9220-4BB0-B857-1E5927E464E9}.Release|Mixed Platforms.ActiveCfg = Release|Any CPU
		{BAF90740-9220-4BB0-B857-1E5927E464E9}.Release|Mixed Platforms.Build.0 = Release|Any CPU
		{BAF90740-9220-4BB0-B857-1E5927E464E9}.Release|x86.ActiveCfg = Release|Any CPU
		{2AD48D85-462D-4763-8016-A2AA10F185A7}.Debug|Any CPU.ActiveCfg = Debug|Any CPU
		{2AD48D85-462D-4763-8016-A2AA10F185A7}.Debug|Any CPU.Build.0 = Debug|Any CPU
		{2AD48D85-462D-4763-8016-A2AA10F185A7}.Debug|Mixed Platforms.ActiveCfg = Debug|Any CPU
		{2AD48D85-462D-4763-8016-A2AA10F185A7}.Debug|Mixed Platforms.Build.0 = Debug|Any CPU
		{2AD48D85-462D-4763-8016-A2AA10F185A7}.Debug|x86.ActiveCfg = Debug|Any CPU
		{2AD48D85-462D-4763-8016-A2AA10F185A7}.Debug|x86.Build.0 = Debug|Any CPU
		{2AD48D85-462D-4763-8016-A2AA10F185A7}.Release|Any CPU.ActiveCfg = Release|Any CPU
		{2AD48D85-462D-4763-8016-A2AA10F185A7}.Release|Any CPU.Build.0 = Release|Any CPU
		{2AD48D85-462D-4763-8016-A2AA10F185A7}.Release|Mixed Platforms.ActiveCfg = Release|Any CPU
		{2AD48D85-462D-4763-8016-A2AA10F185A7}.Release|x86.ActiveCfg = Release|Any CPU
		{65033050-1D55-465A-A772-F3192F9E2428}.Debug|Any CPU.ActiveCfg = Debug|Any CPU
		{65033050-1D55-465A-A772-F3192F9E2428}.Debug|Any CPU.Build.0 = Debug|Any CPU
		{65033050-1D55-465A-A772-F3192F9E2428}.Debug|Mixed Platforms.ActiveCfg = Debug|Any CPU
		{65033050-1D55-465A-A772-F3192F9E2428}.Debug|Mixed Platforms.Build.0 = Debug|Any CPU
		{65033050-1D55-465A-A772-F3192F9E2428}.Debug|x86.ActiveCfg = Debug|Any CPU
		{65033050-1D55-465A-A772-F3192F9E2428}.Debug|x86.Build.0 = Debug|Any CPU
		{65033050-1D55-465A-A772-F3192F9E2428}.Release|Any CPU.ActiveCfg = Release|Any CPU
		{65033050-1D55-465A-A772-F3192F9E2428}.Release|Any CPU.Build.0 = Release|Any CPU
		{65033050-1D55-465A-A772-F3192F9E2428}.Release|Mixed Platforms.ActiveCfg = Release|Any CPU
		{65033050-1D55-465A-A772-F3192F9E2428}.Release|Mixed Platforms.Build.0 = Release|Any CPU
		{65033050-1D55-465A-A772-F3192F9E2428}.Release|x86.ActiveCfg = Release|Any CPU
		{51717880-85AA-4BCB-AE92-8EDF27E37DFB}.Debug|Any CPU.ActiveCfg = Debug|Any CPU
		{51717880-85AA-4BCB-AE92-8EDF27E37DFB}.Debug|Any CPU.Build.0 = Debug|Any CPU
		{51717880-85AA-4BCB-AE92-8EDF27E37DFB}.Debug|Mixed Platforms.ActiveCfg = Debug|Any CPU
		{51717880-85AA-4BCB-AE92-8EDF27E37DFB}.Debug|Mixed Platforms.Build.0 = Debug|Any CPU
		{51717880-85AA-4BCB-AE92-8EDF27E37DFB}.Debug|x86.ActiveCfg = Debug|Any CPU
		{51717880-85AA-4BCB-AE92-8EDF27E37DFB}.Debug|x86.Build.0 = Debug|Any CPU
		{51717880-85AA-4BCB-AE92-8EDF27E37DFB}.Release|Any CPU.ActiveCfg = Release|Any CPU
		{51717880-85AA-4BCB-AE92-8EDF27E37DFB}.Release|Any CPU.Build.0 = Release|Any CPU
		{51717880-85AA-4BCB-AE92-8EDF27E37DFB}.Release|Mixed Platforms.ActiveCfg = Release|Any CPU
		{51717880-85AA-4BCB-AE92-8EDF27E37DFB}.Release|Mixed Platforms.Build.0 = Release|Any CPU
		{51717880-85AA-4BCB-AE92-8EDF27E37DFB}.Release|x86.ActiveCfg = Release|Any CPU
		{F4FEEEC1-E216-406E-A77A-30DD4CEAD773}.Debug|Any CPU.ActiveCfg = Debug|Any CPU
		{F4FEEEC1-E216-406E-A77A-30DD4CEAD773}.Debug|Any CPU.Build.0 = Debug|Any CPU
		{F4FEEEC1-E216-406E-A77A-30DD4CEAD773}.Debug|Mixed Platforms.ActiveCfg = Debug|Any CPU
		{F4FEEEC1-E216-406E-A77A-30DD4CEAD773}.Debug|Mixed Platforms.Build.0 = Debug|Any CPU
		{F4FEEEC1-E216-406E-A77A-30DD4CEAD773}.Debug|x86.ActiveCfg = Debug|Any CPU
		{F4FEEEC1-E216-406E-A77A-30DD4CEAD773}.Debug|x86.Build.0 = Debug|Any CPU
		{F4FEEEC1-E216-406E-A77A-30DD4CEAD773}.Release|Any CPU.ActiveCfg = Release|Any CPU
		{F4FEEEC1-E216-406E-A77A-30DD4CEAD773}.Release|Any CPU.Build.0 = Release|Any CPU
		{F4FEEEC1-E216-406E-A77A-30DD4CEAD773}.Release|Mixed Platforms.ActiveCfg = Release|Any CPU
		{F4FEEEC1-E216-406E-A77A-30DD4CEAD773}.Release|Mixed Platforms.Build.0 = Release|Any CPU
		{F4FEEEC1-E216-406E-A77A-30DD4CEAD773}.Release|x86.ActiveCfg = Release|Any CPU
		{1A931A36-D855-4A7A-AD0F-1B35D76582F3}.Debug|Any CPU.ActiveCfg = Debug|Any CPU
		{1A931A36-D855-4A7A-AD0F-1B35D76582F3}.Debug|Any CPU.Build.0 = Debug|Any CPU
		{1A931A36-D855-4A7A-AD0F-1B35D76582F3}.Debug|Mixed Platforms.ActiveCfg = Debug|Any CPU
		{1A931A36-D855-4A7A-AD0F-1B35D76582F3}.Debug|Mixed Platforms.Build.0 = Debug|Any CPU
		{1A931A36-D855-4A7A-AD0F-1B35D76582F3}.Debug|x86.ActiveCfg = Debug|Any CPU
		{1A931A36-D855-4A7A-AD0F-1B35D76582F3}.Debug|x86.Build.0 = Debug|Any CPU
		{1A931A36-D855-4A7A-AD0F-1B35D76582F3}.Release|Any CPU.ActiveCfg = Release|Any CPU
		{1A931A36-D855-4A7A-AD0F-1B35D76582F3}.Release|Any CPU.Build.0 = Release|Any CPU
		{1A931A36-D855-4A7A-AD0F-1B35D76582F3}.Release|Mixed Platforms.ActiveCfg = Release|Any CPU
		{1A931A36-D855-4A7A-AD0F-1B35D76582F3}.Release|Mixed Platforms.Build.0 = Release|Any CPU
		{1A931A36-D855-4A7A-AD0F-1B35D76582F3}.Release|x86.ActiveCfg = Release|Any CPU
		{9C75BF3A-6A8B-44CA-B010-727ACD40F677}.Debug|Any CPU.ActiveCfg = Debug|Any CPU
		{9C75BF3A-6A8B-44CA-B010-727ACD40F677}.Debug|Any CPU.Build.0 = Debug|Any CPU
		{9C75BF3A-6A8B-44CA-B010-727ACD40F677}.Debug|Mixed Platforms.ActiveCfg = Debug|Any CPU
		{9C75BF3A-6A8B-44CA-B010-727ACD40F677}.Debug|Mixed Platforms.Build.0 = Debug|Any CPU
		{9C75BF3A-6A8B-44CA-B010-727ACD40F677}.Debug|x86.ActiveCfg = Debug|Any CPU
		{9C75BF3A-6A8B-44CA-B010-727ACD40F677}.Debug|x86.Build.0 = Debug|Any CPU
		{9C75BF3A-6A8B-44CA-B010-727ACD40F677}.Release|Any CPU.ActiveCfg = Release|Any CPU
		{9C75BF3A-6A8B-44CA-B010-727ACD40F677}.Release|Any CPU.Build.0 = Release|Any CPU
		{9C75BF3A-6A8B-44CA-B010-727ACD40F677}.Release|Mixed Platforms.ActiveCfg = Release|Any CPU
		{9C75BF3A-6A8B-44CA-B010-727ACD40F677}.Release|x86.ActiveCfg = Release|Any CPU
		{1DD86EC1-75F9-4A57-A8D6-18248048F571}.Debug|Any CPU.ActiveCfg = Debug|Any CPU
		{1DD86EC1-75F9-4A57-A8D6-18248048F571}.Debug|Any CPU.Build.0 = Debug|Any CPU
		{1DD86EC1-75F9-4A57-A8D6-18248048F571}.Debug|Mixed Platforms.ActiveCfg = Debug|Any CPU
		{1DD86EC1-75F9-4A57-A8D6-18248048F571}.Debug|Mixed Platforms.Build.0 = Debug|Any CPU
		{1DD86EC1-75F9-4A57-A8D6-18248048F571}.Debug|x86.ActiveCfg = Debug|Any CPU
		{1DD86EC1-75F9-4A57-A8D6-18248048F571}.Debug|x86.Build.0 = Debug|Any CPU
		{1DD86EC1-75F9-4A57-A8D6-18248048F571}.Release|Any CPU.ActiveCfg = Release|Any CPU
		{1DD86EC1-75F9-4A57-A8D6-18248048F571}.Release|Any CPU.Build.0 = Release|Any CPU
		{1DD86EC1-75F9-4A57-A8D6-18248048F571}.Release|Mixed Platforms.ActiveCfg = Release|Any CPU
		{1DD86EC1-75F9-4A57-A8D6-18248048F571}.Release|Mixed Platforms.Build.0 = Release|Any CPU
		{1DD86EC1-75F9-4A57-A8D6-18248048F571}.Release|x86.ActiveCfg = Release|Any CPU
		{304F8E9E-0E9C-40F4-81FB-E7558286C5C1}.Debug|Any CPU.ActiveCfg = Debug|Any CPU
		{304F8E9E-0E9C-40F4-81FB-E7558286C5C1}.Debug|Any CPU.Build.0 = Debug|Any CPU
		{304F8E9E-0E9C-40F4-81FB-E7558286C5C1}.Debug|Mixed Platforms.ActiveCfg = Debug|Any CPU
		{304F8E9E-0E9C-40F4-81FB-E7558286C5C1}.Debug|Mixed Platforms.Build.0 = Debug|Any CPU
		{304F8E9E-0E9C-40F4-81FB-E7558286C5C1}.Debug|x86.ActiveCfg = Debug|Any CPU
		{304F8E9E-0E9C-40F4-81FB-E7558286C5C1}.Debug|x86.Build.0 = Debug|Any CPU
		{304F8E9E-0E9C-40F4-81FB-E7558286C5C1}.Release|Any CPU.ActiveCfg = Release|Any CPU
		{304F8E9E-0E9C-40F4-81FB-E7558286C5C1}.Release|Any CPU.Build.0 = Release|Any CPU
		{304F8E9E-0E9C-40F4-81FB-E7558286C5C1}.Release|Mixed Platforms.ActiveCfg = Release|Any CPU
		{304F8E9E-0E9C-40F4-81FB-E7558286C5C1}.Release|Mixed Platforms.Build.0 = Release|Any CPU
		{304F8E9E-0E9C-40F4-81FB-E7558286C5C1}.Release|x86.ActiveCfg = Release|Any CPU
		{7B615EA9-4232-4FFB-B66C-AC7B833973C9}.Debug|Any CPU.ActiveCfg = Debug|Any CPU
		{7B615EA9-4232-4FFB-B66C-AC7B833973C9}.Debug|Any CPU.Build.0 = Debug|Any CPU
		{7B615EA9-4232-4FFB-B66C-AC7B833973C9}.Debug|Mixed Platforms.ActiveCfg = Debug|Any CPU
		{7B615EA9-4232-4FFB-B66C-AC7B833973C9}.Debug|Mixed Platforms.Build.0 = Debug|Any CPU
		{7B615EA9-4232-4FFB-B66C-AC7B833973C9}.Debug|x86.ActiveCfg = Debug|Any CPU
		{7B615EA9-4232-4FFB-B66C-AC7B833973C9}.Debug|x86.Build.0 = Debug|Any CPU
		{7B615EA9-4232-4FFB-B66C-AC7B833973C9}.Release|Any CPU.ActiveCfg = Release|Any CPU
		{7B615EA9-4232-4FFB-B66C-AC7B833973C9}.Release|Any CPU.Build.0 = Release|Any CPU
		{7B615EA9-4232-4FFB-B66C-AC7B833973C9}.Release|Mixed Platforms.ActiveCfg = Release|Any CPU
		{7B615EA9-4232-4FFB-B66C-AC7B833973C9}.Release|Mixed Platforms.Build.0 = Release|Any CPU
		{7B615EA9-4232-4FFB-B66C-AC7B833973C9}.Release|x86.ActiveCfg = Release|Any CPU
		{26C054F2-4984-4FE5-811C-4D94EF7EAE15}.Debug|Any CPU.ActiveCfg = Debug|x86
		{26C054F2-4984-4FE5-811C-4D94EF7EAE15}.Debug|Any CPU.Build.0 = Debug|x86
		{26C054F2-4984-4FE5-811C-4D94EF7EAE15}.Debug|Mixed Platforms.ActiveCfg = Debug|x86
		{26C054F2-4984-4FE5-811C-4D94EF7EAE15}.Debug|Mixed Platforms.Build.0 = Debug|x86
		{26C054F2-4984-4FE5-811C-4D94EF7EAE15}.Debug|x86.ActiveCfg = Debug|x86
		{26C054F2-4984-4FE5-811C-4D94EF7EAE15}.Debug|x86.Build.0 = Debug|x86
		{26C054F2-4984-4FE5-811C-4D94EF7EAE15}.Release|Any CPU.ActiveCfg = Release|x86
		{26C054F2-4984-4FE5-811C-4D94EF7EAE15}.Release|Any CPU.Build.0 = Release|x86
		{26C054F2-4984-4FE5-811C-4D94EF7EAE15}.Release|Mixed Platforms.ActiveCfg = Release|x86
		{26C054F2-4984-4FE5-811C-4D94EF7EAE15}.Release|x86.ActiveCfg = Release|x86
		{26C054F2-4984-4FE5-811C-4D94EF7EAE15}.Release|x86.Build.0 = Release|x86
		{EAD58094-9B43-4FF6-90D3-F721B00033CF}.Debug|Any CPU.ActiveCfg = Debug|Any CPU
		{EAD58094-9B43-4FF6-90D3-F721B00033CF}.Debug|Any CPU.Build.0 = Debug|Any CPU
		{EAD58094-9B43-4FF6-90D3-F721B00033CF}.Debug|Mixed Platforms.ActiveCfg = Debug|Any CPU
		{EAD58094-9B43-4FF6-90D3-F721B00033CF}.Debug|Mixed Platforms.Build.0 = Debug|Any CPU
		{EAD58094-9B43-4FF6-90D3-F721B00033CF}.Debug|x86.ActiveCfg = Debug|Any CPU
		{EAD58094-9B43-4FF6-90D3-F721B00033CF}.Debug|x86.Build.0 = Debug|Any CPU
		{EAD58094-9B43-4FF6-90D3-F721B00033CF}.Release|Any CPU.ActiveCfg = Release|Any CPU
		{EAD58094-9B43-4FF6-90D3-F721B00033CF}.Release|Any CPU.Build.0 = Release|Any CPU
		{EAD58094-9B43-4FF6-90D3-F721B00033CF}.Release|Mixed Platforms.ActiveCfg = Release|Any CPU
		{EAD58094-9B43-4FF6-90D3-F721B00033CF}.Release|x86.ActiveCfg = Release|Any CPU
		{0933E3FC-6332-43C0-B133-16299DF47B2D}.Debug|Any CPU.ActiveCfg = Debug|Any CPU
		{0933E3FC-6332-43C0-B133-16299DF47B2D}.Debug|Any CPU.Build.0 = Debug|Any CPU
		{0933E3FC-6332-43C0-B133-16299DF47B2D}.Debug|Mixed Platforms.ActiveCfg = Debug|Any CPU
		{0933E3FC-6332-43C0-B133-16299DF47B2D}.Debug|Mixed Platforms.Build.0 = Debug|Any CPU
		{0933E3FC-6332-43C0-B133-16299DF47B2D}.Debug|x86.ActiveCfg = Debug|Any CPU
		{0933E3FC-6332-43C0-B133-16299DF47B2D}.Debug|x86.Build.0 = Debug|Any CPU
		{0933E3FC-6332-43C0-B133-16299DF47B2D}.Release|Any CPU.ActiveCfg = Release|Any CPU
		{0933E3FC-6332-43C0-B133-16299DF47B2D}.Release|Any CPU.Build.0 = Release|Any CPU
		{0933E3FC-6332-43C0-B133-16299DF47B2D}.Release|Mixed Platforms.ActiveCfg = Release|Any CPU
		{0933E3FC-6332-43C0-B133-16299DF47B2D}.Release|x86.ActiveCfg = Release|Any CPU
		{C41EA1B3-0E19-41AE-8EFC-AE242532B248}.Debug|Any CPU.ActiveCfg = Debug|Any CPU
		{C41EA1B3-0E19-41AE-8EFC-AE242532B248}.Debug|Any CPU.Build.0 = Debug|Any CPU
		{C41EA1B3-0E19-41AE-8EFC-AE242532B248}.Debug|Mixed Platforms.ActiveCfg = Debug|Any CPU
		{C41EA1B3-0E19-41AE-8EFC-AE242532B248}.Debug|Mixed Platforms.Build.0 = Debug|Any CPU
		{C41EA1B3-0E19-41AE-8EFC-AE242532B248}.Debug|x86.ActiveCfg = Debug|Any CPU
		{C41EA1B3-0E19-41AE-8EFC-AE242532B248}.Release|Any CPU.ActiveCfg = Release|Any CPU
		{C41EA1B3-0E19-41AE-8EFC-AE242532B248}.Release|Any CPU.Build.0 = Release|Any CPU
		{C41EA1B3-0E19-41AE-8EFC-AE242532B248}.Release|Mixed Platforms.ActiveCfg = Release|Any CPU
		{C41EA1B3-0E19-41AE-8EFC-AE242532B248}.Release|Mixed Platforms.Build.0 = Release|Any CPU
		{C41EA1B3-0E19-41AE-8EFC-AE242532B248}.Release|x86.ActiveCfg = Release|Any CPU
		{5F1A8169-BD43-48D8-AB4E-E6B3E97D8454}.Debug|Any CPU.ActiveCfg = Debug|Any CPU
		{5F1A8169-BD43-48D8-AB4E-E6B3E97D8454}.Debug|Any CPU.Build.0 = Debug|Any CPU
		{5F1A8169-BD43-48D8-AB4E-E6B3E97D8454}.Debug|Mixed Platforms.ActiveCfg = Debug|Any CPU
		{5F1A8169-BD43-48D8-AB4E-E6B3E97D8454}.Debug|Mixed Platforms.Build.0 = Debug|Any CPU
		{5F1A8169-BD43-48D8-AB4E-E6B3E97D8454}.Debug|x86.ActiveCfg = Debug|Any CPU
		{5F1A8169-BD43-48D8-AB4E-E6B3E97D8454}.Release|Any CPU.ActiveCfg = Release|Any CPU
		{5F1A8169-BD43-48D8-AB4E-E6B3E97D8454}.Release|Any CPU.Build.0 = Release|Any CPU
		{5F1A8169-BD43-48D8-AB4E-E6B3E97D8454}.Release|Mixed Platforms.ActiveCfg = Release|Any CPU
		{5F1A8169-BD43-48D8-AB4E-E6B3E97D8454}.Release|x86.ActiveCfg = Release|Any CPU
		{910BC792-5EC8-4E56-82C9-95B1D6F4E84A}.Debug|Any CPU.ActiveCfg = Debug|Any CPU
		{910BC792-5EC8-4E56-82C9-95B1D6F4E84A}.Debug|Any CPU.Build.0 = Debug|Any CPU
		{910BC792-5EC8-4E56-82C9-95B1D6F4E84A}.Debug|Mixed Platforms.ActiveCfg = Debug|Any CPU
		{910BC792-5EC8-4E56-82C9-95B1D6F4E84A}.Debug|Mixed Platforms.Build.0 = Debug|Any CPU
		{910BC792-5EC8-4E56-82C9-95B1D6F4E84A}.Debug|x86.ActiveCfg = Debug|Any CPU
		{910BC792-5EC8-4E56-82C9-95B1D6F4E84A}.Release|Any CPU.ActiveCfg = Release|Any CPU
		{910BC792-5EC8-4E56-82C9-95B1D6F4E84A}.Release|Any CPU.Build.0 = Release|Any CPU
		{910BC792-5EC8-4E56-82C9-95B1D6F4E84A}.Release|Mixed Platforms.ActiveCfg = Release|Any CPU
		{910BC792-5EC8-4E56-82C9-95B1D6F4E84A}.Release|Mixed Platforms.Build.0 = Release|Any CPU
		{910BC792-5EC8-4E56-82C9-95B1D6F4E84A}.Release|x86.ActiveCfg = Release|Any CPU
		{9B7899D1-3D82-4359-B062-12828A96A29B}.Debug|Any CPU.ActiveCfg = Debug|Any CPU
		{9B7899D1-3D82-4359-B062-12828A96A29B}.Debug|Any CPU.Build.0 = Debug|Any CPU
		{9B7899D1-3D82-4359-B062-12828A96A29B}.Debug|Mixed Platforms.ActiveCfg = Debug|Any CPU
		{9B7899D1-3D82-4359-B062-12828A96A29B}.Debug|Mixed Platforms.Build.0 = Debug|Any CPU
		{9B7899D1-3D82-4359-B062-12828A96A29B}.Debug|x86.ActiveCfg = Debug|Any CPU
		{9B7899D1-3D82-4359-B062-12828A96A29B}.Release|Any CPU.ActiveCfg = Release|Any CPU
		{9B7899D1-3D82-4359-B062-12828A96A29B}.Release|Any CPU.Build.0 = Release|Any CPU
		{9B7899D1-3D82-4359-B062-12828A96A29B}.Release|Mixed Platforms.ActiveCfg = Release|Any CPU
		{9B7899D1-3D82-4359-B062-12828A96A29B}.Release|x86.ActiveCfg = Release|Any CPU
		{78A8B275-4004-4586-893B-607EC1F98F26}.Debug|Any CPU.ActiveCfg = Debug|Any CPU
		{78A8B275-4004-4586-893B-607EC1F98F26}.Debug|Any CPU.Build.0 = Debug|Any CPU
		{78A8B275-4004-4586-893B-607EC1F98F26}.Debug|Mixed Platforms.ActiveCfg = Debug|Any CPU
		{78A8B275-4004-4586-893B-607EC1F98F26}.Debug|Mixed Platforms.Build.0 = Debug|Any CPU
		{78A8B275-4004-4586-893B-607EC1F98F26}.Debug|x86.ActiveCfg = Debug|Any CPU
		{78A8B275-4004-4586-893B-607EC1F98F26}.Release|Any CPU.ActiveCfg = Debug|Any CPU
		{78A8B275-4004-4586-893B-607EC1F98F26}.Release|Any CPU.Build.0 = Debug|Any CPU
		{78A8B275-4004-4586-893B-607EC1F98F26}.Release|Mixed Platforms.ActiveCfg = Debug|Any CPU
		{78A8B275-4004-4586-893B-607EC1F98F26}.Release|Mixed Platforms.Build.0 = Debug|Any CPU
		{78A8B275-4004-4586-893B-607EC1F98F26}.Release|x86.ActiveCfg = Debug|Any CPU
		{CB2AF07A-7C69-4BA1-8B05-3CD1C10061B4}.Debug|Any CPU.ActiveCfg = Debug|Any CPU
		{CB2AF07A-7C69-4BA1-8B05-3CD1C10061B4}.Debug|Any CPU.Build.0 = Debug|Any CPU
		{CB2AF07A-7C69-4BA1-8B05-3CD1C10061B4}.Debug|Mixed Platforms.ActiveCfg = Debug|Any CPU
		{CB2AF07A-7C69-4BA1-8B05-3CD1C10061B4}.Debug|Mixed Platforms.Build.0 = Debug|Any CPU
		{CB2AF07A-7C69-4BA1-8B05-3CD1C10061B4}.Debug|x86.ActiveCfg = Debug|Any CPU
		{CB2AF07A-7C69-4BA1-8B05-3CD1C10061B4}.Release|Any CPU.ActiveCfg = Release|Any CPU
		{CB2AF07A-7C69-4BA1-8B05-3CD1C10061B4}.Release|Any CPU.Build.0 = Release|Any CPU
		{CB2AF07A-7C69-4BA1-8B05-3CD1C10061B4}.Release|Mixed Platforms.ActiveCfg = Release|Any CPU
		{CB2AF07A-7C69-4BA1-8B05-3CD1C10061B4}.Release|x86.ActiveCfg = Release|Any CPU
		{62593C52-2D25-4345-ACDD-27124CDEA6DB}.Debug|Any CPU.ActiveCfg = Debug|Any CPU
		{62593C52-2D25-4345-ACDD-27124CDEA6DB}.Debug|Any CPU.Build.0 = Debug|Any CPU
		{62593C52-2D25-4345-ACDD-27124CDEA6DB}.Debug|Mixed Platforms.ActiveCfg = Debug|Any CPU
		{62593C52-2D25-4345-ACDD-27124CDEA6DB}.Debug|Mixed Platforms.Build.0 = Debug|Any CPU
		{62593C52-2D25-4345-ACDD-27124CDEA6DB}.Debug|x86.ActiveCfg = Debug|Any CPU
		{62593C52-2D25-4345-ACDD-27124CDEA6DB}.Release|Any CPU.ActiveCfg = Release|Any CPU
		{62593C52-2D25-4345-ACDD-27124CDEA6DB}.Release|Any CPU.Build.0 = Release|Any CPU
		{62593C52-2D25-4345-ACDD-27124CDEA6DB}.Release|Mixed Platforms.ActiveCfg = Release|Any CPU
		{62593C52-2D25-4345-ACDD-27124CDEA6DB}.Release|Mixed Platforms.Build.0 = Release|Any CPU
		{62593C52-2D25-4345-ACDD-27124CDEA6DB}.Release|x86.ActiveCfg = Release|Any CPU
		{AD0BC4AD-6BAC-4E02-8202-D7B3BF64D0F1}.Debug|Any CPU.ActiveCfg = Debug|Any CPU
		{AD0BC4AD-6BAC-4E02-8202-D7B3BF64D0F1}.Debug|Any CPU.Build.0 = Debug|Any CPU
		{AD0BC4AD-6BAC-4E02-8202-D7B3BF64D0F1}.Debug|Mixed Platforms.ActiveCfg = Debug|Any CPU
		{AD0BC4AD-6BAC-4E02-8202-D7B3BF64D0F1}.Debug|Mixed Platforms.Build.0 = Debug|Any CPU
		{AD0BC4AD-6BAC-4E02-8202-D7B3BF64D0F1}.Debug|x86.ActiveCfg = Debug|Any CPU
		{AD0BC4AD-6BAC-4E02-8202-D7B3BF64D0F1}.Release|Any CPU.ActiveCfg = Release|Any CPU
		{AD0BC4AD-6BAC-4E02-8202-D7B3BF64D0F1}.Release|Any CPU.Build.0 = Release|Any CPU
		{AD0BC4AD-6BAC-4E02-8202-D7B3BF64D0F1}.Release|Mixed Platforms.ActiveCfg = Release|Any CPU
		{AD0BC4AD-6BAC-4E02-8202-D7B3BF64D0F1}.Release|Mixed Platforms.Build.0 = Release|Any CPU
		{AD0BC4AD-6BAC-4E02-8202-D7B3BF64D0F1}.Release|x86.ActiveCfg = Release|Any CPU
		{AE2AF28C-1F23-4137-BBED-B26C00D445DD}.Debug|Any CPU.ActiveCfg = Debug|Any CPU
		{AE2AF28C-1F23-4137-BBED-B26C00D445DD}.Debug|Any CPU.Build.0 = Debug|Any CPU
		{AE2AF28C-1F23-4137-BBED-B26C00D445DD}.Debug|Mixed Platforms.ActiveCfg = Debug|Any CPU
		{AE2AF28C-1F23-4137-BBED-B26C00D445DD}.Debug|Mixed Platforms.Build.0 = Debug|Any CPU
		{AE2AF28C-1F23-4137-BBED-B26C00D445DD}.Debug|x86.ActiveCfg = Debug|Any CPU
		{AE2AF28C-1F23-4137-BBED-B26C00D445DD}.Release|Any CPU.ActiveCfg = Release|Any CPU
		{AE2AF28C-1F23-4137-BBED-B26C00D445DD}.Release|Any CPU.Build.0 = Release|Any CPU
		{AE2AF28C-1F23-4137-BBED-B26C00D445DD}.Release|Mixed Platforms.ActiveCfg = Release|Any CPU
		{AE2AF28C-1F23-4137-BBED-B26C00D445DD}.Release|Mixed Platforms.Build.0 = Release|Any CPU
		{AE2AF28C-1F23-4137-BBED-B26C00D445DD}.Release|x86.ActiveCfg = Release|Any CPU
	EndGlobalSection
	GlobalSection(SolutionProperties) = preSolution
		HideSolutionNode = FALSE
	EndGlobalSection
	GlobalSection(NestedProjects) = preSolution
		{B5786D07-5888-4DF5-B295-3FEA593F3BFE} = {14455101-7665-4CD6-A9F7-235BF1C50A6E}
		{F038F286-5AEF-4341-83EC-9F72F42D06D6} = {14455101-7665-4CD6-A9F7-235BF1C50A6E}
		{62593C52-2D25-4345-ACDD-27124CDEA6DB} = {14455101-7665-4CD6-A9F7-235BF1C50A6E}
		{20AEA350-AD91-4053-A8B5-582E13ED43AA} = {853645BA-A2C2-4E59-B65E-70A64FB59904}
		{1D5CC591-D706-4F4E-B4BD-805A191999D7} = {853645BA-A2C2-4E59-B65E-70A64FB59904}
		{BAF90740-9220-4BB0-B857-1E5927E464E9} = {853645BA-A2C2-4E59-B65E-70A64FB59904}
		{7B615EA9-4232-4FFB-B66C-AC7B833973C9} = {853645BA-A2C2-4E59-B65E-70A64FB59904}
		{C41EA1B3-0E19-41AE-8EFC-AE242532B248} = {853645BA-A2C2-4E59-B65E-70A64FB59904}
		{910BC792-5EC8-4E56-82C9-95B1D6F4E84A} = {853645BA-A2C2-4E59-B65E-70A64FB59904}
		{AD0BC4AD-6BAC-4E02-8202-D7B3BF64D0F1} = {853645BA-A2C2-4E59-B65E-70A64FB59904}
		{1A931A36-D855-4A7A-AD0F-1B35D76582F3} = {93E0C6A9-6CE1-4A23-92FB-BAEF00EC15C2}
		{1DD86EC1-75F9-4A57-A8D6-18248048F571} = {93E0C6A9-6CE1-4A23-92FB-BAEF00EC15C2}
		{304F8E9E-0E9C-40F4-81FB-E7558286C5C1} = {93E0C6A9-6CE1-4A23-92FB-BAEF00EC15C2}
		{2AD48D85-462D-4763-8016-A2AA10F185A7} = {E0F34126-87A5-46FA-AE8A-6EEEC29C7B79}
		{9C75BF3A-6A8B-44CA-B010-727ACD40F677} = {E0F34126-87A5-46FA-AE8A-6EEEC29C7B79}
		{26C054F2-4984-4FE5-811C-4D94EF7EAE15} = {E0F34126-87A5-46FA-AE8A-6EEEC29C7B79}
		{EAD58094-9B43-4FF6-90D3-F721B00033CF} = {E0F34126-87A5-46FA-AE8A-6EEEC29C7B79}
		{0933E3FC-6332-43C0-B133-16299DF47B2D} = {E0F34126-87A5-46FA-AE8A-6EEEC29C7B79}
		{9B7899D1-3D82-4359-B062-12828A96A29B} = {E0F34126-87A5-46FA-AE8A-6EEEC29C7B79}
		{CB2AF07A-7C69-4BA1-8B05-3CD1C10061B4} = {E0F34126-87A5-46FA-AE8A-6EEEC29C7B79}
		{51717880-85AA-4BCB-AE92-8EDF27E37DFB} = {9B51688D-9CE2-4AF9-8859-1FA3ABF80CBF}
		{5F1A8169-BD43-48D8-AB4E-E6B3E97D8454} = {9B51688D-9CE2-4AF9-8859-1FA3ABF80CBF}
		{78A8B275-4004-4586-893B-607EC1F98F26} = {9B51688D-9CE2-4AF9-8859-1FA3ABF80CBF}
		{AE2AF28C-1F23-4137-BBED-B26C00D445DD} = {9B51688D-9CE2-4AF9-8859-1FA3ABF80CBF}
	EndGlobalSection
	GlobalSection(ExtensibilityGlobals) = postSolution
		EnterpriseLibraryConfigurationToolBinariesPath = packages\Unity.2.1.505.0\lib\NET35;packages\Unity.Interception.2.1.505.0\lib\NET35;packages\EnterpriseLibrary.Common.5.0.505.0\lib\NET35;packages\TransientFaultHandling.Core.5.0.1118.2\lib\NET35;packages\EnterpriseLibrary.WindowsAzure.TransientFaultHandling.5.0.1118.2\lib\NET4;packages\EnterpriseLibrary.WindowsAzure.TransientFaultHandling.5.0.1118.2\DesignTime;packages\Unity.2.1.505.2\lib\NET35
	EndGlobalSection
EndGlobal
