
Microsoft Visual Studio Solution File, Format Version 12.00
# Visual Studio 2012
Project("{FAE04EC0-301F-11D3-BF4B-00C04F79EFBC}") = "GoogleMaps.M4B", "GoogleMaps.M4B\GoogleMaps.M4B.csproj", "{8CB25019-45B3-4E49-90C8-5C9B03A2A75C}"
EndProject
Project("{FAE04EC0-301F-11D3-BF4B-00C04F79EFBC}") = "GoogleMapsSample", "..\..\samples\android\GoogleMapsSample\GoogleMapsSample.csproj", "{F015457C-6CBC-4E5C-A427-85FB72F0B5F8}"
EndProject
Global
	GlobalSection(SolutionConfigurationPlatforms) = preSolution
		Debug|Any CPU = Debug|Any CPU
		Release|Any CPU = Release|Any CPU
	EndGlobalSection
	GlobalSection(ProjectConfigurationPlatforms) = postSolution
		{8CB25019-45B3-4E49-90C8-5C9B03A2A75C}.Debug|Any CPU.ActiveCfg = Debug|Any CPU
		{8CB25019-45B3-4E49-90C8-5C9B03A2A75C}.Debug|Any CPU.Build.0 = Debug|Any CPU
		{8CB25019-45B3-4E49-90C8-5C9B03A2A75C}.Release|Any CPU.ActiveCfg = Release|Any CPU
		{8CB25019-45B3-4E49-90C8-5C9B03A2A75C}.Release|Any CPU.Build.0 = Release|Any CPU
		{F015457C-6CBC-4E5C-A427-85FB72F0B5F8}.Debug|Any CPU.ActiveCfg = Debug|Any CPU
		{F015457C-6CBC-4E5C-A427-85FB72F0B5F8}.Debug|Any CPU.Build.0 = Debug|Any CPU
		{F015457C-6CBC-4E5C-A427-85FB72F0B5F8}.Release|Any CPU.ActiveCfg = Release|Any CPU
		{F015457C-6CBC-4E5C-A427-85FB72F0B5F8}.Release|Any CPU.Build.0 = Release|Any CPU
	EndGlobalSection
	GlobalSection(MonoDevelopProperties) = preSolution
		StartupItem = ..\..\samples\android\GoogleMapsSample\GoogleMapsSample.csproj
	EndGlobalSection
EndGlobal
