
Microsoft Visual Studio Solution File, Format Version 11.00
# Visual Studio 2010
Project("{2150E333-8FDC-42A3-9474-1A3956D46DE8}") = "MonoDroid", "MonoDroid", "{E7C9CF2E-5EB7-401C-8839-0A7E73092D8B}"
EndProject
Project("{2150E333-8FDC-42A3-9474-1A3956D46DE8}") = "MonoTouch", "MonoTouch", "{89C3B199-2A15-4E86-8D2A-43C9640DD417}"
EndProject
Project("{2150E333-8FDC-42A3-9474-1A3956D46DE8}") = "Windows", "Windows", "{067CF9A9-2524-4B97-9ED8-2961A6A38235}"
EndProject
Project("{FAE04EC0-301F-11D3-BF4B-00C04F79EFBC}") = "TaxiMobile.Lib.MT", "TaxiMobile.Lib\TaxiMobile.Lib.MT.csproj", "{11150F15-8271-43E3-BECA-65F24E82774C}"
EndProject
Project("{FAE04EC0-301F-11D3-BF4B-00C04F79EFBC}") = "TaxiMobile.MD", "TaxiMobile.MD\TaxiMobile.MD.csproj", "{9F666743-C8EE-4553-A079-03FB36F979E0}"
EndProject
Project("{FAE04EC0-301F-11D3-BF4B-00C04F79EFBC}") = "TaxiMobile.Lib.MD", "TaxiMobile.Lib\TaxiMobile.Lib.MD.csproj", "{B2ADB131-E47E-4DF4-8AA6-1D7E284EFFA9}"
EndProject
Project("{FAE04EC0-301F-11D3-BF4B-00C04F79EFBC}") = "TaxiMobile.MT", "TaxiMobile.MT\TaxiMobile.MT.csproj", "{698DA5A6-BEE2-4FD6-A2F7-8269289B1DA4}"
EndProject
Project("{FAE04EC0-301F-11D3-BF4B-00C04F79EFBC}") = "TaxiMobile.Lib.Tests", "TaxiMobile.Lib.Tests\TaxiMobile.Lib.Tests.csproj", "{B05058DC-A468-4371-A0A8-A528ED9E5692}"
EndProject
Project("{FAE04EC0-301F-11D3-BF4B-00C04F79EFBC}") = "TaxiMobile.Lib", "TaxiMobile.Lib\TaxiMobile.Lib.csproj", "{89148A39-046D-433E-B196-09E5F399EF18}"
EndProject
Global
	GlobalSection(SolutionConfigurationPlatforms) = preSolution
		Debug|Any CPU = Debug|Any CPU
		Debug|iPhone = Debug|iPhone
		Debug|iPhoneSimulator = Debug|iPhoneSimulator
		Debug|Mixed Platforms = Debug|Mixed Platforms
		Release|Any CPU = Release|Any CPU
		Release|iPhone = Release|iPhone
		Release|iPhoneSimulator = Release|iPhoneSimulator
		Release|Mixed Platforms = Release|Mixed Platforms
	EndGlobalSection
	GlobalSection(ProjectConfigurationPlatforms) = postSolution
		{11150F15-8271-43E3-BECA-65F24E82774C}.Debug|Any CPU.ActiveCfg = Debug|Any CPU
		{11150F15-8271-43E3-BECA-65F24E82774C}.Debug|Any CPU.Build.0 = Debug|Any CPU
		{11150F15-8271-43E3-BECA-65F24E82774C}.Debug|iPhone.ActiveCfg = Debug|Any CPU
		{11150F15-8271-43E3-BECA-65F24E82774C}.Debug|iPhoneSimulator.ActiveCfg = Debug|Any CPU
		{11150F15-8271-43E3-BECA-65F24E82774C}.Debug|Mixed Platforms.ActiveCfg = Debug|Any CPU
		{11150F15-8271-43E3-BECA-65F24E82774C}.Debug|Mixed Platforms.Build.0 = Debug|Any CPU
		{11150F15-8271-43E3-BECA-65F24E82774C}.Release|Any CPU.ActiveCfg = Release|Any CPU
		{11150F15-8271-43E3-BECA-65F24E82774C}.Release|Any CPU.Build.0 = Release|Any CPU
		{11150F15-8271-43E3-BECA-65F24E82774C}.Release|iPhone.ActiveCfg = Release|Any CPU
		{11150F15-8271-43E3-BECA-65F24E82774C}.Release|iPhoneSimulator.ActiveCfg = Release|Any CPU
		{11150F15-8271-43E3-BECA-65F24E82774C}.Release|Mixed Platforms.ActiveCfg = Release|Any CPU
		{11150F15-8271-43E3-BECA-65F24E82774C}.Release|Mixed Platforms.Build.0 = Release|Any CPU
		{9F666743-C8EE-4553-A079-03FB36F979E0}.Debug|Any CPU.ActiveCfg = Debug|Any CPU
		{9F666743-C8EE-4553-A079-03FB36F979E0}.Debug|Any CPU.Build.0 = Debug|Any CPU
		{9F666743-C8EE-4553-A079-03FB36F979E0}.Debug|Any CPU.Deploy.0 = Debug|Any CPU
		{9F666743-C8EE-4553-A079-03FB36F979E0}.Debug|iPhone.ActiveCfg = Debug|Any CPU
		{9F666743-C8EE-4553-A079-03FB36F979E0}.Debug|iPhoneSimulator.ActiveCfg = Debug|Any CPU
		{9F666743-C8EE-4553-A079-03FB36F979E0}.Debug|Mixed Platforms.ActiveCfg = Debug|Any CPU
		{9F666743-C8EE-4553-A079-03FB36F979E0}.Debug|Mixed Platforms.Build.0 = Debug|Any CPU
		{9F666743-C8EE-4553-A079-03FB36F979E0}.Debug|Mixed Platforms.Deploy.0 = Debug|Any CPU
		{9F666743-C8EE-4553-A079-03FB36F979E0}.Release|Any CPU.ActiveCfg = Release|Any CPU
		{9F666743-C8EE-4553-A079-03FB36F979E0}.Release|Any CPU.Build.0 = Release|Any CPU
		{9F666743-C8EE-4553-A079-03FB36F979E0}.Release|Any CPU.Deploy.0 = Release|Any CPU
		{9F666743-C8EE-4553-A079-03FB36F979E0}.Release|iPhone.ActiveCfg = Release|Any CPU
		{9F666743-C8EE-4553-A079-03FB36F979E0}.Release|iPhoneSimulator.ActiveCfg = Release|Any CPU
		{9F666743-C8EE-4553-A079-03FB36F979E0}.Release|Mixed Platforms.ActiveCfg = Release|Any CPU
		{9F666743-C8EE-4553-A079-03FB36F979E0}.Release|Mixed Platforms.Build.0 = Release|Any CPU
		{9F666743-C8EE-4553-A079-03FB36F979E0}.Release|Mixed Platforms.Deploy.0 = Release|Any CPU
		{B2ADB131-E47E-4DF4-8AA6-1D7E284EFFA9}.Debug|Any CPU.ActiveCfg = Debug|Any CPU
		{B2ADB131-E47E-4DF4-8AA6-1D7E284EFFA9}.Debug|Any CPU.Build.0 = Debug|Any CPU
		{B2ADB131-E47E-4DF4-8AA6-1D7E284EFFA9}.Debug|iPhone.ActiveCfg = Debug|Any CPU
		{B2ADB131-E47E-4DF4-8AA6-1D7E284EFFA9}.Debug|iPhoneSimulator.ActiveCfg = Debug|Any CPU
		{B2ADB131-E47E-4DF4-8AA6-1D7E284EFFA9}.Debug|Mixed Platforms.ActiveCfg = Debug|Any CPU
		{B2ADB131-E47E-4DF4-8AA6-1D7E284EFFA9}.Debug|Mixed Platforms.Build.0 = Debug|Any CPU
		{B2ADB131-E47E-4DF4-8AA6-1D7E284EFFA9}.Release|Any CPU.ActiveCfg = Release|Any CPU
		{B2ADB131-E47E-4DF4-8AA6-1D7E284EFFA9}.Release|Any CPU.Build.0 = Release|Any CPU
		{B2ADB131-E47E-4DF4-8AA6-1D7E284EFFA9}.Release|iPhone.ActiveCfg = Release|Any CPU
		{B2ADB131-E47E-4DF4-8AA6-1D7E284EFFA9}.Release|iPhoneSimulator.ActiveCfg = Release|Any CPU
		{B2ADB131-E47E-4DF4-8AA6-1D7E284EFFA9}.Release|Mixed Platforms.ActiveCfg = Release|Any CPU
		{B2ADB131-E47E-4DF4-8AA6-1D7E284EFFA9}.Release|Mixed Platforms.Build.0 = Release|Any CPU
		{698DA5A6-BEE2-4FD6-A2F7-8269289B1DA4}.Debug|Any CPU.ActiveCfg = Debug|iPhone
		{698DA5A6-BEE2-4FD6-A2F7-8269289B1DA4}.Debug|iPhone.ActiveCfg = Debug|iPhone
		{698DA5A6-BEE2-4FD6-A2F7-8269289B1DA4}.Debug|iPhone.Build.0 = Debug|iPhone
		{698DA5A6-BEE2-4FD6-A2F7-8269289B1DA4}.Debug|iPhoneSimulator.ActiveCfg = Debug|iPhoneSimulator
		{698DA5A6-BEE2-4FD6-A2F7-8269289B1DA4}.Debug|iPhoneSimulator.Build.0 = Debug|iPhoneSimulator
		{698DA5A6-BEE2-4FD6-A2F7-8269289B1DA4}.Debug|Mixed Platforms.ActiveCfg = Debug|iPhone
		{698DA5A6-BEE2-4FD6-A2F7-8269289B1DA4}.Debug|Mixed Platforms.Build.0 = Debug|iPhone
		{698DA5A6-BEE2-4FD6-A2F7-8269289B1DA4}.Release|Any CPU.ActiveCfg = Release|iPhone
		{698DA5A6-BEE2-4FD6-A2F7-8269289B1DA4}.Release|iPhone.ActiveCfg = Release|iPhone
		{698DA5A6-BEE2-4FD6-A2F7-8269289B1DA4}.Release|iPhone.Build.0 = Release|iPhone
		{698DA5A6-BEE2-4FD6-A2F7-8269289B1DA4}.Release|iPhoneSimulator.ActiveCfg = Release|iPhoneSimulator
		{698DA5A6-BEE2-4FD6-A2F7-8269289B1DA4}.Release|iPhoneSimulator.Build.0 = Release|iPhoneSimulator
		{698DA5A6-BEE2-4FD6-A2F7-8269289B1DA4}.Release|Mixed Platforms.ActiveCfg = Release|iPhone
		{698DA5A6-BEE2-4FD6-A2F7-8269289B1DA4}.Release|Mixed Platforms.Build.0 = Release|iPhone
		{B05058DC-A468-4371-A0A8-A528ED9E5692}.Debug|Any CPU.ActiveCfg = Debug|Any CPU
		{B05058DC-A468-4371-A0A8-A528ED9E5692}.Debug|Any CPU.Build.0 = Debug|Any CPU
		{B05058DC-A468-4371-A0A8-A528ED9E5692}.Debug|iPhone.ActiveCfg = Debug|Any CPU
		{B05058DC-A468-4371-A0A8-A528ED9E5692}.Debug|iPhoneSimulator.ActiveCfg = Debug|Any CPU
		{B05058DC-A468-4371-A0A8-A528ED9E5692}.Debug|Mixed Platforms.ActiveCfg = Debug|Any CPU
		{B05058DC-A468-4371-A0A8-A528ED9E5692}.Debug|Mixed Platforms.Build.0 = Debug|Any CPU
		{B05058DC-A468-4371-A0A8-A528ED9E5692}.Release|Any CPU.ActiveCfg = Release|Any CPU
		{B05058DC-A468-4371-A0A8-A528ED9E5692}.Release|Any CPU.Build.0 = Release|Any CPU
		{B05058DC-A468-4371-A0A8-A528ED9E5692}.Release|iPhone.ActiveCfg = Release|Any CPU
		{B05058DC-A468-4371-A0A8-A528ED9E5692}.Release|iPhoneSimulator.ActiveCfg = Release|Any CPU
		{B05058DC-A468-4371-A0A8-A528ED9E5692}.Release|Mixed Platforms.ActiveCfg = Release|Any CPU
		{B05058DC-A468-4371-A0A8-A528ED9E5692}.Release|Mixed Platforms.Build.0 = Release|Any CPU
		{89148A39-046D-433E-B196-09E5F399EF18}.Debug|Any CPU.ActiveCfg = Debug|Any CPU
		{89148A39-046D-433E-B196-09E5F399EF18}.Debug|Any CPU.Build.0 = Debug|Any CPU
		{89148A39-046D-433E-B196-09E5F399EF18}.Debug|iPhone.ActiveCfg = Debug|Any CPU
		{89148A39-046D-433E-B196-09E5F399EF18}.Debug|iPhoneSimulator.ActiveCfg = Debug|Any CPU
		{89148A39-046D-433E-B196-09E5F399EF18}.Debug|Mixed Platforms.ActiveCfg = Debug|Any CPU
		{89148A39-046D-433E-B196-09E5F399EF18}.Debug|Mixed Platforms.Build.0 = Debug|Any CPU
		{89148A39-046D-433E-B196-09E5F399EF18}.Release|Any CPU.ActiveCfg = Release|Any CPU
		{89148A39-046D-433E-B196-09E5F399EF18}.Release|Any CPU.Build.0 = Release|Any CPU
		{89148A39-046D-433E-B196-09E5F399EF18}.Release|iPhone.ActiveCfg = Release|Any CPU
		{89148A39-046D-433E-B196-09E5F399EF18}.Release|iPhoneSimulator.ActiveCfg = Release|Any CPU
		{89148A39-046D-433E-B196-09E5F399EF18}.Release|Mixed Platforms.ActiveCfg = Release|Any CPU
		{89148A39-046D-433E-B196-09E5F399EF18}.Release|Mixed Platforms.Build.0 = Release|Any CPU
	EndGlobalSection
	GlobalSection(SolutionProperties) = preSolution
		HideSolutionNode = FALSE
	EndGlobalSection
	GlobalSection(NestedProjects) = preSolution
		{9F666743-C8EE-4553-A079-03FB36F979E0} = {E7C9CF2E-5EB7-401C-8839-0A7E73092D8B}
		{B2ADB131-E47E-4DF4-8AA6-1D7E284EFFA9} = {E7C9CF2E-5EB7-401C-8839-0A7E73092D8B}
		{11150F15-8271-43E3-BECA-65F24E82774C} = {89C3B199-2A15-4E86-8D2A-43C9640DD417}
		{698DA5A6-BEE2-4FD6-A2F7-8269289B1DA4} = {89C3B199-2A15-4E86-8D2A-43C9640DD417}
		{B05058DC-A468-4371-A0A8-A528ED9E5692} = {067CF9A9-2524-4B97-9ED8-2961A6A38235}
		{89148A39-046D-433E-B196-09E5F399EF18} = {067CF9A9-2524-4B97-9ED8-2961A6A38235}
	EndGlobalSection
EndGlobal
