
Microsoft Visual Studio Solution File, Format Version 12.00
# Visual Studio 2012
Project("{FAE04EC0-301F-11D3-BF4B-00C04F79EFBC}") = "Kount API Demo", "DeviceCollectorSample\Kount API Demo.csproj", "{9468BB97-244D-4287-9104-97346973AF06}"
EndProject
Global
	GlobalSection(SolutionConfigurationPlatforms) = preSolution
		Debug|Any CPU = Debug|Any CPU
		Release|Any CPU = Release|Any CPU
		Debug|iPhoneSimulator = Debug|iPhoneSimulator
		Release|iPhone = Release|iPhone
		Release|iPhoneSimulator = Release|iPhoneSimulator
		Debug|iPhone = Debug|iPhone
	EndGlobalSection
	GlobalSection(ProjectConfigurationPlatforms) = postSolution
		{9468BB97-244D-4287-9104-97346973AF06}.Debug|Any CPU.ActiveCfg = Debug|iPhoneSimulator
		{9468BB97-244D-4287-9104-97346973AF06}.Debug|Any CPU.Build.0 = Debug|iPhoneSimulator
		{9468BB97-244D-4287-9104-97346973AF06}.Debug|iPhone.ActiveCfg = Debug|iPhone
		{9468BB97-244D-4287-9104-97346973AF06}.Debug|iPhone.Build.0 = Debug|iPhone
		{9468BB97-244D-4287-9104-97346973AF06}.Debug|iPhoneSimulator.ActiveCfg = Debug|iPhoneSimulator
		{9468BB97-244D-4287-9104-97346973AF06}.Debug|iPhoneSimulator.Build.0 = Debug|iPhoneSimulator
		{9468BB97-244D-4287-9104-97346973AF06}.Release|Any CPU.ActiveCfg = Release|iPhone
		{9468BB97-244D-4287-9104-97346973AF06}.Release|Any CPU.Build.0 = Release|iPhone
		{9468BB97-244D-4287-9104-97346973AF06}.Release|iPhone.ActiveCfg = Release|iPhone
		{9468BB97-244D-4287-9104-97346973AF06}.Release|iPhone.Build.0 = Release|iPhone
		{9468BB97-244D-4287-9104-97346973AF06}.Release|iPhoneSimulator.ActiveCfg = Release|iPhoneSimulator
		{9468BB97-244D-4287-9104-97346973AF06}.Release|iPhoneSimulator.Build.0 = Release|iPhoneSimulator
	EndGlobalSection
	GlobalSection(MonoDevelopProperties) = preSolution
		description = Xamarin Android Kount SDK
		version = 2.5
	EndGlobalSection
EndGlobal
