
Microsoft Visual Studio Solution File, Format Version 12.00
# Visual Studio 2013
VisualStudioVersion = 12.0.40629.0
MinimumVisualStudioVersion = 10.0.40219.1
Project("{FAE04EC0-301F-11D3-BF4B-00C04F79EFBC}") = "TaxiHail", "Android\TaxiHail.csproj", "{9F666743-C8EE-4553-A079-03FB36F979E0}"
EndProject
Project("{FAE04EC0-301F-11D3-BF4B-00C04F79EFBC}") = "MK.Booking.Mobile.Android", "Common\MK.Booking.Mobile.Android.csproj", "{B2ADB131-E47E-4DF4-8AA6-1D7E284EFFA9}"
EndProject
Project("{FAE04EC0-301F-11D3-BF4B-00C04F79EFBC}") = "MK.Booking.Api.Contract.Android", "..\Server\MK.Booking.Api.Contract\MK.Booking.Api.Contract.Android.csproj", "{F899012E-C6A6-4C49-8501-8DDEF592CCF1}"
EndProject
Project("{FAE04EC0-301F-11D3-BF4B-00C04F79EFBC}") = "MK.Booking.Api.Client.Android", "..\Server\MK.Booking.Api.Client\MK.Booking.Api.Client.Android.csproj", "{A70ADE42-9492-4247-96DC-0CFE0CB0CC64}"
EndProject
Project("{FAE04EC0-301F-11D3-BF4B-00C04F79EFBC}") = "MK.Common.Android", "..\Server\MK.Common\MK.Common.Android.csproj", "{BDEC449B-7C09-4302-AEF1-AF46B34BE9A6}"
EndProject
Project("{FAE04EC0-301F-11D3-BF4B-00C04F79EFBC}") = "MK.Booking.Maps.Android", "..\Server\MK.Booking.Maps\MK.Booking.Maps.Android.csproj", "{7ABA8DC0-BC56-48FA-826A-286DE83D6C75}"
EndProject
Project("{FAE04EC0-301F-11D3-BF4B-00C04F79EFBC}") = "MK.Booking.MapDataProvider.Android", "..\Server\MK.Booking.MapDataProvider\MK.Booking.MapDataProvider.Android.csproj", "{742B3C55-5630-4DCA-BBBD-035C313A4647}"
EndProject
Project("{FAE04EC0-301F-11D3-BF4B-00C04F79EFBC}") = "CMTPayment.Android", "..\Server\CMTPayment\CMTPayment.Android.csproj", "{FD56EFB1-2ED8-4A8A-B7AB-80EB36CF03EB}"
EndProject
Project("{FAE04EC0-301F-11D3-BF4B-00C04F79EFBC}") = "GoogleMaps.M4B", "Libraries\SourceCode\GoogleMapsForBusiness\binding\android\GoogleMaps.M4B\GoogleMaps.M4B.csproj", "{8CB25019-45B3-4E49-90C8-5C9B03A2A75C}"
EndProject
Project("{FAE04EC0-301F-11D3-BF4B-00C04F79EFBC}") = "MK.Callbox.Mobile.Client.Android", "MK.Callbox.Mobile.Client.Android\MK.Callbox.Mobile.Client.Android.csproj", "{DE9A07FE-A2EE-4669-934E-FF6D1805D858}"
Project("{D954291E-2A0B-460D-934E-DC6B0785DB48}") = "TaxiHail.Shared", "TaxiHail.Shared\TaxiHail.Shared.shproj", "{FC73F5E3-8AD2-4845-9B35-C0326CE25A9E}"
EndProject
Global
	GlobalSection(SolutionConfigurationPlatforms) = preSolution
		Android|Any CPU = Android|Any CPU
		Debug|Any CPU = Debug|Any CPU
		iOS|Any CPU = iOS|Any CPU
		Mac|Any CPU = Mac|Any CPU
		Release|Any CPU = Release|Any CPU
	EndGlobalSection
	GlobalSection(ProjectConfigurationPlatforms) = postSolution
		{9F666743-C8EE-4553-A079-03FB36F979E0}.Android|Any CPU.ActiveCfg = Debug|Any CPU
		{9F666743-C8EE-4553-A079-03FB36F979E0}.Android|Any CPU.Build.0 = Debug|Any CPU
		{9F666743-C8EE-4553-A079-03FB36F979E0}.Android|Any CPU.Deploy.0 = Debug|Any CPU
		{9F666743-C8EE-4553-A079-03FB36F979E0}.Debug|Any CPU.ActiveCfg = Debug|Any CPU
		{9F666743-C8EE-4553-A079-03FB36F979E0}.Debug|Any CPU.Build.0 = Debug|Any CPU
		{9F666743-C8EE-4553-A079-03FB36F979E0}.iOS|Any CPU.ActiveCfg = Debug|Any CPU
		{9F666743-C8EE-4553-A079-03FB36F979E0}.iOS|Any CPU.Build.0 = Debug|Any CPU
		{9F666743-C8EE-4553-A079-03FB36F979E0}.Mac|Any CPU.ActiveCfg = Debug|Any CPU
		{9F666743-C8EE-4553-A079-03FB36F979E0}.Mac|Any CPU.Build.0 = Debug|Any CPU
		{9F666743-C8EE-4553-A079-03FB36F979E0}.Release|Any CPU.ActiveCfg = Release|Any CPU
		{9F666743-C8EE-4553-A079-03FB36F979E0}.Release|Any CPU.Build.0 = Release|Any CPU
		{B2ADB131-E47E-4DF4-8AA6-1D7E284EFFA9}.Android|Any CPU.ActiveCfg = Debug|Any CPU
		{B2ADB131-E47E-4DF4-8AA6-1D7E284EFFA9}.Android|Any CPU.Build.0 = Debug|Any CPU
		{B2ADB131-E47E-4DF4-8AA6-1D7E284EFFA9}.Debug|Any CPU.ActiveCfg = Debug|Any CPU
		{B2ADB131-E47E-4DF4-8AA6-1D7E284EFFA9}.Debug|Any CPU.Build.0 = Debug|Any CPU
		{B2ADB131-E47E-4DF4-8AA6-1D7E284EFFA9}.iOS|Any CPU.ActiveCfg = Debug|Any CPU
		{B2ADB131-E47E-4DF4-8AA6-1D7E284EFFA9}.iOS|Any CPU.Build.0 = Debug|Any CPU
		{B2ADB131-E47E-4DF4-8AA6-1D7E284EFFA9}.Mac|Any CPU.ActiveCfg = Debug|Any CPU
		{B2ADB131-E47E-4DF4-8AA6-1D7E284EFFA9}.Mac|Any CPU.Build.0 = Debug|Any CPU
		{B2ADB131-E47E-4DF4-8AA6-1D7E284EFFA9}.Release|Any CPU.ActiveCfg = Release|Any CPU
		{B2ADB131-E47E-4DF4-8AA6-1D7E284EFFA9}.Release|Any CPU.Build.0 = Release|Any CPU
		{F899012E-C6A6-4C49-8501-8DDEF592CCF1}.Android|Any CPU.ActiveCfg = Debug|Any CPU
		{F899012E-C6A6-4C49-8501-8DDEF592CCF1}.Android|Any CPU.Build.0 = Debug|Any CPU
		{F899012E-C6A6-4C49-8501-8DDEF592CCF1}.Debug|Any CPU.ActiveCfg = Debug|Any CPU
		{F899012E-C6A6-4C49-8501-8DDEF592CCF1}.Debug|Any CPU.Build.0 = Debug|Any CPU
		{F899012E-C6A6-4C49-8501-8DDEF592CCF1}.iOS|Any CPU.ActiveCfg = Debug|Any CPU
		{F899012E-C6A6-4C49-8501-8DDEF592CCF1}.iOS|Any CPU.Build.0 = Debug|Any CPU
		{F899012E-C6A6-4C49-8501-8DDEF592CCF1}.Mac|Any CPU.ActiveCfg = Debug|Any CPU
		{F899012E-C6A6-4C49-8501-8DDEF592CCF1}.Mac|Any CPU.Build.0 = Debug|Any CPU
		{F899012E-C6A6-4C49-8501-8DDEF592CCF1}.Release|Any CPU.ActiveCfg = Release|Any CPU
		{F899012E-C6A6-4C49-8501-8DDEF592CCF1}.Release|Any CPU.Build.0 = Release|Any CPU
		{A70ADE42-9492-4247-96DC-0CFE0CB0CC64}.Android|Any CPU.ActiveCfg = Debug|Any CPU
		{A70ADE42-9492-4247-96DC-0CFE0CB0CC64}.Android|Any CPU.Build.0 = Debug|Any CPU
		{A70ADE42-9492-4247-96DC-0CFE0CB0CC64}.Debug|Any CPU.ActiveCfg = Debug|Any CPU
		{A70ADE42-9492-4247-96DC-0CFE0CB0CC64}.Debug|Any CPU.Build.0 = Debug|Any CPU
		{A70ADE42-9492-4247-96DC-0CFE0CB0CC64}.iOS|Any CPU.ActiveCfg = Debug|Any CPU
		{A70ADE42-9492-4247-96DC-0CFE0CB0CC64}.iOS|Any CPU.Build.0 = Debug|Any CPU
		{A70ADE42-9492-4247-96DC-0CFE0CB0CC64}.Mac|Any CPU.ActiveCfg = Debug|Any CPU
		{A70ADE42-9492-4247-96DC-0CFE0CB0CC64}.Mac|Any CPU.Build.0 = Debug|Any CPU
		{A70ADE42-9492-4247-96DC-0CFE0CB0CC64}.Release|Any CPU.ActiveCfg = Release|Any CPU
		{A70ADE42-9492-4247-96DC-0CFE0CB0CC64}.Release|Any CPU.Build.0 = Release|Any CPU
		{BDEC449B-7C09-4302-AEF1-AF46B34BE9A6}.Android|Any CPU.ActiveCfg = Debug|Any CPU
		{BDEC449B-7C09-4302-AEF1-AF46B34BE9A6}.Android|Any CPU.Build.0 = Debug|Any CPU
		{BDEC449B-7C09-4302-AEF1-AF46B34BE9A6}.Debug|Any CPU.ActiveCfg = Debug|Any CPU
		{BDEC449B-7C09-4302-AEF1-AF46B34BE9A6}.Debug|Any CPU.Build.0 = Debug|Any CPU
		{BDEC449B-7C09-4302-AEF1-AF46B34BE9A6}.iOS|Any CPU.ActiveCfg = Debug|Any CPU
		{BDEC449B-7C09-4302-AEF1-AF46B34BE9A6}.iOS|Any CPU.Build.0 = Debug|Any CPU
		{BDEC449B-7C09-4302-AEF1-AF46B34BE9A6}.Mac|Any CPU.ActiveCfg = Debug|Any CPU
		{BDEC449B-7C09-4302-AEF1-AF46B34BE9A6}.Mac|Any CPU.Build.0 = Debug|Any CPU
		{BDEC449B-7C09-4302-AEF1-AF46B34BE9A6}.Release|Any CPU.ActiveCfg = Release|Any CPU
		{BDEC449B-7C09-4302-AEF1-AF46B34BE9A6}.Release|Any CPU.Build.0 = Release|Any CPU
		{7ABA8DC0-BC56-48FA-826A-286DE83D6C75}.Android|Any CPU.ActiveCfg = Debug|Any CPU
		{7ABA8DC0-BC56-48FA-826A-286DE83D6C75}.Android|Any CPU.Build.0 = Debug|Any CPU
		{7ABA8DC0-BC56-48FA-826A-286DE83D6C75}.Debug|Any CPU.ActiveCfg = Debug|Any CPU
		{7ABA8DC0-BC56-48FA-826A-286DE83D6C75}.Debug|Any CPU.Build.0 = Debug|Any CPU
		{7ABA8DC0-BC56-48FA-826A-286DE83D6C75}.iOS|Any CPU.ActiveCfg = Debug|Any CPU
		{7ABA8DC0-BC56-48FA-826A-286DE83D6C75}.iOS|Any CPU.Build.0 = Debug|Any CPU
		{7ABA8DC0-BC56-48FA-826A-286DE83D6C75}.Mac|Any CPU.ActiveCfg = Debug|Any CPU
		{7ABA8DC0-BC56-48FA-826A-286DE83D6C75}.Mac|Any CPU.Build.0 = Debug|Any CPU
		{7ABA8DC0-BC56-48FA-826A-286DE83D6C75}.Release|Any CPU.ActiveCfg = Release|Any CPU
		{7ABA8DC0-BC56-48FA-826A-286DE83D6C75}.Release|Any CPU.Build.0 = Release|Any CPU
		{742B3C55-5630-4DCA-BBBD-035C313A4647}.Android|Any CPU.ActiveCfg = Debug|Any CPU
		{742B3C55-5630-4DCA-BBBD-035C313A4647}.Android|Any CPU.Build.0 = Debug|Any CPU
		{742B3C55-5630-4DCA-BBBD-035C313A4647}.Debug|Any CPU.ActiveCfg = Debug|Any CPU
		{742B3C55-5630-4DCA-BBBD-035C313A4647}.Debug|Any CPU.Build.0 = Debug|Any CPU
		{742B3C55-5630-4DCA-BBBD-035C313A4647}.iOS|Any CPU.ActiveCfg = Debug|Any CPU
		{742B3C55-5630-4DCA-BBBD-035C313A4647}.iOS|Any CPU.Build.0 = Debug|Any CPU
		{742B3C55-5630-4DCA-BBBD-035C313A4647}.Mac|Any CPU.ActiveCfg = Debug|Any CPU
		{742B3C55-5630-4DCA-BBBD-035C313A4647}.Mac|Any CPU.Build.0 = Debug|Any CPU
		{742B3C55-5630-4DCA-BBBD-035C313A4647}.Release|Any CPU.ActiveCfg = Release|Any CPU
		{742B3C55-5630-4DCA-BBBD-035C313A4647}.Release|Any CPU.Build.0 = Release|Any CPU
		{FD56EFB1-2ED8-4A8A-B7AB-80EB36CF03EB}.Android|Any CPU.ActiveCfg = Debug|Any CPU
		{FD56EFB1-2ED8-4A8A-B7AB-80EB36CF03EB}.Android|Any CPU.Build.0 = Debug|Any CPU
		{FD56EFB1-2ED8-4A8A-B7AB-80EB36CF03EB}.Debug|Any CPU.ActiveCfg = Debug|Any CPU
		{FD56EFB1-2ED8-4A8A-B7AB-80EB36CF03EB}.Debug|Any CPU.Build.0 = Debug|Any CPU
		{FD56EFB1-2ED8-4A8A-B7AB-80EB36CF03EB}.iOS|Any CPU.ActiveCfg = Debug|Any CPU
		{FD56EFB1-2ED8-4A8A-B7AB-80EB36CF03EB}.iOS|Any CPU.Build.0 = Debug|Any CPU
		{FD56EFB1-2ED8-4A8A-B7AB-80EB36CF03EB}.Mac|Any CPU.ActiveCfg = Debug|Any CPU
		{FD56EFB1-2ED8-4A8A-B7AB-80EB36CF03EB}.Mac|Any CPU.Build.0 = Debug|Any CPU
		{FD56EFB1-2ED8-4A8A-B7AB-80EB36CF03EB}.Release|Any CPU.ActiveCfg = Release|Any CPU
		{FD56EFB1-2ED8-4A8A-B7AB-80EB36CF03EB}.Release|Any CPU.Build.0 = Release|Any CPU
		{8CB25019-45B3-4E49-90C8-5C9B03A2A75C}.Android|Any CPU.ActiveCfg = Debug|Any CPU
		{8CB25019-45B3-4E49-90C8-5C9B03A2A75C}.Android|Any CPU.Build.0 = Debug|Any CPU
		{8CB25019-45B3-4E49-90C8-5C9B03A2A75C}.Debug|Any CPU.ActiveCfg = Debug|Any CPU
		{8CB25019-45B3-4E49-90C8-5C9B03A2A75C}.Debug|Any CPU.Build.0 = Debug|Any CPU
		{8CB25019-45B3-4E49-90C8-5C9B03A2A75C}.iOS|Any CPU.ActiveCfg = Debug|Any CPU
		{8CB25019-45B3-4E49-90C8-5C9B03A2A75C}.iOS|Any CPU.Build.0 = Debug|Any CPU
		{8CB25019-45B3-4E49-90C8-5C9B03A2A75C}.Mac|Any CPU.ActiveCfg = Debug|Any CPU
		{8CB25019-45B3-4E49-90C8-5C9B03A2A75C}.Mac|Any CPU.Build.0 = Debug|Any CPU
		{8CB25019-45B3-4E49-90C8-5C9B03A2A75C}.Release|Any CPU.ActiveCfg = Release|Any CPU
		{8CB25019-45B3-4E49-90C8-5C9B03A2A75C}.Release|Any CPU.Build.0 = Release|Any CPU
		{DE9A07FE-A2EE-4669-934E-FF6D1805D858}.Android|Any CPU.ActiveCfg = Release|Any CPU
		{DE9A07FE-A2EE-4669-934E-FF6D1805D858}.Android|Any CPU.Build.0 = Release|Any CPU
		{DE9A07FE-A2EE-4669-934E-FF6D1805D858}.Android|Any CPU.Deploy.0 = Release|Any CPU
		{DE9A07FE-A2EE-4669-934E-FF6D1805D858}.Debug|Any CPU.ActiveCfg = Debug|Any CPU
		{DE9A07FE-A2EE-4669-934E-FF6D1805D858}.Debug|Any CPU.Build.0 = Debug|Any CPU
		{DE9A07FE-A2EE-4669-934E-FF6D1805D858}.Debug|Any CPU.Deploy.0 = Debug|Any CPU
		{DE9A07FE-A2EE-4669-934E-FF6D1805D858}.iOS|Any CPU.ActiveCfg = Release|Any CPU
		{DE9A07FE-A2EE-4669-934E-FF6D1805D858}.iOS|Any CPU.Build.0 = Release|Any CPU
		{DE9A07FE-A2EE-4669-934E-FF6D1805D858}.iOS|Any CPU.Deploy.0 = Release|Any CPU
		{DE9A07FE-A2EE-4669-934E-FF6D1805D858}.Mac|Any CPU.ActiveCfg = Release|Any CPU
		{DE9A07FE-A2EE-4669-934E-FF6D1805D858}.Mac|Any CPU.Build.0 = Release|Any CPU
		{DE9A07FE-A2EE-4669-934E-FF6D1805D858}.Mac|Any CPU.Deploy.0 = Release|Any CPU
		{DE9A07FE-A2EE-4669-934E-FF6D1805D858}.Release|Any CPU.ActiveCfg = Release|Any CPU
		{DE9A07FE-A2EE-4669-934E-FF6D1805D858}.Release|Any CPU.Build.0 = Release|Any CPU
	EndGlobalSection
	GlobalSection(SolutionProperties) = preSolution
		HideSolutionNode = FALSE
	EndGlobalSection
	GlobalSection(MonoDevelopProperties) = preSolution
		Policies = $0
		$0.TextStylePolicy = $1
		$1.FileWidth = 120
		$1.TabsToSpaces = False
		$1.inheritsSet = VisualStudio
		$1.inheritsScope = text/plain
	EndGlobalSection
EndGlobal
