
Microsoft Visual Studio Solution File, Format Version 11.00
# Visual Studio 2010
Project("{2150E333-8FDC-42A3-9474-1A3956D46DE8}") = "iOS", "iOS", "{7BC56061-98BD-40AA-95FD-21840A4AF466}"
EndProject
Project("{FAE04EC0-301F-11D3-BF4B-00C04F79EFBC}") = "MK.Booking.Mobile.Client.iOS", "iOS\MK.Booking.Mobile.Client.iOS.csproj", "{698DA5A6-BEE2-4FD6-A2F7-8269289B1DA4}"
EndProject
Project("{FAE04EC0-301F-11D3-BF4B-00C04F79EFBC}") = "MK.Booking.Api.Client.iOS", "..\Server\MK.Booking.Api.Client\MK.Booking.Api.Client.iOS.csproj", "{52A964D2-F9FE-47CD-9C50-781CCEC560ED}"
EndProject
Project("{FAE04EC0-301F-11D3-BF4B-00C04F79EFBC}") = "MK.Booking.Api.Contract.iOS", "..\Server\MK.Booking.Api.Contract\MK.Booking.Api.Contract.iOS.csproj", "{0C54E2DC-0852-4EED-A882-60B68FE41C8D}"
EndProject
Project("{FAE04EC0-301F-11D3-BF4B-00C04F79EFBC}") = "MK.Booking.Mobile.iOS", "Common\MK.Booking.Mobile.iOS.csproj", "{43282000-6BF8-4D70-B7DB-833BA44E34BB}"
EndProject
Project("{FAE04EC0-301F-11D3-BF4B-00C04F79EFBC}") = "MK.Common.iOS", "..\Server\MK.Common\MK.Common.iOS.csproj", "{CF82F47F-A55D-45C6-B605-822458968E12}"
EndProject
Project("{FAE04EC0-301F-11D3-BF4B-00C04F79EFBC}") = "SocialNetworks.Services.MonoTouch", "SocialNetwork\SocialNetworks.Services.MonoTouch\SocialNetworks.Services.MonoTouch.csproj", "{9CB6D6F3-4E5F-4A4F-B6AE-731B3DBC2031}"
EndProject
Project("{2150E333-8FDC-42A3-9474-1A3956D46DE8}") = "Infrastructure", "Infrastructure", "{BB96472A-B460-4A3A-851B-C2454D8EE8C7}"
EndProject
Project("{FAE04EC0-301F-11D3-BF4B-00C04F79EFBC}") = "Cirrious.MvvmCross.Touch", "Infrastructure\Cirrious.MvvmCross\Cirrious.MvvmCross.Touch.csproj", "{E042EDD9-E89D-4928-BF4D-27F0FC29CEDA}"
EndProject
Project("{FAE04EC0-301F-11D3-BF4B-00C04F79EFBC}") = "Cirrious.MvvmCross.Binding.Touch", "Infrastructure\Cirrious.MvvmCross.Binding\Cirrious.MvvmCross.Binding.Touch.csproj", "{913B13B5-7B2C-4DDA-BECB-DADC827ED895}"
EndProject
Project("{FAE04EC0-301F-11D3-BF4B-00C04F79EFBC}") = "Cirrious.MvvmCross.Dialog.Touch", "Infrastructure\Cirrious.MvvmCross.Dialog\Cirrious.MvvmCross.Dialog.Touch.csproj", "{F073E4F8-E0B6-43E7-84C1-B71AE4BEA0E0}"
EndProject
Project("{FAE04EC0-301F-11D3-BF4B-00C04F79EFBC}") = "MK.Booking.Google.iOS", "..\Server\MK.Booking.Google\MK.Booking.Google.iOS.csproj", "{50A4C580-4D47-48CF-80A8-79FDF81D9845}"
EndProject
Project("{FAE04EC0-301F-11D3-BF4B-00C04F79EFBC}") = "MK.Booking.Maps.iOS", "..\Server\MK.Booking.Maps\MK.Booking.Maps.iOS.csproj", "{3A0351D4-4B1A-4E70-B923-B11519A6B5D5}"
EndProject
Project("{2150E333-8FDC-42A3-9474-1A3956D46DE8}") = "Library", "Library", "{334A2572-3655-451A-B8D1-BBCCA7AB3277}"
EndProject
Project("{FAE04EC0-301F-11D3-BF4B-00C04F79EFBC}") = "Newtonsoft_Json_MonoTouch", "Libraries\Newtonsoft.Json\Newtonsoft.Json\Newtonsoft_Json_MonoTouch.csproj", "{7E04C0C7-C26E-4F5E-A634-A687757E76A1}"
EndProject
Global
	GlobalSection(SolutionConfigurationPlatforms) = preSolution
		Debug|Any CPU = Debug|Any CPU
		Release|Any CPU = Release|Any CPU
		Debug|iPhoneSimulator = Debug|iPhoneSimulator
		Release|iPhoneSimulator = Release|iPhoneSimulator
		Debug|iPhone = Debug|iPhone
		Release|iPhone = Release|iPhone
		AdHoc|iPhone = AdHoc|iPhone
	EndGlobalSection
	GlobalSection(ProjectConfigurationPlatforms) = postSolution
		{0C54E2DC-0852-4EED-A882-60B68FE41C8D}.AdHoc|iPhone.ActiveCfg = AdHoc|iPhone
		{0C54E2DC-0852-4EED-A882-60B68FE41C8D}.AdHoc|iPhone.Build.0 = AdHoc|iPhone
		{0C54E2DC-0852-4EED-A882-60B68FE41C8D}.Debug|Any CPU.ActiveCfg = Debug|Any CPU
		{0C54E2DC-0852-4EED-A882-60B68FE41C8D}.Debug|Any CPU.Build.0 = Debug|Any CPU
		{0C54E2DC-0852-4EED-A882-60B68FE41C8D}.Debug|iPhone.ActiveCfg = Debug|Any CPU
		{0C54E2DC-0852-4EED-A882-60B68FE41C8D}.Debug|iPhone.Build.0 = Debug|Any CPU
		{0C54E2DC-0852-4EED-A882-60B68FE41C8D}.Debug|iPhoneSimulator.ActiveCfg = Debug|Any CPU
		{0C54E2DC-0852-4EED-A882-60B68FE41C8D}.Debug|iPhoneSimulator.Build.0 = Debug|Any CPU
		{0C54E2DC-0852-4EED-A882-60B68FE41C8D}.Release|Any CPU.ActiveCfg = Release|Any CPU
		{0C54E2DC-0852-4EED-A882-60B68FE41C8D}.Release|Any CPU.Build.0 = Release|Any CPU
		{0C54E2DC-0852-4EED-A882-60B68FE41C8D}.Release|iPhone.ActiveCfg = Release|Any CPU
		{0C54E2DC-0852-4EED-A882-60B68FE41C8D}.Release|iPhone.Build.0 = Release|Any CPU
		{0C54E2DC-0852-4EED-A882-60B68FE41C8D}.Release|iPhoneSimulator.ActiveCfg = Release|Any CPU
		{0C54E2DC-0852-4EED-A882-60B68FE41C8D}.Release|iPhoneSimulator.Build.0 = Release|Any CPU
		{3A0351D4-4B1A-4E70-B923-B11519A6B5D5}.AdHoc|iPhone.ActiveCfg = AdHoc|iPhone
		{3A0351D4-4B1A-4E70-B923-B11519A6B5D5}.AdHoc|iPhone.Build.0 = AdHoc|iPhone
		{3A0351D4-4B1A-4E70-B923-B11519A6B5D5}.Debug|Any CPU.ActiveCfg = Debug|Any CPU
		{3A0351D4-4B1A-4E70-B923-B11519A6B5D5}.Debug|Any CPU.Build.0 = Debug|Any CPU
		{3A0351D4-4B1A-4E70-B923-B11519A6B5D5}.Debug|iPhone.ActiveCfg = Debug|Any CPU
		{3A0351D4-4B1A-4E70-B923-B11519A6B5D5}.Debug|iPhone.Build.0 = Debug|Any CPU
		{3A0351D4-4B1A-4E70-B923-B11519A6B5D5}.Debug|iPhoneSimulator.ActiveCfg = Debug|Any CPU
		{3A0351D4-4B1A-4E70-B923-B11519A6B5D5}.Debug|iPhoneSimulator.Build.0 = Debug|Any CPU
		{3A0351D4-4B1A-4E70-B923-B11519A6B5D5}.Release|Any CPU.ActiveCfg = Release|Any CPU
		{3A0351D4-4B1A-4E70-B923-B11519A6B5D5}.Release|Any CPU.Build.0 = Release|Any CPU
		{3A0351D4-4B1A-4E70-B923-B11519A6B5D5}.Release|iPhone.ActiveCfg = Release|Any CPU
		{3A0351D4-4B1A-4E70-B923-B11519A6B5D5}.Release|iPhone.Build.0 = Release|Any CPU
		{3A0351D4-4B1A-4E70-B923-B11519A6B5D5}.Release|iPhoneSimulator.ActiveCfg = Release|Any CPU
		{3A0351D4-4B1A-4E70-B923-B11519A6B5D5}.Release|iPhoneSimulator.Build.0 = Release|Any CPU
		{43282000-6BF8-4D70-B7DB-833BA44E34BB}.AdHoc|iPhone.ActiveCfg = AdHoc|iPhone
		{43282000-6BF8-4D70-B7DB-833BA44E34BB}.AdHoc|iPhone.Build.0 = AdHoc|iPhone
		{43282000-6BF8-4D70-B7DB-833BA44E34BB}.Debug|Any CPU.ActiveCfg = Debug|Any CPU
		{43282000-6BF8-4D70-B7DB-833BA44E34BB}.Debug|Any CPU.Build.0 = Debug|Any CPU
		{43282000-6BF8-4D70-B7DB-833BA44E34BB}.Debug|iPhone.ActiveCfg = Debug|Any CPU
		{43282000-6BF8-4D70-B7DB-833BA44E34BB}.Debug|iPhone.Build.0 = Debug|Any CPU
		{43282000-6BF8-4D70-B7DB-833BA44E34BB}.Debug|iPhoneSimulator.ActiveCfg = Debug|Any CPU
		{43282000-6BF8-4D70-B7DB-833BA44E34BB}.Debug|iPhoneSimulator.Build.0 = Debug|Any CPU
		{43282000-6BF8-4D70-B7DB-833BA44E34BB}.Release|Any CPU.ActiveCfg = Release|Any CPU
		{43282000-6BF8-4D70-B7DB-833BA44E34BB}.Release|Any CPU.Build.0 = Release|Any CPU
		{43282000-6BF8-4D70-B7DB-833BA44E34BB}.Release|iPhone.ActiveCfg = Release|Any CPU
		{43282000-6BF8-4D70-B7DB-833BA44E34BB}.Release|iPhone.Build.0 = Release|Any CPU
		{43282000-6BF8-4D70-B7DB-833BA44E34BB}.Release|iPhoneSimulator.ActiveCfg = Release|Any CPU
		{43282000-6BF8-4D70-B7DB-833BA44E34BB}.Release|iPhoneSimulator.Build.0 = Release|Any CPU
		{50A4C580-4D47-48CF-80A8-79FDF81D9845}.AdHoc|iPhone.ActiveCfg = AdHoc|iPhone
		{50A4C580-4D47-48CF-80A8-79FDF81D9845}.AdHoc|iPhone.Build.0 = AdHoc|iPhone
		{50A4C580-4D47-48CF-80A8-79FDF81D9845}.Debug|Any CPU.ActiveCfg = Debug|Any CPU
		{50A4C580-4D47-48CF-80A8-79FDF81D9845}.Debug|Any CPU.Build.0 = Debug|Any CPU
		{50A4C580-4D47-48CF-80A8-79FDF81D9845}.Debug|iPhone.ActiveCfg = Debug|Any CPU
		{50A4C580-4D47-48CF-80A8-79FDF81D9845}.Debug|iPhone.Build.0 = Debug|Any CPU
		{50A4C580-4D47-48CF-80A8-79FDF81D9845}.Debug|iPhoneSimulator.ActiveCfg = Debug|Any CPU
		{50A4C580-4D47-48CF-80A8-79FDF81D9845}.Debug|iPhoneSimulator.Build.0 = Debug|Any CPU
		{50A4C580-4D47-48CF-80A8-79FDF81D9845}.Release|Any CPU.ActiveCfg = Release|Any CPU
		{50A4C580-4D47-48CF-80A8-79FDF81D9845}.Release|Any CPU.Build.0 = Release|Any CPU
		{50A4C580-4D47-48CF-80A8-79FDF81D9845}.Release|iPhone.ActiveCfg = Release|Any CPU
		{50A4C580-4D47-48CF-80A8-79FDF81D9845}.Release|iPhone.Build.0 = Release|Any CPU
		{50A4C580-4D47-48CF-80A8-79FDF81D9845}.Release|iPhoneSimulator.ActiveCfg = Release|Any CPU
		{50A4C580-4D47-48CF-80A8-79FDF81D9845}.Release|iPhoneSimulator.Build.0 = Release|Any CPU
		{52A964D2-F9FE-47CD-9C50-781CCEC560ED}.AdHoc|iPhone.ActiveCfg = AdHoc|iPhone
		{52A964D2-F9FE-47CD-9C50-781CCEC560ED}.AdHoc|iPhone.Build.0 = AdHoc|iPhone
		{52A964D2-F9FE-47CD-9C50-781CCEC560ED}.Debug|Any CPU.ActiveCfg = Debug|Any CPU
		{52A964D2-F9FE-47CD-9C50-781CCEC560ED}.Debug|Any CPU.Build.0 = Debug|Any CPU
		{52A964D2-F9FE-47CD-9C50-781CCEC560ED}.Debug|iPhone.ActiveCfg = Debug|Any CPU
		{52A964D2-F9FE-47CD-9C50-781CCEC560ED}.Debug|iPhone.Build.0 = Debug|Any CPU
		{52A964D2-F9FE-47CD-9C50-781CCEC560ED}.Debug|iPhoneSimulator.ActiveCfg = Debug|Any CPU
		{52A964D2-F9FE-47CD-9C50-781CCEC560ED}.Debug|iPhoneSimulator.Build.0 = Debug|Any CPU
		{52A964D2-F9FE-47CD-9C50-781CCEC560ED}.Release|Any CPU.ActiveCfg = Release|Any CPU
		{52A964D2-F9FE-47CD-9C50-781CCEC560ED}.Release|Any CPU.Build.0 = Release|Any CPU
		{52A964D2-F9FE-47CD-9C50-781CCEC560ED}.Release|iPhone.ActiveCfg = Release|Any CPU
		{52A964D2-F9FE-47CD-9C50-781CCEC560ED}.Release|iPhone.Build.0 = Release|Any CPU
		{52A964D2-F9FE-47CD-9C50-781CCEC560ED}.Release|iPhoneSimulator.ActiveCfg = Release|Any CPU
		{52A964D2-F9FE-47CD-9C50-781CCEC560ED}.Release|iPhoneSimulator.Build.0 = Release|Any CPU
		{698DA5A6-BEE2-4FD6-A2F7-8269289B1DA4}.AdHoc|iPhone.ActiveCfg = AdHoc|iPhone
		{698DA5A6-BEE2-4FD6-A2F7-8269289B1DA4}.AdHoc|iPhone.Build.0 = AdHoc|iPhone
		{698DA5A6-BEE2-4FD6-A2F7-8269289B1DA4}.Debug|Any CPU.ActiveCfg = Debug|iPhoneSimulator
		{698DA5A6-BEE2-4FD6-A2F7-8269289B1DA4}.Debug|Any CPU.Build.0 = Debug|iPhoneSimulator
		{698DA5A6-BEE2-4FD6-A2F7-8269289B1DA4}.Debug|iPhone.ActiveCfg = Debug|iPhone
		{698DA5A6-BEE2-4FD6-A2F7-8269289B1DA4}.Debug|iPhone.Build.0 = Debug|iPhone
		{698DA5A6-BEE2-4FD6-A2F7-8269289B1DA4}.Debug|iPhoneSimulator.ActiveCfg = Debug|iPhoneSimulator
		{698DA5A6-BEE2-4FD6-A2F7-8269289B1DA4}.Debug|iPhoneSimulator.Build.0 = Debug|iPhoneSimulator
		{698DA5A6-BEE2-4FD6-A2F7-8269289B1DA4}.Release|Any CPU.ActiveCfg = Release|iPhoneSimulator
		{698DA5A6-BEE2-4FD6-A2F7-8269289B1DA4}.Release|Any CPU.Build.0 = Release|iPhoneSimulator
		{698DA5A6-BEE2-4FD6-A2F7-8269289B1DA4}.Release|iPhone.ActiveCfg = Release|iPhone
		{698DA5A6-BEE2-4FD6-A2F7-8269289B1DA4}.Release|iPhone.Build.0 = Release|iPhone
		{698DA5A6-BEE2-4FD6-A2F7-8269289B1DA4}.Release|iPhoneSimulator.ActiveCfg = Release|iPhoneSimulator
		{698DA5A6-BEE2-4FD6-A2F7-8269289B1DA4}.Release|iPhoneSimulator.Build.0 = Release|iPhoneSimulator
		{7E04C0C7-C26E-4F5E-A634-A687757E76A1}.AdHoc|iPhone.ActiveCfg = AdHoc|iPhone
		{7E04C0C7-C26E-4F5E-A634-A687757E76A1}.AdHoc|iPhone.Build.0 = AdHoc|iPhone
		{7E04C0C7-C26E-4F5E-A634-A687757E76A1}.Debug|Any CPU.ActiveCfg = Debug|iPhoneSimulator
		{7E04C0C7-C26E-4F5E-A634-A687757E76A1}.Debug|Any CPU.Build.0 = Debug|iPhoneSimulator
		{7E04C0C7-C26E-4F5E-A634-A687757E76A1}.Debug|iPhone.ActiveCfg = Debug|iPhone
		{7E04C0C7-C26E-4F5E-A634-A687757E76A1}.Debug|iPhone.Build.0 = Debug|iPhone
		{7E04C0C7-C26E-4F5E-A634-A687757E76A1}.Debug|iPhoneSimulator.ActiveCfg = Debug|iPhoneSimulator
		{7E04C0C7-C26E-4F5E-A634-A687757E76A1}.Debug|iPhoneSimulator.Build.0 = Debug|iPhoneSimulator
		{7E04C0C7-C26E-4F5E-A634-A687757E76A1}.Release|Any CPU.ActiveCfg = Release|iPhone
		{7E04C0C7-C26E-4F5E-A634-A687757E76A1}.Release|Any CPU.Build.0 = Release|iPhone
		{7E04C0C7-C26E-4F5E-A634-A687757E76A1}.Release|iPhone.ActiveCfg = Release|iPhone
		{7E04C0C7-C26E-4F5E-A634-A687757E76A1}.Release|iPhone.Build.0 = Release|iPhone
		{7E04C0C7-C26E-4F5E-A634-A687757E76A1}.Release|iPhoneSimulator.ActiveCfg = Release|iPhoneSimulator
		{7E04C0C7-C26E-4F5E-A634-A687757E76A1}.Release|iPhoneSimulator.Build.0 = Release|iPhoneSimulator
		{913B13B5-7B2C-4DDA-BECB-DADC827ED895}.AdHoc|iPhone.ActiveCfg = AdHoc|iPhone
		{913B13B5-7B2C-4DDA-BECB-DADC827ED895}.AdHoc|iPhone.Build.0 = AdHoc|iPhone
		{913B13B5-7B2C-4DDA-BECB-DADC827ED895}.Debug|Any CPU.ActiveCfg = Debug|iPhoneSimulator
		{913B13B5-7B2C-4DDA-BECB-DADC827ED895}.Debug|Any CPU.Build.0 = Debug|iPhoneSimulator
		{913B13B5-7B2C-4DDA-BECB-DADC827ED895}.Debug|iPhone.ActiveCfg = Debug|iPhone
		{913B13B5-7B2C-4DDA-BECB-DADC827ED895}.Debug|iPhone.Build.0 = Debug|iPhone
		{913B13B5-7B2C-4DDA-BECB-DADC827ED895}.Debug|iPhoneSimulator.ActiveCfg = Debug|iPhoneSimulator
		{913B13B5-7B2C-4DDA-BECB-DADC827ED895}.Debug|iPhoneSimulator.Build.0 = Debug|iPhoneSimulator
		{913B13B5-7B2C-4DDA-BECB-DADC827ED895}.Release|Any CPU.ActiveCfg = Release|iPhoneSimulator
		{913B13B5-7B2C-4DDA-BECB-DADC827ED895}.Release|Any CPU.Build.0 = Release|iPhoneSimulator
		{913B13B5-7B2C-4DDA-BECB-DADC827ED895}.Release|iPhone.ActiveCfg = Release|iPhone
		{913B13B5-7B2C-4DDA-BECB-DADC827ED895}.Release|iPhone.Build.0 = Release|iPhone
		{913B13B5-7B2C-4DDA-BECB-DADC827ED895}.Release|iPhoneSimulator.ActiveCfg = Release|iPhoneSimulator
		{913B13B5-7B2C-4DDA-BECB-DADC827ED895}.Release|iPhoneSimulator.Build.0 = Release|iPhoneSimulator
		{9CB6D6F3-4E5F-4A4F-B6AE-731B3DBC2031}.AdHoc|iPhone.ActiveCfg = AdHoc|iPhone
		{9CB6D6F3-4E5F-4A4F-B6AE-731B3DBC2031}.AdHoc|iPhone.Build.0 = AdHoc|iPhone
		{9CB6D6F3-4E5F-4A4F-B6AE-731B3DBC2031}.Debug|Any CPU.ActiveCfg = Debug|Any CPU
		{9CB6D6F3-4E5F-4A4F-B6AE-731B3DBC2031}.Debug|Any CPU.Build.0 = Debug|Any CPU
		{9CB6D6F3-4E5F-4A4F-B6AE-731B3DBC2031}.Debug|iPhone.ActiveCfg = Debug|Any CPU
		{9CB6D6F3-4E5F-4A4F-B6AE-731B3DBC2031}.Debug|iPhone.Build.0 = Debug|Any CPU
		{9CB6D6F3-4E5F-4A4F-B6AE-731B3DBC2031}.Debug|iPhoneSimulator.ActiveCfg = Debug|Any CPU
		{9CB6D6F3-4E5F-4A4F-B6AE-731B3DBC2031}.Debug|iPhoneSimulator.Build.0 = Debug|Any CPU
		{9CB6D6F3-4E5F-4A4F-B6AE-731B3DBC2031}.Release|Any CPU.ActiveCfg = Release|Any CPU
		{9CB6D6F3-4E5F-4A4F-B6AE-731B3DBC2031}.Release|Any CPU.Build.0 = Release|Any CPU
		{9CB6D6F3-4E5F-4A4F-B6AE-731B3DBC2031}.Release|iPhone.ActiveCfg = Release|Any CPU
		{9CB6D6F3-4E5F-4A4F-B6AE-731B3DBC2031}.Release|iPhone.Build.0 = Release|Any CPU
		{9CB6D6F3-4E5F-4A4F-B6AE-731B3DBC2031}.Release|iPhoneSimulator.ActiveCfg = Release|Any CPU
		{9CB6D6F3-4E5F-4A4F-B6AE-731B3DBC2031}.Release|iPhoneSimulator.Build.0 = Release|Any CPU
		{CF82F47F-A55D-45C6-B605-822458968E12}.AdHoc|iPhone.ActiveCfg = AdHoc|iPhone
		{CF82F47F-A55D-45C6-B605-822458968E12}.AdHoc|iPhone.Build.0 = AdHoc|iPhone
		{CF82F47F-A55D-45C6-B605-822458968E12}.Debug|Any CPU.ActiveCfg = Debug|Any CPU
		{CF82F47F-A55D-45C6-B605-822458968E12}.Debug|Any CPU.Build.0 = Debug|Any CPU
		{CF82F47F-A55D-45C6-B605-822458968E12}.Debug|iPhone.ActiveCfg = Debug|Any CPU
		{CF82F47F-A55D-45C6-B605-822458968E12}.Debug|iPhone.Build.0 = Debug|Any CPU
		{CF82F47F-A55D-45C6-B605-822458968E12}.Debug|iPhoneSimulator.ActiveCfg = Debug|Any CPU
		{CF82F47F-A55D-45C6-B605-822458968E12}.Debug|iPhoneSimulator.Build.0 = Debug|Any CPU
		{CF82F47F-A55D-45C6-B605-822458968E12}.Release|Any CPU.ActiveCfg = Release|Any CPU
		{CF82F47F-A55D-45C6-B605-822458968E12}.Release|Any CPU.Build.0 = Release|Any CPU
		{CF82F47F-A55D-45C6-B605-822458968E12}.Release|iPhone.ActiveCfg = Release|Any CPU
		{CF82F47F-A55D-45C6-B605-822458968E12}.Release|iPhone.Build.0 = Release|Any CPU
		{CF82F47F-A55D-45C6-B605-822458968E12}.Release|iPhoneSimulator.ActiveCfg = Release|Any CPU
		{CF82F47F-A55D-45C6-B605-822458968E12}.Release|iPhoneSimulator.Build.0 = Release|Any CPU
		{E042EDD9-E89D-4928-BF4D-27F0FC29CEDA}.AdHoc|iPhone.ActiveCfg = AdHoc|iPhone
		{E042EDD9-E89D-4928-BF4D-27F0FC29CEDA}.AdHoc|iPhone.Build.0 = AdHoc|iPhone
		{E042EDD9-E89D-4928-BF4D-27F0FC29CEDA}.Debug|Any CPU.ActiveCfg = Debug|iPhoneSimulator
		{E042EDD9-E89D-4928-BF4D-27F0FC29CEDA}.Debug|Any CPU.Build.0 = Debug|iPhoneSimulator
		{E042EDD9-E89D-4928-BF4D-27F0FC29CEDA}.Debug|iPhone.ActiveCfg = Debug|iPhone
		{E042EDD9-E89D-4928-BF4D-27F0FC29CEDA}.Debug|iPhone.Build.0 = Debug|iPhone
		{E042EDD9-E89D-4928-BF4D-27F0FC29CEDA}.Debug|iPhoneSimulator.ActiveCfg = Debug|iPhoneSimulator
		{E042EDD9-E89D-4928-BF4D-27F0FC29CEDA}.Debug|iPhoneSimulator.Build.0 = Debug|iPhoneSimulator
		{E042EDD9-E89D-4928-BF4D-27F0FC29CEDA}.Release|Any CPU.ActiveCfg = Release|iPhone
		{E042EDD9-E89D-4928-BF4D-27F0FC29CEDA}.Release|Any CPU.Build.0 = Release|iPhone
		{E042EDD9-E89D-4928-BF4D-27F0FC29CEDA}.Release|iPhone.ActiveCfg = Release|iPhone
		{E042EDD9-E89D-4928-BF4D-27F0FC29CEDA}.Release|iPhone.Build.0 = Release|iPhone
		{E042EDD9-E89D-4928-BF4D-27F0FC29CEDA}.Release|iPhoneSimulator.ActiveCfg = Release|iPhoneSimulator
		{E042EDD9-E89D-4928-BF4D-27F0FC29CEDA}.Release|iPhoneSimulator.Build.0 = Release|iPhoneSimulator
		{F073E4F8-E0B6-43E7-84C1-B71AE4BEA0E0}.AdHoc|iPhone.ActiveCfg = AdHoc|iPhone
		{F073E4F8-E0B6-43E7-84C1-B71AE4BEA0E0}.AdHoc|iPhone.Build.0 = AdHoc|iPhone
		{F073E4F8-E0B6-43E7-84C1-B71AE4BEA0E0}.Debug|Any CPU.ActiveCfg = Debug|Any CPU
		{F073E4F8-E0B6-43E7-84C1-B71AE4BEA0E0}.Debug|Any CPU.Build.0 = Debug|Any CPU
		{F073E4F8-E0B6-43E7-84C1-B71AE4BEA0E0}.Debug|iPhone.ActiveCfg = Debug|iPhone
		{F073E4F8-E0B6-43E7-84C1-B71AE4BEA0E0}.Debug|iPhone.Build.0 = Debug|iPhone
		{F073E4F8-E0B6-43E7-84C1-B71AE4BEA0E0}.Debug|iPhoneSimulator.ActiveCfg = Debug|iPhoneSimulator
		{F073E4F8-E0B6-43E7-84C1-B71AE4BEA0E0}.Debug|iPhoneSimulator.Build.0 = Debug|iPhoneSimulator
		{F073E4F8-E0B6-43E7-84C1-B71AE4BEA0E0}.Release|Any CPU.ActiveCfg = Release|Any CPU
		{F073E4F8-E0B6-43E7-84C1-B71AE4BEA0E0}.Release|Any CPU.Build.0 = Release|Any CPU
		{F073E4F8-E0B6-43E7-84C1-B71AE4BEA0E0}.Release|iPhone.ActiveCfg = Release|iPhone
		{F073E4F8-E0B6-43E7-84C1-B71AE4BEA0E0}.Release|iPhone.Build.0 = Release|iPhone
		{F073E4F8-E0B6-43E7-84C1-B71AE4BEA0E0}.Release|iPhoneSimulator.ActiveCfg = Release|iPhoneSimulator
		{F073E4F8-E0B6-43E7-84C1-B71AE4BEA0E0}.Release|iPhoneSimulator.Build.0 = Release|iPhoneSimulator
		{9F666743-C8EE-4553-A079-03FB36F979E0}.Debug|Any CPU.Deploy.0 = Debug|Any CPU
		{9F666743-C8EE-4553-A079-03FB36F979E0}.Release|Any CPU.Deploy.0 = Release|Any CPU
	EndGlobalSection
	GlobalSection(NestedProjects) = preSolution
		{698DA5A6-BEE2-4FD6-A2F7-8269289B1DA4} = {7BC56061-98BD-40AA-95FD-21840A4AF466}
		{52A964D2-F9FE-47CD-9C50-781CCEC560ED} = {7BC56061-98BD-40AA-95FD-21840A4AF466}
		{0C54E2DC-0852-4EED-A882-60B68FE41C8D} = {7BC56061-98BD-40AA-95FD-21840A4AF466}
		{43282000-6BF8-4D70-B7DB-833BA44E34BB} = {7BC56061-98BD-40AA-95FD-21840A4AF466}
		{CF82F47F-A55D-45C6-B605-822458968E12} = {7BC56061-98BD-40AA-95FD-21840A4AF466}
		{9CB6D6F3-4E5F-4A4F-B6AE-731B3DBC2031} = {7BC56061-98BD-40AA-95FD-21840A4AF466}
		{BB96472A-B460-4A3A-851B-C2454D8EE8C7} = {7BC56061-98BD-40AA-95FD-21840A4AF466}
		{50A4C580-4D47-48CF-80A8-79FDF81D9845} = {7BC56061-98BD-40AA-95FD-21840A4AF466}
		{3A0351D4-4B1A-4E70-B923-B11519A6B5D5} = {7BC56061-98BD-40AA-95FD-21840A4AF466}
		{E042EDD9-E89D-4928-BF4D-27F0FC29CEDA} = {BB96472A-B460-4A3A-851B-C2454D8EE8C7}
		{913B13B5-7B2C-4DDA-BECB-DADC827ED895} = {BB96472A-B460-4A3A-851B-C2454D8EE8C7}
		{F073E4F8-E0B6-43E7-84C1-B71AE4BEA0E0} = {BB96472A-B460-4A3A-851B-C2454D8EE8C7}
		{7E04C0C7-C26E-4F5E-A634-A687757E76A1} = {334A2572-3655-451A-B8D1-BBCCA7AB3277}
	EndGlobalSection
	GlobalSection(MonoDevelopProperties) = preSolution
		StartupItem = iOS\MK.Booking.Mobile.Client.iOS.csproj
		Policies = $0
		$0.DotNetNamingPolicy = $1
		$1.DirectoryNamespaceAssociation = None
		$1.ResourceNamePolicy = FileFormatDefault
		$0.TextStylePolicy = $2
		$2.FileWidth = 120
		$2.inheritsSet = VisualStudio
		$2.inheritsScope = text/plain
		$2.scope = text/x-csharp
		$0.CSharpFormattingPolicy = $3
		$3.inheritsSet = Mono
		$3.inheritsScope = text/x-csharp
		$3.scope = text/x-csharp
		$0.TextStylePolicy = $4
		$4.inheritsSet = null
		$4.scope = text/html
		$0.TextStylePolicy = $5
		$5.inheritsSet = null
		$5.scope = text/x-apple-strings
		$0.StandardHeader = $6
		$6.Text = 
		$6.IncludeInNewFiles = True
		$0.NameConventionPolicy = $7
		$7.Rules = $8
		$8.NamingRule = $9
		$9.Name = Namespaces
		$9.AffectedEntity = Namespace
		$9.VisibilityMask = VisibilityMask
		$9.NamingStyle = PascalCase
		$9.IncludeInstanceMembers = True
		$9.IncludeStaticEntities = True
		$8.NamingRule = $10
		$10.Name = Types
		$10.AffectedEntity = Class, Struct, Enum, Delegate
		$10.VisibilityMask = Public
		$10.NamingStyle = PascalCase
		$10.IncludeInstanceMembers = True
		$10.IncludeStaticEntities = True
		$8.NamingRule = $11
		$11.Name = Interfaces
		$11.RequiredPrefixes = $12
		$12.String = I
		$11.AffectedEntity = Interface
		$11.VisibilityMask = Public
		$11.NamingStyle = PascalCase
		$11.IncludeInstanceMembers = True
		$11.IncludeStaticEntities = True
		$8.NamingRule = $13
		$13.Name = Attributes
		$13.RequiredSuffixes = $14
		$14.String = Attribute
		$13.AffectedEntity = CustomAttributes
		$13.VisibilityMask = Public
		$13.NamingStyle = PascalCase
		$13.IncludeInstanceMembers = True
		$13.IncludeStaticEntities = True
		$8.NamingRule = $15
		$15.Name = Event Arguments
		$15.RequiredSuffixes = $16
		$16.String = EventArgs
		$15.AffectedEntity = CustomEventArgs
		$15.VisibilityMask = Public
		$15.NamingStyle = PascalCase
		$15.IncludeInstanceMembers = True
		$15.IncludeStaticEntities = True
		$8.NamingRule = $17
		$17.Name = Exceptions
		$17.RequiredSuffixes = $18
		$18.String = Exception
		$17.AffectedEntity = CustomExceptions
		$17.VisibilityMask = VisibilityMask
		$17.NamingStyle = PascalCase
		$17.IncludeInstanceMembers = True
		$17.IncludeStaticEntities = True
		$8.NamingRule = $19
		$19.Name = Methods
		$19.AffectedEntity = Methods
		$19.VisibilityMask = Protected, Public
		$19.NamingStyle = PascalCase
		$19.IncludeInstanceMembers = True
		$19.IncludeStaticEntities = True
		$8.NamingRule = $20
		$20.Name = Static Readonly Fields
		$20.AffectedEntity = ReadonlyField
		$20.VisibilityMask = Protected, Public
		$20.NamingStyle = PascalCase
		$20.IncludeInstanceMembers = False
		$20.IncludeStaticEntities = True
		$8.NamingRule = $21
		$21.Name = Fields
		$21.AffectedEntity = Field
		$21.VisibilityMask = Protected, Public
		$21.NamingStyle = PascalCase
		$21.IncludeInstanceMembers = True
		$21.IncludeStaticEntities = True
		$8.NamingRule = $22
		$22.Name = ReadOnly Fields
		$22.AffectedEntity = ReadonlyField
		$22.VisibilityMask = Protected, Public
		$22.NamingStyle = PascalCase
		$22.IncludeInstanceMembers = True
		$22.IncludeStaticEntities = False
		$8.NamingRule = $23
		$23.Name = Constant Fields
		$23.AffectedEntity = ConstantField
		$23.VisibilityMask = Protected, Public
		$23.NamingStyle = PascalCase
		$23.IncludeInstanceMembers = True
		$23.IncludeStaticEntities = True
		$8.NamingRule = $24
		$24.Name = Properties
		$24.AffectedEntity = Property
		$24.VisibilityMask = Protected, Public
		$24.NamingStyle = PascalCase
		$24.IncludeInstanceMembers = True
		$24.IncludeStaticEntities = True
		$8.NamingRule = $25
		$25.Name = Events
		$25.AffectedEntity = Event
		$25.VisibilityMask = Protected, Public
		$25.NamingStyle = PascalCase
		$25.IncludeInstanceMembers = True
		$25.IncludeStaticEntities = True
		$8.NamingRule = $26
		$26.Name = Enum Members
		$26.AffectedEntity = EnumMember
		$26.VisibilityMask = VisibilityMask
		$26.NamingStyle = PascalCase
		$26.IncludeInstanceMembers = True
		$26.IncludeStaticEntities = True
		$8.NamingRule = $27
		$27.Name = Parameters
		$27.AffectedEntity = Parameter
		$27.VisibilityMask = VisibilityMask
		$27.NamingStyle = CamelCase
		$27.IncludeInstanceMembers = True
		$27.IncludeStaticEntities = True
		$8.NamingRule = $28
		$28.Name = Type Parameters
		$28.RequiredPrefixes = $29
		$29.String = T
		$28.AffectedEntity = TypeParameter
		$28.VisibilityMask = VisibilityMask
		$28.NamingStyle = PascalCase
		$28.IncludeInstanceMembers = True
		$28.IncludeStaticEntities = True
	EndGlobalSection
	GlobalSection(SolutionProperties) = preSolution
		HideSolutionNode = FALSE
	EndGlobalSection
EndGlobal
