
Microsoft Visual Studio Solution File, Format Version 12.00
# Visual Studio 2013
VisualStudioVersion = 12.0.21005.1
MinimumVisualStudioVersion = 10.0.40219.1
Project("{FAE04EC0-301F-11D3-BF4B-00C04F79EFBC}") = "TaxiHail", "Android\TaxiHail.csproj", "{9F666743-C8EE-4553-A079-03FB36F979E0}"
EndProject
Project("{FAE04EC0-301F-11D3-BF4B-00C04F79EFBC}") = "MK.Booking.Mobile.Android", "Common\MK.Booking.Mobile.Android.csproj", "{B2ADB131-E47E-4DF4-8AA6-1D7E284EFFA9}"
EndProject
Project("{FAE04EC0-301F-11D3-BF4B-00C04F79EFBC}") = "MK.Booking.Api.Contract.Android", "..\Server\MK.Booking.Api.Contract\MK.Booking.Api.Contract.Android.csproj", "{F899012E-C6A6-4C49-8501-8DDEF592CCF1}"
EndProject
Project("{FAE04EC0-301F-11D3-BF4B-00C04F79EFBC}") = "MK.Booking.Api.Client.Android", "..\Server\MK.Booking.Api.Client\MK.Booking.Api.Client.Android.csproj", "{A70ADE42-9492-4247-96DC-0CFE0CB0CC64}"
EndProject
Project("{FAE04EC0-301F-11D3-BF4B-00C04F79EFBC}") = "MK.Common.Android", "..\Server\MK.Common\MK.Common.Android.csproj", "{BDEC449B-7C09-4302-AEF1-AF46B34BE9A6}"
EndProject
Project("{FAE04EC0-301F-11D3-BF4B-00C04F79EFBC}") = "MK.Booking.Maps.Android", "..\Server\MK.Booking.Maps\MK.Booking.Maps.Android.csproj", "{7ABA8DC0-BC56-48FA-826A-286DE83D6C75}"
EndProject
Project("{FAE04EC0-301F-11D3-BF4B-00C04F79EFBC}") = "MK.Booking.Google.Android", "..\Server\MK.Booking.Google\MK.Booking.Google.Android.csproj", "{742B3C55-5630-4DCA-BBBD-035C313A4647}"
EndProject
Global
	GlobalSection(SolutionConfigurationPlatforms) = preSolution
		Android|Any CPU = Android|Any CPU
		Debug|Any CPU = Debug|Any CPU
		iOS|Any CPU = iOS|Any CPU
		Mac|Any CPU = Mac|Any CPU
		Release|Any CPU = Release|Any CPU
	EndGlobalSection
	GlobalSection(ProjectConfigurationPlatforms) = postSolution
		{742B3C55-5630-4DCA-BBBD-035C313A4647}.Android|Any CPU.ActiveCfg = Debug|Any CPU
		{742B3C55-5630-4DCA-BBBD-035C313A4647}.Android|Any CPU.Build.0 = Debug|Any CPU
		{742B3C55-5630-4DCA-BBBD-035C313A4647}.Debug|Any CPU.ActiveCfg = Debug|Any CPU
		{742B3C55-5630-4DCA-BBBD-035C313A4647}.Debug|Any CPU.Build.0 = Debug|Any CPU
		{742B3C55-5630-4DCA-BBBD-035C313A4647}.iOS|Any CPU.ActiveCfg = Debug|Any CPU
		{742B3C55-5630-4DCA-BBBD-035C313A4647}.iOS|Any CPU.Build.0 = Debug|Any CPU
		{742B3C55-5630-4DCA-BBBD-035C313A4647}.Mac|Any CPU.ActiveCfg = Debug|Any CPU
		{742B3C55-5630-4DCA-BBBD-035C313A4647}.Mac|Any CPU.Build.0 = Debug|Any CPU
		{742B3C55-5630-4DCA-BBBD-035C313A4647}.Release|Any CPU.ActiveCfg = Release|Any CPU
		{742B3C55-5630-4DCA-BBBD-035C313A4647}.Release|Any CPU.Build.0 = Release|Any CPU
		{7ABA8DC0-BC56-48FA-826A-286DE83D6C75}.Android|Any CPU.ActiveCfg = Debug|Any CPU
		{7ABA8DC0-BC56-48FA-826A-286DE83D6C75}.Android|Any CPU.Build.0 = Debug|Any CPU
		{7ABA8DC0-BC56-48FA-826A-286DE83D6C75}.Debug|Any CPU.ActiveCfg = Debug|Any CPU
		{7ABA8DC0-BC56-48FA-826A-286DE83D6C75}.Debug|Any CPU.Build.0 = Debug|Any CPU
		{7ABA8DC0-BC56-48FA-826A-286DE83D6C75}.iOS|Any CPU.ActiveCfg = Debug|Any CPU
		{7ABA8DC0-BC56-48FA-826A-286DE83D6C75}.iOS|Any CPU.Build.0 = Debug|Any CPU
		{7ABA8DC0-BC56-48FA-826A-286DE83D6C75}.Mac|Any CPU.ActiveCfg = Debug|Any CPU
		{7ABA8DC0-BC56-48FA-826A-286DE83D6C75}.Mac|Any CPU.Build.0 = Debug|Any CPU
		{7ABA8DC0-BC56-48FA-826A-286DE83D6C75}.Release|Any CPU.ActiveCfg = Release|Any CPU
		{7ABA8DC0-BC56-48FA-826A-286DE83D6C75}.Release|Any CPU.Build.0 = Release|Any CPU
		{9F666743-C8EE-4553-A079-03FB36F979E0}.Android|Any CPU.ActiveCfg = Debug|Any CPU
		{9F666743-C8EE-4553-A079-03FB36F979E0}.Android|Any CPU.Build.0 = Debug|Any CPU
		{9F666743-C8EE-4553-A079-03FB36F979E0}.Android|Any CPU.Deploy.0 = Debug|Any CPU
		{9F666743-C8EE-4553-A079-03FB36F979E0}.Debug|Any CPU.ActiveCfg = Debug|Any CPU
		{9F666743-C8EE-4553-A079-03FB36F979E0}.Debug|Any CPU.Build.0 = Debug|Any CPU
		{9F666743-C8EE-4553-A079-03FB36F979E0}.Debug|Any CPU.Deploy.0 = Debug|Any CPU
		{9F666743-C8EE-4553-A079-03FB36F979E0}.iOS|Any CPU.ActiveCfg = Debug|Any CPU
		{9F666743-C8EE-4553-A079-03FB36F979E0}.iOS|Any CPU.Build.0 = Debug|Any CPU
		{9F666743-C8EE-4553-A079-03FB36F979E0}.Mac|Any CPU.ActiveCfg = Debug|Any CPU
		{9F666743-C8EE-4553-A079-03FB36F979E0}.Mac|Any CPU.Build.0 = Debug|Any CPU
		{9F666743-C8EE-4553-A079-03FB36F979E0}.Release|Any CPU.ActiveCfg = Release|Any CPU
		{9F666743-C8EE-4553-A079-03FB36F979E0}.Release|Any CPU.Build.0 = Release|Any CPU
		{A70ADE42-9492-4247-96DC-0CFE0CB0CC64}.Android|Any CPU.ActiveCfg = Debug|Any CPU
		{A70ADE42-9492-4247-96DC-0CFE0CB0CC64}.Android|Any CPU.Build.0 = Debug|Any CPU
		{A70ADE42-9492-4247-96DC-0CFE0CB0CC64}.Debug|Any CPU.ActiveCfg = Debug|Any CPU
		{A70ADE42-9492-4247-96DC-0CFE0CB0CC64}.Debug|Any CPU.Build.0 = Debug|Any CPU
		{A70ADE42-9492-4247-96DC-0CFE0CB0CC64}.iOS|Any CPU.ActiveCfg = Debug|Any CPU
		{A70ADE42-9492-4247-96DC-0CFE0CB0CC64}.iOS|Any CPU.Build.0 = Debug|Any CPU
		{A70ADE42-9492-4247-96DC-0CFE0CB0CC64}.Mac|Any CPU.ActiveCfg = Debug|Any CPU
		{A70ADE42-9492-4247-96DC-0CFE0CB0CC64}.Mac|Any CPU.Build.0 = Debug|Any CPU
		{A70ADE42-9492-4247-96DC-0CFE0CB0CC64}.Release|Any CPU.ActiveCfg = Release|Any CPU
		{A70ADE42-9492-4247-96DC-0CFE0CB0CC64}.Release|Any CPU.Build.0 = Release|Any CPU
		{B2ADB131-E47E-4DF4-8AA6-1D7E284EFFA9}.Android|Any CPU.ActiveCfg = Debug|Any CPU
		{B2ADB131-E47E-4DF4-8AA6-1D7E284EFFA9}.Android|Any CPU.Build.0 = Debug|Any CPU
		{B2ADB131-E47E-4DF4-8AA6-1D7E284EFFA9}.Debug|Any CPU.ActiveCfg = Debug|Any CPU
		{B2ADB131-E47E-4DF4-8AA6-1D7E284EFFA9}.Debug|Any CPU.Build.0 = Debug|Any CPU
		{B2ADB131-E47E-4DF4-8AA6-1D7E284EFFA9}.iOS|Any CPU.ActiveCfg = Debug|Any CPU
		{B2ADB131-E47E-4DF4-8AA6-1D7E284EFFA9}.iOS|Any CPU.Build.0 = Debug|Any CPU
		{B2ADB131-E47E-4DF4-8AA6-1D7E284EFFA9}.Mac|Any CPU.ActiveCfg = Debug|Any CPU
		{B2ADB131-E47E-4DF4-8AA6-1D7E284EFFA9}.Mac|Any CPU.Build.0 = Debug|Any CPU
		{B2ADB131-E47E-4DF4-8AA6-1D7E284EFFA9}.Release|Any CPU.ActiveCfg = Release|Any CPU
		{B2ADB131-E47E-4DF4-8AA6-1D7E284EFFA9}.Release|Any CPU.Build.0 = Release|Any CPU
		{BDEC449B-7C09-4302-AEF1-AF46B34BE9A6}.Android|Any CPU.ActiveCfg = Debug|Any CPU
		{BDEC449B-7C09-4302-AEF1-AF46B34BE9A6}.Android|Any CPU.Build.0 = Debug|Any CPU
		{BDEC449B-7C09-4302-AEF1-AF46B34BE9A6}.Debug|Any CPU.ActiveCfg = Debug|Any CPU
		{BDEC449B-7C09-4302-AEF1-AF46B34BE9A6}.Debug|Any CPU.Build.0 = Debug|Any CPU
		{BDEC449B-7C09-4302-AEF1-AF46B34BE9A6}.iOS|Any CPU.ActiveCfg = Debug|Any CPU
		{BDEC449B-7C09-4302-AEF1-AF46B34BE9A6}.iOS|Any CPU.Build.0 = Debug|Any CPU
		{BDEC449B-7C09-4302-AEF1-AF46B34BE9A6}.Mac|Any CPU.ActiveCfg = Debug|Any CPU
		{BDEC449B-7C09-4302-AEF1-AF46B34BE9A6}.Mac|Any CPU.Build.0 = Debug|Any CPU
		{BDEC449B-7C09-4302-AEF1-AF46B34BE9A6}.Release|Any CPU.ActiveCfg = Release|Any CPU
		{BDEC449B-7C09-4302-AEF1-AF46B34BE9A6}.Release|Any CPU.Build.0 = Release|Any CPU
		{F899012E-C6A6-4C49-8501-8DDEF592CCF1}.Android|Any CPU.ActiveCfg = Debug|Any CPU
		{F899012E-C6A6-4C49-8501-8DDEF592CCF1}.Android|Any CPU.Build.0 = Debug|Any CPU
		{F899012E-C6A6-4C49-8501-8DDEF592CCF1}.Debug|Any CPU.ActiveCfg = Debug|Any CPU
		{F899012E-C6A6-4C49-8501-8DDEF592CCF1}.Debug|Any CPU.Build.0 = Debug|Any CPU
		{F899012E-C6A6-4C49-8501-8DDEF592CCF1}.iOS|Any CPU.ActiveCfg = Debug|Any CPU
		{F899012E-C6A6-4C49-8501-8DDEF592CCF1}.iOS|Any CPU.Build.0 = Debug|Any CPU
		{F899012E-C6A6-4C49-8501-8DDEF592CCF1}.Mac|Any CPU.ActiveCfg = Debug|Any CPU
		{F899012E-C6A6-4C49-8501-8DDEF592CCF1}.Mac|Any CPU.Build.0 = Debug|Any CPU
		{F899012E-C6A6-4C49-8501-8DDEF592CCF1}.Release|Any CPU.ActiveCfg = Release|Any CPU
		{F899012E-C6A6-4C49-8501-8DDEF592CCF1}.Release|Any CPU.Build.0 = Release|Any CPU
	EndGlobalSection
	GlobalSection(MonoDevelopProperties) = preSolution
		StartupItem = Android\TaxiHail.csproj
		Policies = $0
		$0.TextStylePolicy = $1
		$1.NoTabsAfterNonTabs = True
		$1.EolMarker = Windows
		$1.inheritsSet = VisualStudio
		$1.inheritsScope = text/plain
		$1.scope = text/x-csharp
		$0.CSharpFormattingPolicy = $2
		$2.IndentSwitchBody = True
		$2.AnonymousMethodBraceStyle = NextLine
		$2.PropertyBraceStyle = NextLine
		$2.PropertyGetBraceStyle = NextLine
		$2.PropertySetBraceStyle = NextLine
		$2.EventBraceStyle = NextLine
		$2.EventAddBraceStyle = NextLine
		$2.EventRemoveBraceStyle = NextLine
		$2.StatementBraceStyle = NextLine
		$2.ElseNewLinePlacement = NewLine
		$2.CatchNewLinePlacement = NewLine
		$2.FinallyNewLinePlacement = NewLine
		$2.WhileNewLinePlacement = DoNotCare
		$2.ArrayInitializerWrapping = DoNotChange
		$2.ArrayInitializerBraceStyle = NextLine
		$2.BeforeMethodDeclarationParentheses = False
		$2.BeforeMethodCallParentheses = False
		$2.BeforeConstructorDeclarationParentheses = False
		$2.BeforeDelegateDeclarationParentheses = False
		$2.NewParentheses = False
		$2.SpacesBeforeBrackets = False
		$2.inheritsSet = Mono
		$2.inheritsScope = text/x-csharp
		$2.scope = text/x-csharp
		$0.TextStylePolicy = $3
		$3.FileWidth = 120
		$3.TabsToSpaces = False
		$3.inheritsSet = VisualStudio
		$3.inheritsScope = text/plain
		$3.scope = text/plain
		$0.TextStylePolicy = $4
		$4.inheritsSet = null
		$4.scope = application/xml
		$0.XmlFormattingPolicy = $5
		$5.inheritsSet = Mono
		$5.inheritsScope = application/xml
		$5.scope = application/xml
		$0.TextStylePolicy = $6
		$6.inheritsSet = null
		$6.scope = application/config+xml
		$0.XmlFormattingPolicy = $7
		$7.inheritsSet = null
		$7.scope = application/config+xml
		$0.TextStylePolicy = $8
		$8.inheritsSet = null
		$8.scope = text/microsoft-resx
		$0.XmlFormattingPolicy = $9
		$9.inheritsSet = null
		$9.scope = text/microsoft-resx
		$0.TextStylePolicy = $10
		$10.inheritsSet = null
		$10.scope = application/json
	EndGlobalSection
	GlobalSection(SolutionProperties) = preSolution
		HideSolutionNode = FALSE
	EndGlobalSection
EndGlobal
