
Microsoft Visual Studio Solution File, Format Version 12.00
# Visual Studio 2012
VisualStudioVersion = 12.0.30501.0
MinimumVisualStudioVersion = 10.0.40219.1
Project("{2150E333-8FDC-42A3-9474-1A3956D46DE8}") = "iOS", "iOS", "{746228AE-71D1-4807-B52B-B5563266CA53}"
EndProject
Project("{FAE04EC0-301F-11D3-BF4B-00C04F79EFBC}") = "MK.Booking.Api.Client.iOS", "..\Server\MK.Booking.Api.Client\MK.Booking.Api.Client.iOS.csproj", "{52A964D2-F9FE-47CD-9C50-781CCEC560ED}"
EndProject
Project("{FAE04EC0-301F-11D3-BF4B-00C04F79EFBC}") = "MK.Booking.Api.Contract.iOS", "..\Server\MK.Booking.Api.Contract\MK.Booking.Api.Contract.iOS.csproj", "{0C54E2DC-0852-4EED-A882-60B68FE41C8D}"
EndProject
Project("{FAE04EC0-301F-11D3-BF4B-00C04F79EFBC}") = "MK.Booking.MapDataProvider.iOS", "..\Server\MK.Booking.MapDataProvider\MK.Booking.MapDataProvider.iOS.csproj", "{50A4C580-4D47-48CF-80A8-79FDF81D9845}"
EndProject
Project("{FAE04EC0-301F-11D3-BF4B-00C04F79EFBC}") = "MK.Booking.Maps.iOS", "..\Server\MK.Booking.Maps\MK.Booking.Maps.iOS.csproj", "{3A0351D4-4B1A-4E70-B923-B11519A6B5D5}"
EndProject
Project("{FAE04EC0-301F-11D3-BF4B-00C04F79EFBC}") = "MK.Booking.Mobile.iOS", "Common\MK.Booking.Mobile.iOS.csproj", "{43282000-6BF8-4D70-B7DB-833BA44E34BB}"
EndProject
Project("{FAE04EC0-301F-11D3-BF4B-00C04F79EFBC}") = "MK.Common.iOS", "..\Server\MK.Common\MK.Common.iOS.csproj", "{CF82F47F-A55D-45C6-B605-822458968E12}"
EndProject
Project("{FAE04EC0-301F-11D3-BF4B-00C04F79EFBC}") = "TaxiHail", "iOS\TaxiHail.csproj", "{698DA5A6-BEE2-4FD6-A2F7-8269289B1DA4}"
EndProject
Project("{2150E333-8FDC-42A3-9474-1A3956D46DE8}") = "Android", "Android", "{4982DCA0-B205-47C3-A4C2-364755A3D7D5}"
EndProject
Project("{FAE04EC0-301F-11D3-BF4B-00C04F79EFBC}") = "MK.Booking.Api.Client.Android", "..\Server\MK.Booking.Api.Client\MK.Booking.Api.Client.Android.csproj", "{A70ADE42-9492-4247-96DC-0CFE0CB0CC64}"
EndProject
Project("{FAE04EC0-301F-11D3-BF4B-00C04F79EFBC}") = "MK.Common.Android", "..\Server\MK.Common\MK.Common.Android.csproj", "{BDEC449B-7C09-4302-AEF1-AF46B34BE9A6}"
EndProject
Project("{FAE04EC0-301F-11D3-BF4B-00C04F79EFBC}") = "MK.Booking.Api.Contract.Android", "..\Server\MK.Booking.Api.Contract\MK.Booking.Api.Contract.Android.csproj", "{F899012E-C6A6-4C49-8501-8DDEF592CCF1}"
EndProject
Project("{FAE04EC0-301F-11D3-BF4B-00C04F79EFBC}") = "MK.Booking.MapDataProvider.Android", "..\Server\MK.Booking.MapDataProvider\MK.Booking.MapDataProvider.Android.csproj", "{742B3C55-5630-4DCA-BBBD-035C313A4647}"
EndProject
Project("{FAE04EC0-301F-11D3-BF4B-00C04F79EFBC}") = "MK.Booking.Maps.Android", "..\Server\MK.Booking.Maps\MK.Booking.Maps.Android.csproj", "{7ABA8DC0-BC56-48FA-826A-286DE83D6C75}"
EndProject
Project("{FAE04EC0-301F-11D3-BF4B-00C04F79EFBC}") = "MK.Booking.Mobile.Android", "Common\MK.Booking.Mobile.Android.csproj", "{B2ADB131-E47E-4DF4-8AA6-1D7E284EFFA9}"
EndProject
Project("{FAE04EC0-301F-11D3-BF4B-00C04F79EFBC}") = "TaxiHail", "Android\TaxiHail.csproj", "{9F666743-C8EE-4553-A079-03FB36F979E0}"
EndProject
Global
	GlobalSection(SolutionConfigurationPlatforms) = preSolution
		AdHoc|Any CPU = AdHoc|Any CPU
		AdHoc|iPhone = AdHoc|iPhone
		AdHoc|iPhoneSimulator = AdHoc|iPhoneSimulator
		AppStore|Any CPU = AppStore|Any CPU
		AppStore|iPhone = AppStore|iPhone
		AppStore|iPhoneSimulator = AppStore|iPhoneSimulator
		Debug|Any CPU = Debug|Any CPU
		Debug|iPhone = Debug|iPhone
		Debug|iPhoneSimulator = Debug|iPhoneSimulator
		Release|Any CPU = Release|Any CPU
		Release|iPhone = Release|iPhone
		Release|iPhoneSimulator = Release|iPhoneSimulator
	EndGlobalSection
	GlobalSection(ProjectConfigurationPlatforms) = postSolution
		{742B3C55-5630-4DCA-BBBD-035C313A4647}.AdHoc|Any CPU.ActiveCfg = Release|Any CPU
		{742B3C55-5630-4DCA-BBBD-035C313A4647}.AdHoc|Any CPU.Build.0 = Release|Any CPU
		{742B3C55-5630-4DCA-BBBD-035C313A4647}.AdHoc|iPhone.ActiveCfg = Release|Any CPU
		{742B3C55-5630-4DCA-BBBD-035C313A4647}.AdHoc|iPhone.Build.0 = Release|Any CPU
		{742B3C55-5630-4DCA-BBBD-035C313A4647}.AdHoc|iPhoneSimulator.ActiveCfg = Release|Any CPU
		{742B3C55-5630-4DCA-BBBD-035C313A4647}.AdHoc|iPhoneSimulator.Build.0 = Release|Any CPU
		{742B3C55-5630-4DCA-BBBD-035C313A4647}.AppStore|Any CPU.ActiveCfg = Release|Any CPU
		{742B3C55-5630-4DCA-BBBD-035C313A4647}.AppStore|Any CPU.Build.0 = Release|Any CPU
		{742B3C55-5630-4DCA-BBBD-035C313A4647}.AppStore|iPhone.ActiveCfg = Release|Any CPU
		{742B3C55-5630-4DCA-BBBD-035C313A4647}.AppStore|iPhone.Build.0 = Release|Any CPU
		{742B3C55-5630-4DCA-BBBD-035C313A4647}.AppStore|iPhoneSimulator.ActiveCfg = Release|Any CPU
		{742B3C55-5630-4DCA-BBBD-035C313A4647}.AppStore|iPhoneSimulator.Build.0 = Release|Any CPU
		{742B3C55-5630-4DCA-BBBD-035C313A4647}.Debug|Any CPU.ActiveCfg = Debug|Any CPU
		{742B3C55-5630-4DCA-BBBD-035C313A4647}.Debug|Any CPU.Build.0 = Debug|Any CPU
		{742B3C55-5630-4DCA-BBBD-035C313A4647}.Debug|iPhone.ActiveCfg = Debug|Any CPU
		{742B3C55-5630-4DCA-BBBD-035C313A4647}.Debug|iPhone.Build.0 = Debug|Any CPU
		{742B3C55-5630-4DCA-BBBD-035C313A4647}.Debug|iPhoneSimulator.ActiveCfg = Debug|Any CPU
		{742B3C55-5630-4DCA-BBBD-035C313A4647}.Debug|iPhoneSimulator.Build.0 = Debug|Any CPU
		{742B3C55-5630-4DCA-BBBD-035C313A4647}.Release|Any CPU.ActiveCfg = Release|Any CPU
		{742B3C55-5630-4DCA-BBBD-035C313A4647}.Release|Any CPU.Build.0 = Release|Any CPU
		{742B3C55-5630-4DCA-BBBD-035C313A4647}.Release|iPhone.ActiveCfg = Release|Any CPU
		{742B3C55-5630-4DCA-BBBD-035C313A4647}.Release|iPhone.Build.0 = Release|Any CPU
		{742B3C55-5630-4DCA-BBBD-035C313A4647}.Release|iPhoneSimulator.ActiveCfg = Release|Any CPU
		{742B3C55-5630-4DCA-BBBD-035C313A4647}.Release|iPhoneSimulator.Build.0 = Release|Any CPU
		{7ABA8DC0-BC56-48FA-826A-286DE83D6C75}.AdHoc|Any CPU.ActiveCfg = Release|Any CPU
		{7ABA8DC0-BC56-48FA-826A-286DE83D6C75}.AdHoc|Any CPU.Build.0 = Release|Any CPU
		{7ABA8DC0-BC56-48FA-826A-286DE83D6C75}.AdHoc|iPhone.ActiveCfg = Release|Any CPU
		{7ABA8DC0-BC56-48FA-826A-286DE83D6C75}.AdHoc|iPhone.Build.0 = Release|Any CPU
		{7ABA8DC0-BC56-48FA-826A-286DE83D6C75}.AdHoc|iPhoneSimulator.ActiveCfg = Release|Any CPU
		{7ABA8DC0-BC56-48FA-826A-286DE83D6C75}.AdHoc|iPhoneSimulator.Build.0 = Release|Any CPU
		{7ABA8DC0-BC56-48FA-826A-286DE83D6C75}.AppStore|Any CPU.ActiveCfg = Release|Any CPU
		{7ABA8DC0-BC56-48FA-826A-286DE83D6C75}.AppStore|Any CPU.Build.0 = Release|Any CPU
		{7ABA8DC0-BC56-48FA-826A-286DE83D6C75}.AppStore|iPhone.ActiveCfg = Release|Any CPU
		{7ABA8DC0-BC56-48FA-826A-286DE83D6C75}.AppStore|iPhone.Build.0 = Release|Any CPU
		{7ABA8DC0-BC56-48FA-826A-286DE83D6C75}.AppStore|iPhoneSimulator.ActiveCfg = Release|Any CPU
		{7ABA8DC0-BC56-48FA-826A-286DE83D6C75}.AppStore|iPhoneSimulator.Build.0 = Release|Any CPU
		{7ABA8DC0-BC56-48FA-826A-286DE83D6C75}.Debug|Any CPU.ActiveCfg = Debug|Any CPU
		{7ABA8DC0-BC56-48FA-826A-286DE83D6C75}.Debug|Any CPU.Build.0 = Debug|Any CPU
		{7ABA8DC0-BC56-48FA-826A-286DE83D6C75}.Debug|iPhone.ActiveCfg = Debug|Any CPU
		{7ABA8DC0-BC56-48FA-826A-286DE83D6C75}.Debug|iPhone.Build.0 = Debug|Any CPU
		{7ABA8DC0-BC56-48FA-826A-286DE83D6C75}.Debug|iPhoneSimulator.ActiveCfg = Debug|Any CPU
		{7ABA8DC0-BC56-48FA-826A-286DE83D6C75}.Debug|iPhoneSimulator.Build.0 = Debug|Any CPU
		{7ABA8DC0-BC56-48FA-826A-286DE83D6C75}.Release|Any CPU.ActiveCfg = Release|Any CPU
		{7ABA8DC0-BC56-48FA-826A-286DE83D6C75}.Release|Any CPU.Build.0 = Release|Any CPU
		{7ABA8DC0-BC56-48FA-826A-286DE83D6C75}.Release|iPhone.ActiveCfg = Release|Any CPU
		{7ABA8DC0-BC56-48FA-826A-286DE83D6C75}.Release|iPhone.Build.0 = Release|Any CPU
		{7ABA8DC0-BC56-48FA-826A-286DE83D6C75}.Release|iPhoneSimulator.ActiveCfg = Release|Any CPU
		{7ABA8DC0-BC56-48FA-826A-286DE83D6C75}.Release|iPhoneSimulator.Build.0 = Release|Any CPU
		{9F666743-C8EE-4553-A079-03FB36F979E0}.AdHoc|Any CPU.ActiveCfg = Debug|Any CPU
		{9F666743-C8EE-4553-A079-03FB36F979E0}.AdHoc|Any CPU.Build.0 = Debug|Any CPU
		{9F666743-C8EE-4553-A079-03FB36F979E0}.AdHoc|iPhone.ActiveCfg = Release|Any CPU
		{9F666743-C8EE-4553-A079-03FB36F979E0}.AdHoc|iPhone.Build.0 = Release|Any CPU
		{9F666743-C8EE-4553-A079-03FB36F979E0}.AdHoc|iPhoneSimulator.ActiveCfg = Debug|Any CPU
		{9F666743-C8EE-4553-A079-03FB36F979E0}.AdHoc|iPhoneSimulator.Build.0 = Debug|Any CPU
		{9F666743-C8EE-4553-A079-03FB36F979E0}.AppStore|Any CPU.ActiveCfg = Debug|Any CPU
		{9F666743-C8EE-4553-A079-03FB36F979E0}.AppStore|Any CPU.Build.0 = Debug|Any CPU
		{9F666743-C8EE-4553-A079-03FB36F979E0}.AppStore|iPhone.ActiveCfg = Release|Any CPU
		{9F666743-C8EE-4553-A079-03FB36F979E0}.AppStore|iPhone.Build.0 = Release|Any CPU
		{9F666743-C8EE-4553-A079-03FB36F979E0}.AppStore|iPhoneSimulator.ActiveCfg = Debug|Any CPU
		{9F666743-C8EE-4553-A079-03FB36F979E0}.AppStore|iPhoneSimulator.Build.0 = Debug|Any CPU
		{9F666743-C8EE-4553-A079-03FB36F979E0}.Debug|Any CPU.ActiveCfg = Debug|Any CPU
		{9F666743-C8EE-4553-A079-03FB36F979E0}.Debug|Any CPU.Build.0 = Debug|Any CPU
		{9F666743-C8EE-4553-A079-03FB36F979E0}.Debug|Any CPU.Deploy.0 = Debug|Any CPU
		{9F666743-C8EE-4553-A079-03FB36F979E0}.Debug|iPhone.ActiveCfg = Debug|Any CPU
		{9F666743-C8EE-4553-A079-03FB36F979E0}.Debug|iPhone.Build.0 = Debug|Any CPU
		{9F666743-C8EE-4553-A079-03FB36F979E0}.Debug|iPhoneSimulator.ActiveCfg = Debug|Any CPU
		{9F666743-C8EE-4553-A079-03FB36F979E0}.Debug|iPhoneSimulator.Build.0 = Debug|Any CPU
		{9F666743-C8EE-4553-A079-03FB36F979E0}.Release|Any CPU.ActiveCfg = Release|Any CPU
		{9F666743-C8EE-4553-A079-03FB36F979E0}.Release|Any CPU.Build.0 = Release|Any CPU
		{9F666743-C8EE-4553-A079-03FB36F979E0}.Release|iPhone.ActiveCfg = Release|Any CPU
		{9F666743-C8EE-4553-A079-03FB36F979E0}.Release|iPhone.Build.0 = Release|Any CPU
		{9F666743-C8EE-4553-A079-03FB36F979E0}.Release|iPhoneSimulator.ActiveCfg = Release|Any CPU
		{9F666743-C8EE-4553-A079-03FB36F979E0}.Release|iPhoneSimulator.Build.0 = Release|Any CPU
		{A70ADE42-9492-4247-96DC-0CFE0CB0CC64}.AdHoc|Any CPU.ActiveCfg = Release|Any CPU
		{A70ADE42-9492-4247-96DC-0CFE0CB0CC64}.AdHoc|Any CPU.Build.0 = Release|Any CPU
		{A70ADE42-9492-4247-96DC-0CFE0CB0CC64}.AdHoc|iPhone.ActiveCfg = Release|Any CPU
		{A70ADE42-9492-4247-96DC-0CFE0CB0CC64}.AdHoc|iPhone.Build.0 = Release|Any CPU
		{A70ADE42-9492-4247-96DC-0CFE0CB0CC64}.AdHoc|iPhoneSimulator.ActiveCfg = Release|Any CPU
		{A70ADE42-9492-4247-96DC-0CFE0CB0CC64}.AdHoc|iPhoneSimulator.Build.0 = Release|Any CPU
		{A70ADE42-9492-4247-96DC-0CFE0CB0CC64}.AppStore|Any CPU.ActiveCfg = Release|Any CPU
		{A70ADE42-9492-4247-96DC-0CFE0CB0CC64}.AppStore|Any CPU.Build.0 = Release|Any CPU
		{A70ADE42-9492-4247-96DC-0CFE0CB0CC64}.AppStore|iPhone.ActiveCfg = Release|Any CPU
		{A70ADE42-9492-4247-96DC-0CFE0CB0CC64}.AppStore|iPhone.Build.0 = Release|Any CPU
		{A70ADE42-9492-4247-96DC-0CFE0CB0CC64}.AppStore|iPhoneSimulator.ActiveCfg = Release|Any CPU
		{A70ADE42-9492-4247-96DC-0CFE0CB0CC64}.AppStore|iPhoneSimulator.Build.0 = Release|Any CPU
		{A70ADE42-9492-4247-96DC-0CFE0CB0CC64}.Debug|Any CPU.ActiveCfg = Debug|Any CPU
		{A70ADE42-9492-4247-96DC-0CFE0CB0CC64}.Debug|Any CPU.Build.0 = Debug|Any CPU
		{A70ADE42-9492-4247-96DC-0CFE0CB0CC64}.Debug|iPhone.ActiveCfg = Debug|Any CPU
		{A70ADE42-9492-4247-96DC-0CFE0CB0CC64}.Debug|iPhone.Build.0 = Debug|Any CPU
		{A70ADE42-9492-4247-96DC-0CFE0CB0CC64}.Debug|iPhoneSimulator.ActiveCfg = Debug|Any CPU
		{A70ADE42-9492-4247-96DC-0CFE0CB0CC64}.Debug|iPhoneSimulator.Build.0 = Debug|Any CPU
		{A70ADE42-9492-4247-96DC-0CFE0CB0CC64}.Release|Any CPU.ActiveCfg = Release|Any CPU
		{A70ADE42-9492-4247-96DC-0CFE0CB0CC64}.Release|Any CPU.Build.0 = Release|Any CPU
		{A70ADE42-9492-4247-96DC-0CFE0CB0CC64}.Release|iPhone.ActiveCfg = Release|Any CPU
		{A70ADE42-9492-4247-96DC-0CFE0CB0CC64}.Release|iPhone.Build.0 = Release|Any CPU
		{A70ADE42-9492-4247-96DC-0CFE0CB0CC64}.Release|iPhoneSimulator.ActiveCfg = Release|Any CPU
		{A70ADE42-9492-4247-96DC-0CFE0CB0CC64}.Release|iPhoneSimulator.Build.0 = Release|Any CPU
		{B2ADB131-E47E-4DF4-8AA6-1D7E284EFFA9}.AdHoc|Any CPU.ActiveCfg = Debug|Any CPU
		{B2ADB131-E47E-4DF4-8AA6-1D7E284EFFA9}.AdHoc|Any CPU.Build.0 = Debug|Any CPU
		{B2ADB131-E47E-4DF4-8AA6-1D7E284EFFA9}.AdHoc|iPhone.ActiveCfg = Release|Any CPU
		{B2ADB131-E47E-4DF4-8AA6-1D7E284EFFA9}.AdHoc|iPhone.Build.0 = Release|Any CPU
		{B2ADB131-E47E-4DF4-8AA6-1D7E284EFFA9}.AdHoc|iPhoneSimulator.ActiveCfg = Debug|Any CPU
		{B2ADB131-E47E-4DF4-8AA6-1D7E284EFFA9}.AdHoc|iPhoneSimulator.Build.0 = Debug|Any CPU
		{B2ADB131-E47E-4DF4-8AA6-1D7E284EFFA9}.AppStore|Any CPU.ActiveCfg = Debug|Any CPU
		{B2ADB131-E47E-4DF4-8AA6-1D7E284EFFA9}.AppStore|Any CPU.Build.0 = Debug|Any CPU
		{B2ADB131-E47E-4DF4-8AA6-1D7E284EFFA9}.AppStore|iPhone.ActiveCfg = Release|Any CPU
		{B2ADB131-E47E-4DF4-8AA6-1D7E284EFFA9}.AppStore|iPhone.Build.0 = Release|Any CPU
		{B2ADB131-E47E-4DF4-8AA6-1D7E284EFFA9}.AppStore|iPhoneSimulator.ActiveCfg = Debug|Any CPU
		{B2ADB131-E47E-4DF4-8AA6-1D7E284EFFA9}.AppStore|iPhoneSimulator.Build.0 = Debug|Any CPU
		{B2ADB131-E47E-4DF4-8AA6-1D7E284EFFA9}.Debug|Any CPU.ActiveCfg = Debug|Any CPU
		{B2ADB131-E47E-4DF4-8AA6-1D7E284EFFA9}.Debug|Any CPU.Build.0 = Debug|Any CPU
		{B2ADB131-E47E-4DF4-8AA6-1D7E284EFFA9}.Debug|iPhone.ActiveCfg = Debug|Any CPU
		{B2ADB131-E47E-4DF4-8AA6-1D7E284EFFA9}.Debug|iPhone.Build.0 = Debug|Any CPU
		{B2ADB131-E47E-4DF4-8AA6-1D7E284EFFA9}.Debug|iPhoneSimulator.ActiveCfg = Debug|Any CPU
		{B2ADB131-E47E-4DF4-8AA6-1D7E284EFFA9}.Debug|iPhoneSimulator.Build.0 = Debug|Any CPU
		{B2ADB131-E47E-4DF4-8AA6-1D7E284EFFA9}.Release|Any CPU.ActiveCfg = Release|Any CPU
		{B2ADB131-E47E-4DF4-8AA6-1D7E284EFFA9}.Release|Any CPU.Build.0 = Release|Any CPU
		{B2ADB131-E47E-4DF4-8AA6-1D7E284EFFA9}.Release|iPhone.ActiveCfg = Release|Any CPU
		{B2ADB131-E47E-4DF4-8AA6-1D7E284EFFA9}.Release|iPhone.Build.0 = Release|Any CPU
		{B2ADB131-E47E-4DF4-8AA6-1D7E284EFFA9}.Release|iPhoneSimulator.ActiveCfg = Release|Any CPU
		{B2ADB131-E47E-4DF4-8AA6-1D7E284EFFA9}.Release|iPhoneSimulator.Build.0 = Release|Any CPU
		{BDEC449B-7C09-4302-AEF1-AF46B34BE9A6}.AdHoc|Any CPU.ActiveCfg = Release|Any CPU
		{BDEC449B-7C09-4302-AEF1-AF46B34BE9A6}.AdHoc|Any CPU.Build.0 = Release|Any CPU
		{BDEC449B-7C09-4302-AEF1-AF46B34BE9A6}.AdHoc|iPhone.ActiveCfg = Release|Any CPU
		{BDEC449B-7C09-4302-AEF1-AF46B34BE9A6}.AdHoc|iPhone.Build.0 = Release|Any CPU
		{BDEC449B-7C09-4302-AEF1-AF46B34BE9A6}.AdHoc|iPhoneSimulator.ActiveCfg = Release|Any CPU
		{BDEC449B-7C09-4302-AEF1-AF46B34BE9A6}.AdHoc|iPhoneSimulator.Build.0 = Release|Any CPU
		{BDEC449B-7C09-4302-AEF1-AF46B34BE9A6}.AppStore|Any CPU.ActiveCfg = Release|Any CPU
		{BDEC449B-7C09-4302-AEF1-AF46B34BE9A6}.AppStore|Any CPU.Build.0 = Release|Any CPU
		{BDEC449B-7C09-4302-AEF1-AF46B34BE9A6}.AppStore|iPhone.ActiveCfg = Release|Any CPU
		{BDEC449B-7C09-4302-AEF1-AF46B34BE9A6}.AppStore|iPhone.Build.0 = Release|Any CPU
		{BDEC449B-7C09-4302-AEF1-AF46B34BE9A6}.AppStore|iPhoneSimulator.ActiveCfg = Release|Any CPU
		{BDEC449B-7C09-4302-AEF1-AF46B34BE9A6}.AppStore|iPhoneSimulator.Build.0 = Release|Any CPU
		{BDEC449B-7C09-4302-AEF1-AF46B34BE9A6}.Debug|Any CPU.ActiveCfg = Debug|Any CPU
		{BDEC449B-7C09-4302-AEF1-AF46B34BE9A6}.Debug|Any CPU.Build.0 = Debug|Any CPU
		{BDEC449B-7C09-4302-AEF1-AF46B34BE9A6}.Debug|iPhone.ActiveCfg = Debug|Any CPU
		{BDEC449B-7C09-4302-AEF1-AF46B34BE9A6}.Debug|iPhone.Build.0 = Debug|Any CPU
		{BDEC449B-7C09-4302-AEF1-AF46B34BE9A6}.Debug|iPhoneSimulator.ActiveCfg = Debug|Any CPU
		{BDEC449B-7C09-4302-AEF1-AF46B34BE9A6}.Debug|iPhoneSimulator.Build.0 = Debug|Any CPU
		{BDEC449B-7C09-4302-AEF1-AF46B34BE9A6}.Release|Any CPU.ActiveCfg = Release|Any CPU
		{BDEC449B-7C09-4302-AEF1-AF46B34BE9A6}.Release|Any CPU.Build.0 = Release|Any CPU
		{BDEC449B-7C09-4302-AEF1-AF46B34BE9A6}.Release|iPhone.ActiveCfg = Release|Any CPU
		{BDEC449B-7C09-4302-AEF1-AF46B34BE9A6}.Release|iPhone.Build.0 = Release|Any CPU
		{BDEC449B-7C09-4302-AEF1-AF46B34BE9A6}.Release|iPhoneSimulator.ActiveCfg = Release|Any CPU
		{BDEC449B-7C09-4302-AEF1-AF46B34BE9A6}.Release|iPhoneSimulator.Build.0 = Release|Any CPU
		{F899012E-C6A6-4C49-8501-8DDEF592CCF1}.AdHoc|Any CPU.ActiveCfg = Release|Any CPU
		{F899012E-C6A6-4C49-8501-8DDEF592CCF1}.AdHoc|Any CPU.Build.0 = Release|Any CPU
		{F899012E-C6A6-4C49-8501-8DDEF592CCF1}.AdHoc|iPhone.ActiveCfg = Release|Any CPU
		{F899012E-C6A6-4C49-8501-8DDEF592CCF1}.AdHoc|iPhone.Build.0 = Release|Any CPU
		{F899012E-C6A6-4C49-8501-8DDEF592CCF1}.AdHoc|iPhoneSimulator.ActiveCfg = Release|Any CPU
		{F899012E-C6A6-4C49-8501-8DDEF592CCF1}.AdHoc|iPhoneSimulator.Build.0 = Release|Any CPU
		{F899012E-C6A6-4C49-8501-8DDEF592CCF1}.AppStore|Any CPU.ActiveCfg = Release|Any CPU
		{F899012E-C6A6-4C49-8501-8DDEF592CCF1}.AppStore|Any CPU.Build.0 = Release|Any CPU
		{F899012E-C6A6-4C49-8501-8DDEF592CCF1}.AppStore|iPhone.ActiveCfg = Release|Any CPU
		{F899012E-C6A6-4C49-8501-8DDEF592CCF1}.AppStore|iPhone.Build.0 = Release|Any CPU
		{F899012E-C6A6-4C49-8501-8DDEF592CCF1}.AppStore|iPhoneSimulator.ActiveCfg = Release|Any CPU
		{F899012E-C6A6-4C49-8501-8DDEF592CCF1}.AppStore|iPhoneSimulator.Build.0 = Release|Any CPU
		{F899012E-C6A6-4C49-8501-8DDEF592CCF1}.Debug|Any CPU.ActiveCfg = Debug|Any CPU
		{F899012E-C6A6-4C49-8501-8DDEF592CCF1}.Debug|Any CPU.Build.0 = Debug|Any CPU
		{F899012E-C6A6-4C49-8501-8DDEF592CCF1}.Debug|iPhone.ActiveCfg = Debug|Any CPU
		{F899012E-C6A6-4C49-8501-8DDEF592CCF1}.Debug|iPhone.Build.0 = Debug|Any CPU
		{F899012E-C6A6-4C49-8501-8DDEF592CCF1}.Debug|iPhoneSimulator.ActiveCfg = Debug|Any CPU
		{F899012E-C6A6-4C49-8501-8DDEF592CCF1}.Debug|iPhoneSimulator.Build.0 = Debug|Any CPU
		{F899012E-C6A6-4C49-8501-8DDEF592CCF1}.Release|Any CPU.ActiveCfg = Release|Any CPU
		{F899012E-C6A6-4C49-8501-8DDEF592CCF1}.Release|Any CPU.Build.0 = Release|Any CPU
		{F899012E-C6A6-4C49-8501-8DDEF592CCF1}.Release|iPhone.ActiveCfg = Release|Any CPU
		{F899012E-C6A6-4C49-8501-8DDEF592CCF1}.Release|iPhone.Build.0 = Release|Any CPU
		{F899012E-C6A6-4C49-8501-8DDEF592CCF1}.Release|iPhoneSimulator.ActiveCfg = Release|Any CPU
		{F899012E-C6A6-4C49-8501-8DDEF592CCF1}.Release|iPhoneSimulator.Build.0 = Release|Any CPU
	EndGlobalSection
	GlobalSection(NestedProjects) = preSolution
		{52A964D2-F9FE-47CD-9C50-781CCEC560ED} = {746228AE-71D1-4807-B52B-B5563266CA53}
		{0C54E2DC-0852-4EED-A882-60B68FE41C8D} = {746228AE-71D1-4807-B52B-B5563266CA53}
		{50A4C580-4D47-48CF-80A8-79FDF81D9845} = {746228AE-71D1-4807-B52B-B5563266CA53}
		{3A0351D4-4B1A-4E70-B923-B11519A6B5D5} = {746228AE-71D1-4807-B52B-B5563266CA53}
		{43282000-6BF8-4D70-B7DB-833BA44E34BB} = {746228AE-71D1-4807-B52B-B5563266CA53}
		{CF82F47F-A55D-45C6-B605-822458968E12} = {746228AE-71D1-4807-B52B-B5563266CA53}
		{698DA5A6-BEE2-4FD6-A2F7-8269289B1DA4} = {746228AE-71D1-4807-B52B-B5563266CA53}
		{A70ADE42-9492-4247-96DC-0CFE0CB0CC64} = {4982DCA0-B205-47C3-A4C2-364755A3D7D5}
		{BDEC449B-7C09-4302-AEF1-AF46B34BE9A6} = {4982DCA0-B205-47C3-A4C2-364755A3D7D5}
		{F899012E-C6A6-4C49-8501-8DDEF592CCF1} = {4982DCA0-B205-47C3-A4C2-364755A3D7D5}
		{742B3C55-5630-4DCA-BBBD-035C313A4647} = {4982DCA0-B205-47C3-A4C2-364755A3D7D5}
		{7ABA8DC0-BC56-48FA-826A-286DE83D6C75} = {4982DCA0-B205-47C3-A4C2-364755A3D7D5}
		{B2ADB131-E47E-4DF4-8AA6-1D7E284EFFA9} = {4982DCA0-B205-47C3-A4C2-364755A3D7D5}
		{9F666743-C8EE-4553-A079-03FB36F979E0} = {4982DCA0-B205-47C3-A4C2-364755A3D7D5}
	EndGlobalSection
	GlobalSection(MonoDevelopProperties) = preSolution
		StartupItem = Android\TaxiHail.csproj
		Policies = $0
		$0.DotNetNamingPolicy = $1
		$1.DirectoryNamespaceAssociation = PrefixedHierarchical
		$1.ResourceNamePolicy = FileFormatDefault
		$0.TextStylePolicy = $2
		$2.FileWidth = 120
		$2.TabsToSpaces = False
		$2.inheritsSet = VisualStudio
		$2.inheritsScope = text/plain
		$0.VersionControlPolicy = $3
		$3.inheritsSet = Mono
	EndGlobalSection
	GlobalSection(SolutionProperties) = preSolution
		HideSolutionNode = FALSE
	EndGlobalSection
EndGlobal
