
Microsoft Visual Studio Solution File, Format Version 11.00
# Visual Studio 2010
Project("{FAE04EC0-301F-11D3-BF4B-00C04F79EFBC}") = "SocialNetworks.Services.MonoDroid", "SocialNetworks.Services.MonoDroid.csproj", "{AD9663ED-C050-4580-B285-9C4AF363EA48}"
EndProject
Global
	GlobalSection(SolutionConfigurationPlatforms) = preSolution
		Debug|Any CPU = Debug|Any CPU
		Release|Any CPU = Release|Any CPU
	EndGlobalSection
	GlobalSection(ProjectConfigurationPlatforms) = postSolution
		{AD9663ED-C050-4580-B285-9C4AF363EA48}.Debug|Any CPU.ActiveCfg = Debug|Any CPU
		{AD9663ED-C050-4580-B285-9C4AF363EA48}.Debug|Any CPU.Build.0 = Debug|Any CPU
		{AD9663ED-C050-4580-B285-9C4AF363EA48}.Release|Any CPU.ActiveCfg = Release|Any CPU
		{AD9663ED-C050-4580-B285-9C4AF363EA48}.Release|Any CPU.Build.0 = Release|Any CPU
	EndGlobalSection
	GlobalSection(MonoDevelopProperties) = preSolution
		StartupItem = SocialNetworks.Services.MonoDroid.csproj
	EndGlobalSection
EndGlobal
