
Microsoft Visual Studio Solution File, Format Version 12.00
# Visual Studio 14
VisualStudioVersion = 14.0.24720.0
MinimumVisualStudioVersion = 10.0.40219.1
Project("{FAE04EC0-301F-11D3-BF4B-00C04F79EFBC}") = "CustomerPortal.Web", "CustomerPortal.Web\CustomerPortal.Web.csproj", "{66FB44CA-BF67-4B22-9BF4-0A41EC227F0B}"
EndProject
Project("{FAE04EC0-301F-11D3-BF4B-00C04F79EFBC}") = "CustomerPortal.Web.Test", "CustomerPortal.Web.Test\CustomerPortal.Web.Test.csproj", "{0AD4D49B-51FA-4811-9BFA-5982A695AC87}"
EndProject
Project("{2150E333-8FDC-42A3-9474-1A3956D46DE8}") = "Build", "Build", "{86C5F207-F192-4906-9308-771D7DCC8980}"
EndProject
Project("{FAE04EC0-301F-11D3-BF4B-00C04F79EFBC}") = "Cupertino", "Cupertino\Cupertino.csproj", "{EF63D209-CC8F-4B7D-9E64-2B59395A3CBE}"
EndProject
Project("{FAE04EC0-301F-11D3-BF4B-00C04F79EFBC}") = "Cupertino.Tests", "Cupertino.Tests\Cupertino.Tests.csproj", "{C262B8CD-4E90-4DAA-BAF7-AFFF8ECB083D}"
EndProject
Project("{FAE04EC0-301F-11D3-BF4B-00C04F79EFBC}") = "CustomerPortal.Client", "CustomerPortal.Client\CustomerPortal.Client.csproj", "{15824AAE-2D25-414E-B9FF-618DE088C9E7}"
EndProject
Project("{FAE04EC0-301F-11D3-BF4B-00C04F79EFBC}") = "CustomerPortal.Contract", "CustomerPortal.Contract\CustomerPortal.Contract.csproj", "{6A4623E1-41EF-4286-9A34-2ADC6407E94F}"
EndProject
Project("{FAE04EC0-301F-11D3-BF4B-00C04F79EFBC}") = "apcurium.MK.Common", "..\apcurium.MK.Common\apcurium.MK.Common.csproj", "{DC94CDF6-9F94-46AB-AC81-FEF5900D1D04}"
EndProject
Project("{FAE04EC0-301F-11D3-BF4B-00C04F79EFBC}") = "apcurium.MK.Common.Server", "..\Server\apcurium.MK.Common\apcurium.MK.Common.Server.csproj", "{65033050-1D55-465A-A772-F3192F9E2428}"
EndProject
Global
	GlobalSection(SolutionConfigurationPlatforms) = preSolution
		Debug|Any CPU = Debug|Any CPU
		Release|Any CPU = Release|Any CPU
	EndGlobalSection
	GlobalSection(ProjectConfigurationPlatforms) = postSolution
		{66FB44CA-BF67-4B22-9BF4-0A41EC227F0B}.Debug|Any CPU.ActiveCfg = Debug|Any CPU
		{66FB44CA-BF67-4B22-9BF4-0A41EC227F0B}.Debug|Any CPU.Build.0 = Debug|Any CPU
		{66FB44CA-BF67-4B22-9BF4-0A41EC227F0B}.Release|Any CPU.ActiveCfg = Release|Any CPU
		{66FB44CA-BF67-4B22-9BF4-0A41EC227F0B}.Release|Any CPU.Build.0 = Release|Any CPU
		{0AD4D49B-51FA-4811-9BFA-5982A695AC87}.Debug|Any CPU.ActiveCfg = Debug|Any CPU
		{0AD4D49B-51FA-4811-9BFA-5982A695AC87}.Debug|Any CPU.Build.0 = Debug|Any CPU
		{0AD4D49B-51FA-4811-9BFA-5982A695AC87}.Release|Any CPU.ActiveCfg = Release|Any CPU
		{0AD4D49B-51FA-4811-9BFA-5982A695AC87}.Release|Any CPU.Build.0 = Release|Any CPU
		{EF63D209-CC8F-4B7D-9E64-2B59395A3CBE}.Debug|Any CPU.ActiveCfg = Debug|Any CPU
		{EF63D209-CC8F-4B7D-9E64-2B59395A3CBE}.Debug|Any CPU.Build.0 = Debug|Any CPU
		{EF63D209-CC8F-4B7D-9E64-2B59395A3CBE}.Release|Any CPU.ActiveCfg = Debug|Any CPU
		{EF63D209-CC8F-4B7D-9E64-2B59395A3CBE}.Release|Any CPU.Build.0 = Debug|Any CPU
		{C262B8CD-4E90-4DAA-BAF7-AFFF8ECB083D}.Debug|Any CPU.ActiveCfg = Debug|Any CPU
		{C262B8CD-4E90-4DAA-BAF7-AFFF8ECB083D}.Debug|Any CPU.Build.0 = Debug|Any CPU
		{C262B8CD-4E90-4DAA-BAF7-AFFF8ECB083D}.Release|Any CPU.ActiveCfg = Release|Any CPU
		{C262B8CD-4E90-4DAA-BAF7-AFFF8ECB083D}.Release|Any CPU.Build.0 = Release|Any CPU
		{15824AAE-2D25-414E-B9FF-618DE088C9E7}.Debug|Any CPU.ActiveCfg = Debug|Any CPU
		{15824AAE-2D25-414E-B9FF-618DE088C9E7}.Debug|Any CPU.Build.0 = Debug|Any CPU
		{15824AAE-2D25-414E-B9FF-618DE088C9E7}.Release|Any CPU.ActiveCfg = Release|Any CPU
		{15824AAE-2D25-414E-B9FF-618DE088C9E7}.Release|Any CPU.Build.0 = Release|Any CPU
		{6A4623E1-41EF-4286-9A34-2ADC6407E94F}.Debug|Any CPU.ActiveCfg = Debug|Any CPU
		{6A4623E1-41EF-4286-9A34-2ADC6407E94F}.Debug|Any CPU.Build.0 = Debug|Any CPU
		{6A4623E1-41EF-4286-9A34-2ADC6407E94F}.Release|Any CPU.ActiveCfg = Release|Any CPU
		{6A4623E1-41EF-4286-9A34-2ADC6407E94F}.Release|Any CPU.Build.0 = Release|Any CPU
		{DC94CDF6-9F94-46AB-AC81-FEF5900D1D04}.Debug|Any CPU.ActiveCfg = Debug|Any CPU
		{DC94CDF6-9F94-46AB-AC81-FEF5900D1D04}.Debug|Any CPU.Build.0 = Debug|Any CPU
		{DC94CDF6-9F94-46AB-AC81-FEF5900D1D04}.Release|Any CPU.ActiveCfg = Release|Any CPU
		{DC94CDF6-9F94-46AB-AC81-FEF5900D1D04}.Release|Any CPU.Build.0 = Release|Any CPU
		{65033050-1D55-465A-A772-F3192F9E2428}.Debug|Any CPU.ActiveCfg = Debug|Any CPU
		{65033050-1D55-465A-A772-F3192F9E2428}.Debug|Any CPU.Build.0 = Debug|Any CPU
		{65033050-1D55-465A-A772-F3192F9E2428}.Release|Any CPU.ActiveCfg = Release|Any CPU
		{65033050-1D55-465A-A772-F3192F9E2428}.Release|Any CPU.Build.0 = Release|Any CPU
	EndGlobalSection
	GlobalSection(SolutionProperties) = preSolution
		HideSolutionNode = FALSE
	EndGlobalSection
	GlobalSection(NestedProjects) = preSolution
		{EF63D209-CC8F-4B7D-9E64-2B59395A3CBE} = {86C5F207-F192-4906-9308-771D7DCC8980}
		{C262B8CD-4E90-4DAA-BAF7-AFFF8ECB083D} = {86C5F207-F192-4906-9308-771D7DCC8980}
	EndGlobalSection
EndGlobal
